// !$*UTF8*$!
{
	archiveVersion = 1;
	classes = {
	};
	objectVersion = 46;
	objects = {

/* Begin PBXBuildFile section */
		82DFD7D3139894DA002DEF64 /* UIKit.framework in Frameworks */ = {isa = PBXBuildFile; fileRef = 82DFD7D2139894DA002DEF64 /* UIKit.framework */; };
		82DFD7D5139894DA002DEF64 /* Foundation.framework in Frameworks */ = {isa = PBXBuildFile; fileRef = 82DFD7D4139894DA002DEF64 /* Foundation.framework */; };
		82DFD7D7139894DA002DEF64 /* CoreGraphics.framework in Frameworks */ = {isa = PBXBuildFile; fileRef = 82DFD7D6139894DA002DEF64 /* CoreGraphics.framework */; };
		82DFD7DD139894DA002DEF64 /* InfoPlist.strings in Resources */ = {isa = PBXBuildFile; fileRef = 82DFD7DB139894DA002DEF64 /* InfoPlist.strings */; };
		82DFD7E0139894DA002DEF64 /* main.m in Sources */ = {isa = PBXBuildFile; fileRef = 82DFD7DF139894DA002DEF64 /* main.m */; };
		82DFD7E3139894DA002DEF64 /* TTSOverviewAppDelegate.m in Sources */ = {isa = PBXBuildFile; fileRef = 82DFD7E2139894DA002DEF64 /* TTSOverviewAppDelegate.m */; };
		82DFD7E6139894DA002DEF64 /* MainWindow.xib in Resources */ = {isa = PBXBuildFile; fileRef = 82DFD7E4139894DA002DEF64 /* MainWindow.xib */; };
		82DFD7E9139894DA002DEF64 /* TTSOverviewViewController.m in Sources */ = {isa = PBXBuildFile; fileRef = 82DFD7E8139894DA002DEF64 /* TTSOverviewViewController.m */; };
		82DFD7EC139894DA002DEF64 /* TTSOverviewViewController.xib in Resources */ = {isa = PBXBuildFile; fileRef = 82DFD7EA139894DA002DEF64 /* TTSOverviewViewController.xib */; };
		82DFD8171398B621002DEF64 /* FliteTTS.m in Sources */ = {isa = PBXBuildFile; fileRef = 82DFD8161398B621002DEF64 /* FliteTTS.m */; };
		82DFD8C61398B62A002DEF64 /* au_none.c in Sources */ = {isa = PBXBuildFile; fileRef = 82DFD8421398B62A002DEF64 /* au_none.c */; };
		82DFD8C71398B62A002DEF64 /* au_streaming.c in Sources */ = {isa = PBXBuildFile; fileRef = 82DFD8431398B62A002DEF64 /* au_streaming.c */; };
		82DFD8C81398B62A002DEF64 /* audio.c in Sources */ = {isa = PBXBuildFile; fileRef = 82DFD8441398B62A002DEF64 /* audio.c */; };
		82DFD8C91398B62A002DEF64 /* cst_alloc.c in Sources */ = {isa = PBXBuildFile; fileRef = 82DFD8451398B62A002DEF64 /* cst_alloc.c */; };
		82DFD8CA1398B62A002DEF64 /* cst_cart.c in Sources */ = {isa = PBXBuildFile; fileRef = 82DFD8461398B62A002DEF64 /* cst_cart.c */; };
		82DFD8CB1398B62A002DEF64 /* cst_cg.c in Sources */ = {isa = PBXBuildFile; fileRef = 82DFD8471398B62A002DEF64 /* cst_cg.c */; };
		82DFD8CC1398B62A002DEF64 /* cst_diphone.c in Sources */ = {isa = PBXBuildFile; fileRef = 82DFD8481398B62A002DEF64 /* cst_diphone.c */; };
		82DFD8CD1398B62A002DEF64 /* cst_endian.c in Sources */ = {isa = PBXBuildFile; fileRef = 82DFD8491398B62A002DEF64 /* cst_endian.c */; };
		82DFD8CE1398B62A002DEF64 /* cst_error.c in Sources */ = {isa = PBXBuildFile; fileRef = 82DFD84A1398B62A002DEF64 /* cst_error.c */; };
		82DFD8CF1398B62A002DEF64 /* cst_features.c in Sources */ = {isa = PBXBuildFile; fileRef = 82DFD84B1398B62A002DEF64 /* cst_features.c */; };
		82DFD8D01398B62A002DEF64 /* cst_ffeature.c in Sources */ = {isa = PBXBuildFile; fileRef = 82DFD84C1398B62A002DEF64 /* cst_ffeature.c */; };
		82DFD8D11398B62A002DEF64 /* cst_ffeatures.c in Sources */ = {isa = PBXBuildFile; fileRef = 82DFD84D1398B62A002DEF64 /* cst_ffeatures.c */; };
		82DFD8D21398B62A002DEF64 /* cst_file_stdio.c in Sources */ = {isa = PBXBuildFile; fileRef = 82DFD84E1398B62A002DEF64 /* cst_file_stdio.c */; };
		82DFD8D31398B62A002DEF64 /* cst_item.c in Sources */ = {isa = PBXBuildFile; fileRef = 82DFD84F1398B62A002DEF64 /* cst_item.c */; };
		82DFD8D41398B62A002DEF64 /* cst_lexicon.c in Sources */ = {isa = PBXBuildFile; fileRef = 82DFD8501398B62A002DEF64 /* cst_lexicon.c */; };
		82DFD8D51398B62A002DEF64 /* cst_lpcres.c in Sources */ = {isa = PBXBuildFile; fileRef = 82DFD8511398B62A002DEF64 /* cst_lpcres.c */; };
		82DFD8D61398B62A002DEF64 /* cst_lts.c in Sources */ = {isa = PBXBuildFile; fileRef = 82DFD8521398B62A002DEF64 /* cst_lts.c */; };
		82DFD8D71398B62A002DEF64 /* cst_mlpg.c in Sources */ = {isa = PBXBuildFile; fileRef = 82DFD8531398B62A002DEF64 /* cst_mlpg.c */; };
		82DFD8D81398B62A002DEF64 /* cst_mlsa.c in Sources */ = {isa = PBXBuildFile; fileRef = 82DFD8541398B62A002DEF64 /* cst_mlsa.c */; };
		82DFD8D91398B62A002DEF64 /* cst_phoneset.c in Sources */ = {isa = PBXBuildFile; fileRef = 82DFD8551398B62A002DEF64 /* cst_phoneset.c */; };
		82DFD8DA1398B62A002DEF64 /* cst_regex.c in Sources */ = {isa = PBXBuildFile; fileRef = 82DFD8561398B62A002DEF64 /* cst_regex.c */; };
		82DFD8DB1398B62A002DEF64 /* cst_relation.c in Sources */ = {isa = PBXBuildFile; fileRef = 82DFD8571398B62A002DEF64 /* cst_relation.c */; };
		82DFD8DC1398B62A002DEF64 /* cst_sigpr.c in Sources */ = {isa = PBXBuildFile; fileRef = 82DFD8581398B62A002DEF64 /* cst_sigpr.c */; };
		82DFD8DD1398B62A002DEF64 /* cst_string.c in Sources */ = {isa = PBXBuildFile; fileRef = 82DFD8591398B62A002DEF64 /* cst_string.c */; };
		82DFD8DE1398B62A002DEF64 /* cst_sts.c in Sources */ = {isa = PBXBuildFile; fileRef = 82DFD85A1398B62A002DEF64 /* cst_sts.c */; };
		82DFD8DF1398B62A002DEF64 /* cst_synth.c in Sources */ = {isa = PBXBuildFile; fileRef = 82DFD85B1398B62A002DEF64 /* cst_synth.c */; };
		82DFD8E01398B62A002DEF64 /* cst_tokenstream.c in Sources */ = {isa = PBXBuildFile; fileRef = 82DFD85C1398B62A002DEF64 /* cst_tokenstream.c */; };
		82DFD8E11398B62A002DEF64 /* cst_track.c in Sources */ = {isa = PBXBuildFile; fileRef = 82DFD85D1398B62A002DEF64 /* cst_track.c */; };
		82DFD8E21398B62A002DEF64 /* cst_units.c in Sources */ = {isa = PBXBuildFile; fileRef = 82DFD85E1398B62A002DEF64 /* cst_units.c */; };
		82DFD8E31398B62A002DEF64 /* cst_utt_utils.c in Sources */ = {isa = PBXBuildFile; fileRef = 82DFD85F1398B62A002DEF64 /* cst_utt_utils.c */; };
		82DFD8E41398B62A002DEF64 /* cst_utterance.c in Sources */ = {isa = PBXBuildFile; fileRef = 82DFD8601398B62A002DEF64 /* cst_utterance.c */; };
		82DFD8E51398B62A002DEF64 /* cst_val.c in Sources */ = {isa = PBXBuildFile; fileRef = 82DFD8611398B62A002DEF64 /* cst_val.c */; };
		82DFD8E61398B62A002DEF64 /* cst_val_const.c in Sources */ = {isa = PBXBuildFile; fileRef = 82DFD8621398B62A002DEF64 /* cst_val_const.c */; };
		82DFD8E71398B62A002DEF64 /* cst_val_user.c in Sources */ = {isa = PBXBuildFile; fileRef = 82DFD8631398B62A002DEF64 /* cst_val_user.c */; };
		82DFD8E81398B62A002DEF64 /* cst_vc.c in Sources */ = {isa = PBXBuildFile; fileRef = 82DFD8641398B62A002DEF64 /* cst_vc.c */; };
		82DFD8E91398B62A002DEF64 /* cst_voice.c in Sources */ = {isa = PBXBuildFile; fileRef = 82DFD8651398B62A002DEF64 /* cst_voice.c */; };
		82DFD8EA1398B62A002DEF64 /* cst_wave.c in Sources */ = {isa = PBXBuildFile; fileRef = 82DFD8661398B62A002DEF64 /* cst_wave.c */; };
		82DFD8EB1398B62A002DEF64 /* cst_wave_io.c in Sources */ = {isa = PBXBuildFile; fileRef = 82DFD8671398B62A002DEF64 /* cst_wave_io.c */; };
		82DFD8EC1398B62A002DEF64 /* cst_wave_utils.c in Sources */ = {isa = PBXBuildFile; fileRef = 82DFD8681398B62A002DEF64 /* cst_wave_utils.c */; };
		82DFD8ED1398B62A002DEF64 /* flite.c in Sources */ = {isa = PBXBuildFile; fileRef = 82DFD8691398B62A002DEF64 /* flite.c */; };
		82DFD8EE1398B62A002DEF64 /* rateconv.c in Sources */ = {isa = PBXBuildFile; fileRef = 82DFD86A1398B62A002DEF64 /* rateconv.c */; };
		82DFD8EF1398B62A002DEF64 /* regexp.c in Sources */ = {isa = PBXBuildFile; fileRef = 82DFD86B1398B62A002DEF64 /* regexp.c */; };
		82DFD8F01398B62A002DEF64 /* cmu_us_awb.c in Sources */ = {isa = PBXBuildFile; fileRef = 82DFD86E1398B62A002DEF64 /* cmu_us_awb.c */; };
		82DFD8F11398B62A002DEF64 /* cmu_us_awb_cg.c in Sources */ = {isa = PBXBuildFile; fileRef = 82DFD86F1398B62A002DEF64 /* cmu_us_awb_cg.c */; };
		82DFD8F21398B62A002DEF64 /* cmu_us_awb_cg_durmodel.c in Sources */ = {isa = PBXBuildFile; fileRef = 82DFD8701398B62A002DEF64 /* cmu_us_awb_cg_durmodel.c */; };
		82DFD8F31398B62B002DEF64 /* cmu_us_awb_cg_f0_trees.c in Sources */ = {isa = PBXBuildFile; fileRef = 82DFD8721398B62A002DEF64 /* cmu_us_awb_cg_f0_trees.c */; };
		82DFD8F41398B62B002DEF64 /* cmu_us_awb_cg_phonestate.c in Sources */ = {isa = PBXBuildFile; fileRef = 82DFD8741398B62A002DEF64 /* cmu_us_awb_cg_phonestate.c */; };
		82DFD8F51398B62B002DEF64 /* cmu_us_awb_cg_single_mcep_trees.c in Sources */ = {isa = PBXBuildFile; fileRef = 82DFD8751398B62A002DEF64 /* cmu_us_awb_cg_single_mcep_trees.c */; };
		82DFD8F61398B62B002DEF64 /* cmu_us_awb_cg_single_params.c in Sources */ = {isa = PBXBuildFile; fileRef = 82DFD8771398B62A002DEF64 /* cmu_us_awb_cg_single_params.c */; };
		82DFD8F71398B62B002DEF64 /* cmu_us_kal.c in Sources */ = {isa = PBXBuildFile; fileRef = 82DFD87A1398B62A002DEF64 /* cmu_us_kal.c */; };
		82DFD8F81398B62B002DEF64 /* cmu_us_kal_diphone.c in Sources */ = {isa = PBXBuildFile; fileRef = 82DFD87B1398B62A002DEF64 /* cmu_us_kal_diphone.c */; };
		82DFD8F91398B62B002DEF64 /* cmu_us_kal_lpc.c in Sources */ = {isa = PBXBuildFile; fileRef = 82DFD87C1398B62A002DEF64 /* cmu_us_kal_lpc.c */; };
		82DFD8FA1398B62B002DEF64 /* cmu_us_kal_res.c in Sources */ = {isa = PBXBuildFile; fileRef = 82DFD87D1398B62A002DEF64 /* cmu_us_kal_res.c */; };
		82DFD8FB1398B62B002DEF64 /* cmu_us_kal_residx.c in Sources */ = {isa = PBXBuildFile; fileRef = 82DFD87E1398B62A002DEF64 /* cmu_us_kal_residx.c */; };
		82DFD8FC1398B62B002DEF64 /* cmu_us_kal16.c in Sources */ = {isa = PBXBuildFile; fileRef = 82DFD8811398B62A002DEF64 /* cmu_us_kal16.c */; };
		82DFD8FD1398B62B002DEF64 /* cmu_us_kal16_diphone.c in Sources */ = {isa = PBXBuildFile; fileRef = 82DFD8821398B62A002DEF64 /* cmu_us_kal16_diphone.c */; };
		82DFD8FE1398B62B002DEF64 /* cmu_us_kal16_lpc.c in Sources */ = {isa = PBXBuildFile; fileRef = 82DFD8831398B62A002DEF64 /* cmu_us_kal16_lpc.c */; };
		82DFD8FF1398B62B002DEF64 /* cmu_us_kal16_res.c in Sources */ = {isa = PBXBuildFile; fileRef = 82DFD8841398B62A002DEF64 /* cmu_us_kal16_res.c */; };
		82DFD9001398B62B002DEF64 /* cmu_us_kal16_residx.c in Sources */ = {isa = PBXBuildFile; fileRef = 82DFD8851398B62A002DEF64 /* cmu_us_kal16_residx.c */; };
		82DFD9011398B62B002DEF64 /* cmu_us_rms.c in Sources */ = {isa = PBXBuildFile; fileRef = 82DFD8881398B62A002DEF64 /* cmu_us_rms.c */; };
		82DFD9021398B62B002DEF64 /* cmu_us_rms_cg.c in Sources */ = {isa = PBXBuildFile; fileRef = 82DFD8891398B62A002DEF64 /* cmu_us_rms_cg.c */; };
		82DFD9031398B62B002DEF64 /* cmu_us_rms_cg_durmodel.c in Sources */ = {isa = PBXBuildFile; fileRef = 82DFD88A1398B62A002DEF64 /* cmu_us_rms_cg_durmodel.c */; };
		82DFD9041398B62B002DEF64 /* cmu_us_rms_cg_f0_trees.c in Sources */ = {isa = PBXBuildFile; fileRef = 82DFD88C1398B62A002DEF64 /* cmu_us_rms_cg_f0_trees.c */; };
		82DFD9051398B62B002DEF64 /* cmu_us_rms_cg_phonestate.c in Sources */ = {isa = PBXBuildFile; fileRef = 82DFD88E1398B62A002DEF64 /* cmu_us_rms_cg_phonestate.c */; };
		82DFD9061398B62B002DEF64 /* cmu_us_rms_cg_single_mcep_trees.c in Sources */ = {isa = PBXBuildFile; fileRef = 82DFD88F1398B62A002DEF64 /* cmu_us_rms_cg_single_mcep_trees.c */; };
		82DFD9071398B62B002DEF64 /* cmu_us_rms_cg_single_params.c in Sources */ = {isa = PBXBuildFile; fileRef = 82DFD8911398B62A002DEF64 /* cmu_us_rms_cg_single_params.c */; };
		82DFD9081398B62B002DEF64 /* cmu_us_slt.c in Sources */ = {isa = PBXBuildFile; fileRef = 82DFD8951398B62A002DEF64 /* cmu_us_slt.c */; };
		82DFD9091398B62B002DEF64 /* cmu_us_slt_cg.c in Sources */ = {isa = PBXBuildFile; fileRef = 82DFD8961398B62A002DEF64 /* cmu_us_slt_cg.c */; };
		82DFD90A1398B62B002DEF64 /* cmu_us_slt_cg_durmodel.c in Sources */ = {isa = PBXBuildFile; fileRef = 82DFD8971398B62A002DEF64 /* cmu_us_slt_cg_durmodel.c */; };
		82DFD90B1398B62B002DEF64 /* cmu_us_slt_cg_f0_trees.c in Sources */ = {isa = PBXBuildFile; fileRef = 82DFD8991398B62A002DEF64 /* cmu_us_slt_cg_f0_trees.c */; };
		82DFD90C1398B62B002DEF64 /* cmu_us_slt_cg_phonestate.c in Sources */ = {isa = PBXBuildFile; fileRef = 82DFD89B1398B62A002DEF64 /* cmu_us_slt_cg_phonestate.c */; };
		82DFD90D1398B62B002DEF64 /* cmu_us_slt_cg_single_mcep_trees.c in Sources */ = {isa = PBXBuildFile; fileRef = 82DFD89C1398B62A002DEF64 /* cmu_us_slt_cg_single_mcep_trees.c */; };
		82DFD90E1398B62B002DEF64 /* cmu_us_slt_cg_single_params.c in Sources */ = {isa = PBXBuildFile; fileRef = 82DFD89E1398B62A002DEF64 /* cmu_us_slt_cg_single_params.c */; };
		82DFD90F1398B62B002DEF64 /* cmu_lex.c in Sources */ = {isa = PBXBuildFile; fileRef = 82DFD8A11398B62A002DEF64 /* cmu_lex.c */; };
		82DFD9101398B62B002DEF64 /* cmu_lex_data.c in Sources */ = {isa = PBXBuildFile; fileRef = 82DFD8A31398B62A002DEF64 /* cmu_lex_data.c */; };
		82DFD9111398B62B002DEF64 /* cmu_lex_entries.c in Sources */ = {isa = PBXBuildFile; fileRef = 82DFD8A41398B62A002DEF64 /* cmu_lex_entries.c */; };
		82DFD9121398B62B002DEF64 /* cmu_lts_model.c in Sources */ = {isa = PBXBuildFile; fileRef = 82DFD8A51398B62A002DEF64 /* cmu_lts_model.c */; };
		82DFD9131398B62B002DEF64 /* cmu_lts_rules.c in Sources */ = {isa = PBXBuildFile; fileRef = 82DFD8A71398B62A002DEF64 /* cmu_lts_rules.c */; };
		82DFD9141398B62B002DEF64 /* cmu_postlex.c in Sources */ = {isa = PBXBuildFile; fileRef = 82DFD8A81398B62A002DEF64 /* cmu_postlex.c */; };
		82DFD9151398B62B002DEF64 /* us_aswd.c in Sources */ = {isa = PBXBuildFile; fileRef = 82DFD8AA1398B62A002DEF64 /* us_aswd.c */; };
		82DFD9161398B62B002DEF64 /* us_dur_stats.c in Sources */ = {isa = PBXBuildFile; fileRef = 82DFD8AB1398B62A002DEF64 /* us_dur_stats.c */; };
		82DFD9171398B62B002DEF64 /* us_durz_cart.c in Sources */ = {isa = PBXBuildFile; fileRef = 82DFD8AC1398B62A002DEF64 /* us_durz_cart.c */; };
		82DFD9181398B62B002DEF64 /* us_expand.c in Sources */ = {isa = PBXBuildFile; fileRef = 82DFD8AE1398B62A002DEF64 /* us_expand.c */; };
		82DFD9191398B62B002DEF64 /* us_f0_model.c in Sources */ = {isa = PBXBuildFile; fileRef = 82DFD8B01398B62A002DEF64 /* us_f0_model.c */; };
		82DFD91A1398B62B002DEF64 /* us_f0lr.c in Sources */ = {isa = PBXBuildFile; fileRef = 82DFD8B11398B62A002DEF64 /* us_f0lr.c */; };
		82DFD91B1398B62B002DEF64 /* us_ffeatures.c in Sources */ = {isa = PBXBuildFile; fileRef = 82DFD8B21398B62A002DEF64 /* us_ffeatures.c */; };
		82DFD91C1398B62B002DEF64 /* us_gpos.c in Sources */ = {isa = PBXBuildFile; fileRef = 82DFD8B41398B62A002DEF64 /* us_gpos.c */; };
		82DFD91D1398B62B002DEF64 /* us_int_accent_cart.c in Sources */ = {isa = PBXBuildFile; fileRef = 82DFD8B51398B62A002DEF64 /* us_int_accent_cart.c */; };
		82DFD91E1398B62B002DEF64 /* us_int_tone_cart.c in Sources */ = {isa = PBXBuildFile; fileRef = 82DFD8B71398B62A002DEF64 /* us_int_tone_cart.c */; };
		82DFD91F1398B62B002DEF64 /* us_nums_cart.c in Sources */ = {isa = PBXBuildFile; fileRef = 82DFD8B91398B62A002DEF64 /* us_nums_cart.c */; };
		82DFD9201398B62B002DEF64 /* us_phoneset.c in Sources */ = {isa = PBXBuildFile; fileRef = 82DFD8BB1398B62A002DEF64 /* us_phoneset.c */; };
		82DFD9211398B62B002DEF64 /* us_phrasing_cart.c in Sources */ = {isa = PBXBuildFile; fileRef = 82DFD8BC1398B62A002DEF64 /* us_phrasing_cart.c */; };
		82DFD9221398B62B002DEF64 /* us_pos.tree in Resources */ = {isa = PBXBuildFile; fileRef = 82DFD8BE1398B62A002DEF64 /* us_pos.tree */; };
		82DFD9231398B62B002DEF64 /* us_pos_cart.c in Sources */ = {isa = PBXBuildFile; fileRef = 82DFD8BF1398B62A002DEF64 /* us_pos_cart.c */; };
		82DFD9241398B62B002DEF64 /* us_text.c in Sources */ = {isa = PBXBuildFile; fileRef = 82DFD8C21398B62A002DEF64 /* us_text.c */; };
		82DFD9251398B62B002DEF64 /* usenglish.c in Sources */ = {isa = PBXBuildFile; fileRef = 82DFD8C41398B62A002DEF64 /* usenglish.c */; };
		82DFD9271398B81D002DEF64 /* AVFoundation.framework in Frameworks */ = {isa = PBXBuildFile; fileRef = 82DFD9261398B81C002DEF64 /* AVFoundation.framework */; };
/* End PBXBuildFile section */

/* Begin PBXFileReference section */
		82DFD7CE139894DA002DEF64 /* TTSOverview.app */ = {isa = PBXFileReference; explicitFileType = wrapper.application; includeInIndex = 0; path = TTSOverview.app; sourceTree = BUILT_PRODUCTS_DIR; };
		82DFD7D2139894DA002DEF64 /* UIKit.framework */ = {isa = PBXFileReference; lastKnownFileType = wrapper.framework; name = UIKit.framework; path = System/Library/Frameworks/UIKit.framework; sourceTree = SDKROOT; };
		82DFD7D4139894DA002DEF64 /* Foundation.framework */ = {isa = PBXFileReference; lastKnownFileType = wrapper.framework; name = Foundation.framework; path = System/Library/Frameworks/Foundation.framework; sourceTree = SDKROOT; };
		82DFD7D6139894DA002DEF64 /* CoreGraphics.framework */ = {isa = PBXFileReference; lastKnownFileType = wrapper.framework; name = CoreGraphics.framework; path = System/Library/Frameworks/CoreGraphics.framework; sourceTree = SDKROOT; };
		82DFD7DA139894DA002DEF64 /* TTSOverview-Info.plist */ = {isa = PBXFileReference; lastKnownFileType = text.plist.xml; path = "TTSOverview-Info.plist"; sourceTree = "<group>"; };
		82DFD7DC139894DA002DEF64 /* en */ = {isa = PBXFileReference; lastKnownFileType = text.plist.strings; name = en; path = en.lproj/InfoPlist.strings; sourceTree = "<group>"; };
		82DFD7DE139894DA002DEF64 /* TTSOverview-Prefix.pch */ = {isa = PBXFileReference; lastKnownFileType = sourcecode.c.h; path = "TTSOverview-Prefix.pch"; sourceTree = "<group>"; };
		82DFD7DF139894DA002DEF64 /* main.m */ = {isa = PBXFileReference; lastKnownFileType = sourcecode.c.objc; path = main.m; sourceTree = "<group>"; };
		82DFD7E1139894DA002DEF64 /* TTSOverviewAppDelegate.h */ = {isa = PBXFileReference; lastKnownFileType = sourcecode.c.h; path = TTSOverviewAppDelegate.h; sourceTree = "<group>"; };
		82DFD7E2139894DA002DEF64 /* TTSOverviewAppDelegate.m */ = {isa = PBXFileReference; lastKnownFileType = sourcecode.c.objc; path = TTSOverviewAppDelegate.m; sourceTree = "<group>"; };
		82DFD7E5139894DA002DEF64 /* en */ = {isa = PBXFileReference; lastKnownFileType = file.xib; name = en; path = en.lproj/MainWindow.xib; sourceTree = "<group>"; };
		82DFD7E7139894DA002DEF64 /* TTSOverviewViewController.h */ = {isa = PBXFileReference; lastKnownFileType = sourcecode.c.h; path = TTSOverviewViewController.h; sourceTree = "<group>"; };
		82DFD7E8139894DA002DEF64 /* TTSOverviewViewController.m */ = {isa = PBXFileReference; lastKnownFileType = sourcecode.c.objc; path = TTSOverviewViewController.m; sourceTree = "<group>"; };
		82DFD7EB139894DA002DEF64 /* en */ = {isa = PBXFileReference; lastKnownFileType = file.xib; name = en; path = en.lproj/TTSOverviewViewController.xib; sourceTree = "<group>"; };
		82DFD8151398B621002DEF64 /* FliteTTS.h */ = {isa = PBXFileReference; fileEncoding = 4; lastKnownFileType = sourcecode.c.h; name = FliteTTS.h; path = ../../eyesfree_dev/HelloWorld/Classes/FliteTTS.h; sourceTree = "<group>"; };
		82DFD8161398B621002DEF64 /* FliteTTS.m */ = {isa = PBXFileReference; fileEncoding = 4; lastKnownFileType = sourcecode.c.objc; name = FliteTTS.m; path = ../../eyesfree_dev/HelloWorld/Classes/FliteTTS.m; sourceTree = "<group>"; };
		82DFD81A1398B62A002DEF64 /* cst_alloc.h */ = {isa = PBXFileReference; fileEncoding = 4; lastKnownFileType = sourcecode.c.h; path = cst_alloc.h; sourceTree = "<group>"; };
		82DFD81B1398B62A002DEF64 /* cst_audio.h */ = {isa = PBXFileReference; fileEncoding = 4; lastKnownFileType = sourcecode.c.h; path = cst_audio.h; sourceTree = "<group>"; };
		82DFD81C1398B62A002DEF64 /* cst_cart.h */ = {isa = PBXFileReference; fileEncoding = 4; lastKnownFileType = sourcecode.c.h; path = cst_cart.h; sourceTree = "<group>"; };
		82DFD81D1398B62A002DEF64 /* cst_cg.h */ = {isa = PBXFileReference; fileEncoding = 4; lastKnownFileType = sourcecode.c.h; path = cst_cg.h; sourceTree = "<group>"; };
		82DFD81E1398B62A002DEF64 /* cst_diphone.h */ = {isa = PBXFileReference; fileEncoding = 4; lastKnownFileType = sourcecode.c.h; path = cst_diphone.h; sourceTree = "<group>"; };
		82DFD81F1398B62A002DEF64 /* cst_endian.h */ = {isa = PBXFileReference; fileEncoding = 4; lastKnownFileType = sourcecode.c.h; path = cst_endian.h; sourceTree = "<group>"; };
		82DFD8201398B62A002DEF64 /* cst_error.h */ = {isa = PBXFileReference; fileEncoding = 4; lastKnownFileType = sourcecode.c.h; path = cst_error.h; sourceTree = "<group>"; };
		82DFD8211398B62A002DEF64 /* cst_features.h */ = {isa = PBXFileReference; fileEncoding = 4; lastKnownFileType = sourcecode.c.h; path = cst_features.h; sourceTree = "<group>"; };
		82DFD8221398B62A002DEF64 /* cst_ffeatures.h */ = {isa = PBXFileReference; fileEncoding = 4; lastKnownFileType = sourcecode.c.h; path = cst_ffeatures.h; sourceTree = "<group>"; };
		82DFD8231398B62A002DEF64 /* cst_file.h */ = {isa = PBXFileReference; fileEncoding = 4; lastKnownFileType = sourcecode.c.h; path = cst_file.h; sourceTree = "<group>"; };
		82DFD8241398B62A002DEF64 /* cst_hrg.h */ = {isa = PBXFileReference; fileEncoding = 4; lastKnownFileType = sourcecode.c.h; path = cst_hrg.h; sourceTree = "<group>"; };
		82DFD8251398B62A002DEF64 /* cst_item.h */ = {isa = PBXFileReference; fileEncoding = 4; lastKnownFileType = sourcecode.c.h; path = cst_item.h; sourceTree = "<group>"; };
		82DFD8261398B62A002DEF64 /* cst_lexicon.h */ = {isa = PBXFileReference; fileEncoding = 4; lastKnownFileType = sourcecode.c.h; path = cst_lexicon.h; sourceTree = "<group>"; };
		82DFD8271398B62A002DEF64 /* cst_lts.h */ = {isa = PBXFileReference; fileEncoding = 4; lastKnownFileType = sourcecode.c.h; path = cst_lts.h; sourceTree = "<group>"; };
		82DFD8281398B62A002DEF64 /* cst_math.h */ = {isa = PBXFileReference; fileEncoding = 4; lastKnownFileType = sourcecode.c.h; path = cst_math.h; sourceTree = "<group>"; };
		82DFD8291398B62A002DEF64 /* cst_mlpg.h */ = {isa = PBXFileReference; fileEncoding = 4; lastKnownFileType = sourcecode.c.h; path = cst_mlpg.h; sourceTree = "<group>"; };
		82DFD82A1398B62A002DEF64 /* cst_mlsa.h */ = {isa = PBXFileReference; fileEncoding = 4; lastKnownFileType = sourcecode.c.h; path = cst_mlsa.h; sourceTree = "<group>"; };
		82DFD82B1398B62A002DEF64 /* cst_phoneset.h */ = {isa = PBXFileReference; fileEncoding = 4; lastKnownFileType = sourcecode.c.h; path = cst_phoneset.h; sourceTree = "<group>"; };
		82DFD82C1398B62A002DEF64 /* cst_regex.h */ = {isa = PBXFileReference; fileEncoding = 4; lastKnownFileType = sourcecode.c.h; path = cst_regex.h; sourceTree = "<group>"; };
		82DFD82D1398B62A002DEF64 /* cst_regex_defs.h */ = {isa = PBXFileReference; fileEncoding = 4; lastKnownFileType = sourcecode.c.h; path = cst_regex_defs.h; sourceTree = "<group>"; };
		82DFD82E1398B62A002DEF64 /* cst_relation.h */ = {isa = PBXFileReference; fileEncoding = 4; lastKnownFileType = sourcecode.c.h; path = cst_relation.h; sourceTree = "<group>"; };
		82DFD82F1398B62A002DEF64 /* cst_sigpr.h */ = {isa = PBXFileReference; fileEncoding = 4; lastKnownFileType = sourcecode.c.h; path = cst_sigpr.h; sourceTree = "<group>"; };
		82DFD8301398B62A002DEF64 /* cst_string.h */ = {isa = PBXFileReference; fileEncoding = 4; lastKnownFileType = sourcecode.c.h; path = cst_string.h; sourceTree = "<group>"; };
		82DFD8311398B62A002DEF64 /* cst_sts.h */ = {isa = PBXFileReference; fileEncoding = 4; lastKnownFileType = sourcecode.c.h; path = cst_sts.h; sourceTree = "<group>"; };
		82DFD8321398B62A002DEF64 /* cst_synth.h */ = {isa = PBXFileReference; fileEncoding = 4; lastKnownFileType = sourcecode.c.h; path = cst_synth.h; sourceTree = "<group>"; };
		82DFD8331398B62A002DEF64 /* cst_tokenstream.h */ = {isa = PBXFileReference; fileEncoding = 4; lastKnownFileType = sourcecode.c.h; path = cst_tokenstream.h; sourceTree = "<group>"; };
		82DFD8341398B62A002DEF64 /* cst_track.h */ = {isa = PBXFileReference; fileEncoding = 4; lastKnownFileType = sourcecode.c.h; path = cst_track.h; sourceTree = "<group>"; };
		82DFD8351398B62A002DEF64 /* cst_units.h */ = {isa = PBXFileReference; fileEncoding = 4; lastKnownFileType = sourcecode.c.h; path = cst_units.h; sourceTree = "<group>"; };
		82DFD8361398B62A002DEF64 /* cst_utt_utils.h */ = {isa = PBXFileReference; fileEncoding = 4; lastKnownFileType = sourcecode.c.h; path = cst_utt_utils.h; sourceTree = "<group>"; };
		82DFD8371398B62A002DEF64 /* cst_utterance.h */ = {isa = PBXFileReference; fileEncoding = 4; lastKnownFileType = sourcecode.c.h; path = cst_utterance.h; sourceTree = "<group>"; };
		82DFD8381398B62A002DEF64 /* cst_val.h */ = {isa = PBXFileReference; fileEncoding = 4; lastKnownFileType = sourcecode.c.h; path = cst_val.h; sourceTree = "<group>"; };
		82DFD8391398B62A002DEF64 /* cst_val_const.h */ = {isa = PBXFileReference; fileEncoding = 4; lastKnownFileType = sourcecode.c.h; path = cst_val_const.h; sourceTree = "<group>"; };
		82DFD83A1398B62A002DEF64 /* cst_val_defs.h */ = {isa = PBXFileReference; fileEncoding = 4; lastKnownFileType = sourcecode.c.h; path = cst_val_defs.h; sourceTree = "<group>"; };
		82DFD83B1398B62A002DEF64 /* cst_vc.h */ = {isa = PBXFileReference; fileEncoding = 4; lastKnownFileType = sourcecode.c.h; path = cst_vc.h; sourceTree = "<group>"; };
		82DFD83C1398B62A002DEF64 /* cst_viterbi.h */ = {isa = PBXFileReference; fileEncoding = 4; lastKnownFileType = sourcecode.c.h; path = cst_viterbi.h; sourceTree = "<group>"; };
		82DFD83D1398B62A002DEF64 /* cst_voice.h */ = {isa = PBXFileReference; fileEncoding = 4; lastKnownFileType = sourcecode.c.h; path = cst_voice.h; sourceTree = "<group>"; };
		82DFD83E1398B62A002DEF64 /* cst_wave.h */ = {isa = PBXFileReference; fileEncoding = 4; lastKnownFileType = sourcecode.c.h; path = cst_wave.h; sourceTree = "<group>"; };
		82DFD83F1398B62A002DEF64 /* flite.h */ = {isa = PBXFileReference; fileEncoding = 4; lastKnownFileType = sourcecode.c.h; path = flite.h; sourceTree = "<group>"; };
		82DFD8401398B62A002DEF64 /* native_audio.h */ = {isa = PBXFileReference; fileEncoding = 4; lastKnownFileType = sourcecode.c.h; path = native_audio.h; sourceTree = "<group>"; };
		82DFD8421398B62A002DEF64 /* au_none.c */ = {isa = PBXFileReference; fileEncoding = 4; lastKnownFileType = sourcecode.c.c; path = au_none.c; sourceTree = "<group>"; };
		82DFD8431398B62A002DEF64 /* au_streaming.c */ = {isa = PBXFileReference; fileEncoding = 4; lastKnownFileType = sourcecode.c.c; path = au_streaming.c; sourceTree = "<group>"; };
		82DFD8441398B62A002DEF64 /* audio.c */ = {isa = PBXFileReference; fileEncoding = 4; lastKnownFileType = sourcecode.c.c; path = audio.c; sourceTree = "<group>"; };
		82DFD8451398B62A002DEF64 /* cst_alloc.c */ = {isa = PBXFileReference; fileEncoding = 4; lastKnownFileType = sourcecode.c.c; path = cst_alloc.c; sourceTree = "<group>"; };
		82DFD8461398B62A002DEF64 /* cst_cart.c */ = {isa = PBXFileReference; fileEncoding = 4; lastKnownFileType = sourcecode.c.c; path = cst_cart.c; sourceTree = "<group>"; };
		82DFD8471398B62A002DEF64 /* cst_cg.c */ = {isa = PBXFileReference; fileEncoding = 4; lastKnownFileType = sourcecode.c.c; path = cst_cg.c; sourceTree = "<group>"; };
		82DFD8481398B62A002DEF64 /* cst_diphone.c */ = {isa = PBXFileReference; fileEncoding = 4; lastKnownFileType = sourcecode.c.c; path = cst_diphone.c; sourceTree = "<group>"; };
		82DFD8491398B62A002DEF64 /* cst_endian.c */ = {isa = PBXFileReference; fileEncoding = 4; lastKnownFileType = sourcecode.c.c; path = cst_endian.c; sourceTree = "<group>"; };
		82DFD84A1398B62A002DEF64 /* cst_error.c */ = {isa = PBXFileReference; fileEncoding = 4; lastKnownFileType = sourcecode.c.c; path = cst_error.c; sourceTree = "<group>"; };
		82DFD84B1398B62A002DEF64 /* cst_features.c */ = {isa = PBXFileReference; fileEncoding = 4; lastKnownFileType = sourcecode.c.c; path = cst_features.c; sourceTree = "<group>"; };
		82DFD84C1398B62A002DEF64 /* cst_ffeature.c */ = {isa = PBXFileReference; fileEncoding = 4; lastKnownFileType = sourcecode.c.c; path = cst_ffeature.c; sourceTree = "<group>"; };
		82DFD84D1398B62A002DEF64 /* cst_ffeatures.c */ = {isa = PBXFileReference; fileEncoding = 4; lastKnownFileType = sourcecode.c.c; path = cst_ffeatures.c; sourceTree = "<group>"; };
		82DFD84E1398B62A002DEF64 /* cst_file_stdio.c */ = {isa = PBXFileReference; fileEncoding = 4; lastKnownFileType = sourcecode.c.c; path = cst_file_stdio.c; sourceTree = "<group>"; };
		82DFD84F1398B62A002DEF64 /* cst_item.c */ = {isa = PBXFileReference; fileEncoding = 4; lastKnownFileType = sourcecode.c.c; path = cst_item.c; sourceTree = "<group>"; };
		82DFD8501398B62A002DEF64 /* cst_lexicon.c */ = {isa = PBXFileReference; fileEncoding = 4; lastKnownFileType = sourcecode.c.c; path = cst_lexicon.c; sourceTree = "<group>"; };
		82DFD8511398B62A002DEF64 /* cst_lpcres.c */ = {isa = PBXFileReference; fileEncoding = 4; lastKnownFileType = sourcecode.c.c; path = cst_lpcres.c; sourceTree = "<group>"; };
		82DFD8521398B62A002DEF64 /* cst_lts.c */ = {isa = PBXFileReference; fileEncoding = 4; lastKnownFileType = sourcecode.c.c; path = cst_lts.c; sourceTree = "<group>"; };
		82DFD8531398B62A002DEF64 /* cst_mlpg.c */ = {isa = PBXFileReference; fileEncoding = 4; lastKnownFileType = sourcecode.c.c; path = cst_mlpg.c; sourceTree = "<group>"; };
		82DFD8541398B62A002DEF64 /* cst_mlsa.c */ = {isa = PBXFileReference; fileEncoding = 4; lastKnownFileType = sourcecode.c.c; path = cst_mlsa.c; sourceTree = "<group>"; };
		82DFD8551398B62A002DEF64 /* cst_phoneset.c */ = {isa = PBXFileReference; fileEncoding = 4; lastKnownFileType = sourcecode.c.c; path = cst_phoneset.c; sourceTree = "<group>"; };
		82DFD8561398B62A002DEF64 /* cst_regex.c */ = {isa = PBXFileReference; fileEncoding = 4; lastKnownFileType = sourcecode.c.c; path = cst_regex.c; sourceTree = "<group>"; };
		82DFD8571398B62A002DEF64 /* cst_relation.c */ = {isa = PBXFileReference; fileEncoding = 4; lastKnownFileType = sourcecode.c.c; path = cst_relation.c; sourceTree = "<group>"; };
		82DFD8581398B62A002DEF64 /* cst_sigpr.c */ = {isa = PBXFileReference; fileEncoding = 4; lastKnownFileType = sourcecode.c.c; path = cst_sigpr.c; sourceTree = "<group>"; };
		82DFD8591398B62A002DEF64 /* cst_string.c */ = {isa = PBXFileReference; fileEncoding = 4; lastKnownFileType = sourcecode.c.c; path = cst_string.c; sourceTree = "<group>"; };
		82DFD85A1398B62A002DEF64 /* cst_sts.c */ = {isa = PBXFileReference; fileEncoding = 4; lastKnownFileType = sourcecode.c.c; path = cst_sts.c; sourceTree = "<group>"; };
		82DFD85B1398B62A002DEF64 /* cst_synth.c */ = {isa = PBXFileReference; fileEncoding = 4; lastKnownFileType = sourcecode.c.c; path = cst_synth.c; sourceTree = "<group>"; };
		82DFD85C1398B62A002DEF64 /* cst_tokenstream.c */ = {isa = PBXFileReference; fileEncoding = 4; lastKnownFileType = sourcecode.c.c; path = cst_tokenstream.c; sourceTree = "<group>"; };
		82DFD85D1398B62A002DEF64 /* cst_track.c */ = {isa = PBXFileReference; fileEncoding = 4; lastKnownFileType = sourcecode.c.c; path = cst_track.c; sourceTree = "<group>"; };
		82DFD85E1398B62A002DEF64 /* cst_units.c */ = {isa = PBXFileReference; fileEncoding = 4; lastKnownFileType = sourcecode.c.c; path = cst_units.c; sourceTree = "<group>"; };
		82DFD85F1398B62A002DEF64 /* cst_utt_utils.c */ = {isa = PBXFileReference; fileEncoding = 4; lastKnownFileType = sourcecode.c.c; path = cst_utt_utils.c; sourceTree = "<group>"; };
		82DFD8601398B62A002DEF64 /* cst_utterance.c */ = {isa = PBXFileReference; fileEncoding = 4; lastKnownFileType = sourcecode.c.c; path = cst_utterance.c; sourceTree = "<group>"; };
		82DFD8611398B62A002DEF64 /* cst_val.c */ = {isa = PBXFileReference; fileEncoding = 4; lastKnownFileType = sourcecode.c.c; path = cst_val.c; sourceTree = "<group>"; };
		82DFD8621398B62A002DEF64 /* cst_val_const.c */ = {isa = PBXFileReference; fileEncoding = 4; lastKnownFileType = sourcecode.c.c; path = cst_val_const.c; sourceTree = "<group>"; };
		82DFD8631398B62A002DEF64 /* cst_val_user.c */ = {isa = PBXFileReference; fileEncoding = 4; lastKnownFileType = sourcecode.c.c; path = cst_val_user.c; sourceTree = "<group>"; };
		82DFD8641398B62A002DEF64 /* cst_vc.c */ = {isa = PBXFileReference; fileEncoding = 4; lastKnownFileType = sourcecode.c.c; path = cst_vc.c; sourceTree = "<group>"; };
		82DFD8651398B62A002DEF64 /* cst_voice.c */ = {isa = PBXFileReference; fileEncoding = 4; lastKnownFileType = sourcecode.c.c; path = cst_voice.c; sourceTree = "<group>"; };
		82DFD8661398B62A002DEF64 /* cst_wave.c */ = {isa = PBXFileReference; fileEncoding = 4; lastKnownFileType = sourcecode.c.c; path = cst_wave.c; sourceTree = "<group>"; };
		82DFD8671398B62A002DEF64 /* cst_wave_io.c */ = {isa = PBXFileReference; fileEncoding = 4; lastKnownFileType = sourcecode.c.c; path = cst_wave_io.c; sourceTree = "<group>"; };
		82DFD8681398B62A002DEF64 /* cst_wave_utils.c */ = {isa = PBXFileReference; fileEncoding = 4; lastKnownFileType = sourcecode.c.c; path = cst_wave_utils.c; sourceTree = "<group>"; };
		82DFD8691398B62A002DEF64 /* flite.c */ = {isa = PBXFileReference; fileEncoding = 4; lastKnownFileType = sourcecode.c.c; path = flite.c; sourceTree = "<group>"; };
		82DFD86A1398B62A002DEF64 /* rateconv.c */ = {isa = PBXFileReference; fileEncoding = 4; lastKnownFileType = sourcecode.c.c; path = rateconv.c; sourceTree = "<group>"; };
		82DFD86B1398B62A002DEF64 /* regexp.c */ = {isa = PBXFileReference; fileEncoding = 4; lastKnownFileType = sourcecode.c.c; path = regexp.c; sourceTree = "<group>"; };
		82DFD86E1398B62A002DEF64 /* cmu_us_awb.c */ = {isa = PBXFileReference; fileEncoding = 4; lastKnownFileType = sourcecode.c.c; path = cmu_us_awb.c; sourceTree = "<group>"; };
		82DFD86F1398B62A002DEF64 /* cmu_us_awb_cg.c */ = {isa = PBXFileReference; fileEncoding = 4; lastKnownFileType = sourcecode.c.c; path = cmu_us_awb_cg.c; sourceTree = "<group>"; };
		82DFD8701398B62A002DEF64 /* cmu_us_awb_cg_durmodel.c */ = {isa = PBXFileReference; fileEncoding = 4; lastKnownFileType = sourcecode.c.c; path = cmu_us_awb_cg_durmodel.c; sourceTree = "<group>"; };
		82DFD8711398B62A002DEF64 /* cmu_us_awb_cg_durmodel.h */ = {isa = PBXFileReference; fileEncoding = 4; lastKnownFileType = sourcecode.c.h; path = cmu_us_awb_cg_durmodel.h; sourceTree = "<group>"; };
		82DFD8721398B62A002DEF64 /* cmu_us_awb_cg_f0_trees.c */ = {isa = PBXFileReference; fileEncoding = 4; lastKnownFileType = sourcecode.c.c; path = cmu_us_awb_cg_f0_trees.c; sourceTree = "<group>"; };
		82DFD8731398B62A002DEF64 /* cmu_us_awb_cg_f0_trees.h */ = {isa = PBXFileReference; fileEncoding = 4; lastKnownFileType = sourcecode.c.h; path = cmu_us_awb_cg_f0_trees.h; sourceTree = "<group>"; };
		82DFD8741398B62A002DEF64 /* cmu_us_awb_cg_phonestate.c */ = {isa = PBXFileReference; fileEncoding = 4; lastKnownFileType = sourcecode.c.c; path = cmu_us_awb_cg_phonestate.c; sourceTree = "<group>"; };
		82DFD8751398B62A002DEF64 /* cmu_us_awb_cg_single_mcep_trees.c */ = {isa = PBXFileReference; fileEncoding = 4; lastKnownFileType = sourcecode.c.c; path = cmu_us_awb_cg_single_mcep_trees.c; sourceTree = "<group>"; };
		82DFD8761398B62A002DEF64 /* cmu_us_awb_cg_single_mcep_trees.h */ = {isa = PBXFileReference; fileEncoding = 4; lastKnownFileType = sourcecode.c.h; path = cmu_us_awb_cg_single_mcep_trees.h; sourceTree = "<group>"; };
		82DFD8771398B62A002DEF64 /* cmu_us_awb_cg_single_params.c */ = {isa = PBXFileReference; fileEncoding = 4; lastKnownFileType = sourcecode.c.c; path = cmu_us_awb_cg_single_params.c; sourceTree = "<group>"; };
		82DFD8781398B62A002DEF64 /* voxdefs.h */ = {isa = PBXFileReference; fileEncoding = 4; lastKnownFileType = sourcecode.c.h; path = voxdefs.h; sourceTree = "<group>"; };
		82DFD87A1398B62A002DEF64 /* cmu_us_kal.c */ = {isa = PBXFileReference; fileEncoding = 4; lastKnownFileType = sourcecode.c.c; path = cmu_us_kal.c; sourceTree = "<group>"; };
		82DFD87B1398B62A002DEF64 /* cmu_us_kal_diphone.c */ = {isa = PBXFileReference; fileEncoding = 4; lastKnownFileType = sourcecode.c.c; path = cmu_us_kal_diphone.c; sourceTree = "<group>"; };
		82DFD87C1398B62A002DEF64 /* cmu_us_kal_lpc.c */ = {isa = PBXFileReference; fileEncoding = 4; lastKnownFileType = sourcecode.c.c; path = cmu_us_kal_lpc.c; sourceTree = "<group>"; };
		82DFD87D1398B62A002DEF64 /* cmu_us_kal_res.c */ = {isa = PBXFileReference; fileEncoding = 4; lastKnownFileType = sourcecode.c.c; path = cmu_us_kal_res.c; sourceTree = "<group>"; };
		82DFD87E1398B62A002DEF64 /* cmu_us_kal_residx.c */ = {isa = PBXFileReference; fileEncoding = 4; lastKnownFileType = sourcecode.c.c; path = cmu_us_kal_residx.c; sourceTree = "<group>"; };
		82DFD87F1398B62A002DEF64 /* voxdefs.h */ = {isa = PBXFileReference; fileEncoding = 4; lastKnownFileType = sourcecode.c.h; path = voxdefs.h; sourceTree = "<group>"; };
		82DFD8811398B62A002DEF64 /* cmu_us_kal16.c */ = {isa = PBXFileReference; fileEncoding = 4; lastKnownFileType = sourcecode.c.c; path = cmu_us_kal16.c; sourceTree = "<group>"; };
		82DFD8821398B62A002DEF64 /* cmu_us_kal16_diphone.c */ = {isa = PBXFileReference; fileEncoding = 4; lastKnownFileType = sourcecode.c.c; path = cmu_us_kal16_diphone.c; sourceTree = "<group>"; };
		82DFD8831398B62A002DEF64 /* cmu_us_kal16_lpc.c */ = {isa = PBXFileReference; fileEncoding = 4; lastKnownFileType = sourcecode.c.c; path = cmu_us_kal16_lpc.c; sourceTree = "<group>"; };
		82DFD8841398B62A002DEF64 /* cmu_us_kal16_res.c */ = {isa = PBXFileReference; fileEncoding = 4; lastKnownFileType = sourcecode.c.c; path = cmu_us_kal16_res.c; sourceTree = "<group>"; };
		82DFD8851398B62A002DEF64 /* cmu_us_kal16_residx.c */ = {isa = PBXFileReference; fileEncoding = 4; lastKnownFileType = sourcecode.c.c; path = cmu_us_kal16_residx.c; sourceTree = "<group>"; };
		82DFD8861398B62A002DEF64 /* voxdefs.h */ = {isa = PBXFileReference; fileEncoding = 4; lastKnownFileType = sourcecode.c.h; path = voxdefs.h; sourceTree = "<group>"; };
		82DFD8881398B62A002DEF64 /* cmu_us_rms.c */ = {isa = PBXFileReference; fileEncoding = 4; lastKnownFileType = sourcecode.c.c; path = cmu_us_rms.c; sourceTree = "<group>"; };
		82DFD8891398B62A002DEF64 /* cmu_us_rms_cg.c */ = {isa = PBXFileReference; fileEncoding = 4; lastKnownFileType = sourcecode.c.c; path = cmu_us_rms_cg.c; sourceTree = "<group>"; };
		82DFD88A1398B62A002DEF64 /* cmu_us_rms_cg_durmodel.c */ = {isa = PBXFileReference; fileEncoding = 4; lastKnownFileType = sourcecode.c.c; path = cmu_us_rms_cg_durmodel.c; sourceTree = "<group>"; };
		82DFD88B1398B62A002DEF64 /* cmu_us_rms_cg_durmodel.h */ = {isa = PBXFileReference; fileEncoding = 4; lastKnownFileType = sourcecode.c.h; path = cmu_us_rms_cg_durmodel.h; sourceTree = "<group>"; };
		82DFD88C1398B62A002DEF64 /* cmu_us_rms_cg_f0_trees.c */ = {isa = PBXFileReference; fileEncoding = 4; lastKnownFileType = sourcecode.c.c; path = cmu_us_rms_cg_f0_trees.c; sourceTree = "<group>"; };
		82DFD88D1398B62A002DEF64 /* cmu_us_rms_cg_f0_trees.h */ = {isa = PBXFileReference; fileEncoding = 4; lastKnownFileType = sourcecode.c.h; path = cmu_us_rms_cg_f0_trees.h; sourceTree = "<group>"; };
		82DFD88E1398B62A002DEF64 /* cmu_us_rms_cg_phonestate.c */ = {isa = PBXFileReference; fileEncoding = 4; lastKnownFileType = sourcecode.c.c; path = cmu_us_rms_cg_phonestate.c; sourceTree = "<group>"; };
		82DFD88F1398B62A002DEF64 /* cmu_us_rms_cg_single_mcep_trees.c */ = {isa = PBXFileReference; fileEncoding = 4; lastKnownFileType = sourcecode.c.c; path = cmu_us_rms_cg_single_mcep_trees.c; sourceTree = "<group>"; };
		82DFD8901398B62A002DEF64 /* cmu_us_rms_cg_single_mcep_trees.h */ = {isa = PBXFileReference; fileEncoding = 4; lastKnownFileType = sourcecode.c.h; path = cmu_us_rms_cg_single_mcep_trees.h; sourceTree = "<group>"; };
		82DFD8911398B62A002DEF64 /* cmu_us_rms_cg_single_params.c */ = {isa = PBXFileReference; fileEncoding = 4; lastKnownFileType = sourcecode.c.c; path = cmu_us_rms_cg_single_params.c; sourceTree = "<group>"; };
		82DFD8921398B62A002DEF64 /* stdafx.h */ = {isa = PBXFileReference; fileEncoding = 4; lastKnownFileType = sourcecode.c.h; path = stdafx.h; sourceTree = "<group>"; };
		82DFD8931398B62A002DEF64 /* voxdefs.h */ = {isa = PBXFileReference; fileEncoding = 4; lastKnownFileType = sourcecode.c.h; path = voxdefs.h; sourceTree = "<group>"; };
		82DFD8951398B62A002DEF64 /* cmu_us_slt.c */ = {isa = PBXFileReference; fileEncoding = 4; lastKnownFileType = sourcecode.c.c; path = cmu_us_slt.c; sourceTree = "<group>"; };
		82DFD8961398B62A002DEF64 /* cmu_us_slt_cg.c */ = {isa = PBXFileReference; fileEncoding = 4; lastKnownFileType = sourcecode.c.c; path = cmu_us_slt_cg.c; sourceTree = "<group>"; };
		82DFD8971398B62A002DEF64 /* cmu_us_slt_cg_durmodel.c */ = {isa = PBXFileReference; fileEncoding = 4; lastKnownFileType = sourcecode.c.c; path = cmu_us_slt_cg_durmodel.c; sourceTree = "<group>"; };
		82DFD8981398B62A002DEF64 /* cmu_us_slt_cg_durmodel.h */ = {isa = PBXFileReference; fileEncoding = 4; lastKnownFileType = sourcecode.c.h; path = cmu_us_slt_cg_durmodel.h; sourceTree = "<group>"; };
		82DFD8991398B62A002DEF64 /* cmu_us_slt_cg_f0_trees.c */ = {isa = PBXFileReference; fileEncoding = 4; lastKnownFileType = sourcecode.c.c; path = cmu_us_slt_cg_f0_trees.c; sourceTree = "<group>"; };
		82DFD89A1398B62A002DEF64 /* cmu_us_slt_cg_f0_trees.h */ = {isa = PBXFileReference; fileEncoding = 4; lastKnownFileType = sourcecode.c.h; path = cmu_us_slt_cg_f0_trees.h; sourceTree = "<group>"; };
		82DFD89B1398B62A002DEF64 /* cmu_us_slt_cg_phonestate.c */ = {isa = PBXFileReference; fileEncoding = 4; lastKnownFileType = sourcecode.c.c; path = cmu_us_slt_cg_phonestate.c; sourceTree = "<group>"; };
		82DFD89C1398B62A002DEF64 /* cmu_us_slt_cg_single_mcep_trees.c */ = {isa = PBXFileReference; fileEncoding = 4; lastKnownFileType = sourcecode.c.c; path = cmu_us_slt_cg_single_mcep_trees.c; sourceTree = "<group>"; };
		82DFD89D1398B62A002DEF64 /* cmu_us_slt_cg_single_mcep_trees.h */ = {isa = PBXFileReference; fileEncoding = 4; lastKnownFileType = sourcecode.c.h; path = cmu_us_slt_cg_single_mcep_trees.h; sourceTree = "<group>"; };
		82DFD89E1398B62A002DEF64 /* cmu_us_slt_cg_single_params.c */ = {isa = PBXFileReference; fileEncoding = 4; lastKnownFileType = sourcecode.c.c; path = cmu_us_slt_cg_single_params.c; sourceTree = "<group>"; };
		82DFD89F1398B62A002DEF64 /* voxdefs.h */ = {isa = PBXFileReference; fileEncoding = 4; lastKnownFileType = sourcecode.c.h; path = voxdefs.h; sourceTree = "<group>"; };
		82DFD8A11398B62A002DEF64 /* cmu_lex.c */ = {isa = PBXFileReference; fileEncoding = 4; lastKnownFileType = sourcecode.c.c; path = cmu_lex.c; sourceTree = "<group>"; };
		82DFD8A21398B62A002DEF64 /* cmu_lex.h */ = {isa = PBXFileReference; fileEncoding = 4; lastKnownFileType = sourcecode.c.h; path = cmu_lex.h; sourceTree = "<group>"; };
		82DFD8A31398B62A002DEF64 /* cmu_lex_data.c */ = {isa = PBXFileReference; fileEncoding = 4; lastKnownFileType = sourcecode.c.c; path = cmu_lex_data.c; sourceTree = "<group>"; };
		82DFD8A41398B62A002DEF64 /* cmu_lex_entries.c */ = {isa = PBXFileReference; fileEncoding = 4; lastKnownFileType = sourcecode.c.c; path = cmu_lex_entries.c; sourceTree = "<group>"; };
		82DFD8A51398B62A002DEF64 /* cmu_lts_model.c */ = {isa = PBXFileReference; fileEncoding = 4; lastKnownFileType = sourcecode.c.c; path = cmu_lts_model.c; sourceTree = "<group>"; };
		82DFD8A61398B62A002DEF64 /* cmu_lts_model.h */ = {isa = PBXFileReference; fileEncoding = 4; lastKnownFileType = sourcecode.c.h; path = cmu_lts_model.h; sourceTree = "<group>"; };
		82DFD8A71398B62A002DEF64 /* cmu_lts_rules.c */ = {isa = PBXFileReference; fileEncoding = 4; lastKnownFileType = sourcecode.c.c; path = cmu_lts_rules.c; sourceTree = "<group>"; };
		82DFD8A81398B62A002DEF64 /* cmu_postlex.c */ = {isa = PBXFileReference; fileEncoding = 4; lastKnownFileType = sourcecode.c.c; path = cmu_postlex.c; sourceTree = "<group>"; };
		82DFD8AA1398B62A002DEF64 /* us_aswd.c */ = {isa = PBXFileReference; fileEncoding = 4; lastKnownFileType = sourcecode.c.c; path = us_aswd.c; sourceTree = "<group>"; };
		82DFD8AB1398B62A002DEF64 /* us_dur_stats.c */ = {isa = PBXFileReference; fileEncoding = 4; lastKnownFileType = sourcecode.c.c; path = us_dur_stats.c; sourceTree = "<group>"; };
		82DFD8AC1398B62A002DEF64 /* us_durz_cart.c */ = {isa = PBXFileReference; fileEncoding = 4; lastKnownFileType = sourcecode.c.c; path = us_durz_cart.c; sourceTree = "<group>"; };
		82DFD8AD1398B62A002DEF64 /* us_durz_cart.h */ = {isa = PBXFileReference; fileEncoding = 4; lastKnownFileType = sourcecode.c.h; path = us_durz_cart.h; sourceTree = "<group>"; };
		82DFD8AE1398B62A002DEF64 /* us_expand.c */ = {isa = PBXFileReference; fileEncoding = 4; lastKnownFileType = sourcecode.c.c; path = us_expand.c; sourceTree = "<group>"; };
		82DFD8AF1398B62A002DEF64 /* us_f0.h */ = {isa = PBXFileReference; fileEncoding = 4; lastKnownFileType = sourcecode.c.h; path = us_f0.h; sourceTree = "<group>"; };
		82DFD8B01398B62A002DEF64 /* us_f0_model.c */ = {isa = PBXFileReference; fileEncoding = 4; lastKnownFileType = sourcecode.c.c; path = us_f0_model.c; sourceTree = "<group>"; };
		82DFD8B11398B62A002DEF64 /* us_f0lr.c */ = {isa = PBXFileReference; fileEncoding = 4; lastKnownFileType = sourcecode.c.c; path = us_f0lr.c; sourceTree = "<group>"; };
		82DFD8B21398B62A002DEF64 /* us_ffeatures.c */ = {isa = PBXFileReference; fileEncoding = 4; lastKnownFileType = sourcecode.c.c; path = us_ffeatures.c; sourceTree = "<group>"; };
		82DFD8B31398B62A002DEF64 /* us_ffeatures.h */ = {isa = PBXFileReference; fileEncoding = 4; lastKnownFileType = sourcecode.c.h; path = us_ffeatures.h; sourceTree = "<group>"; };
		82DFD8B41398B62A002DEF64 /* us_gpos.c */ = {isa = PBXFileReference; fileEncoding = 4; lastKnownFileType = sourcecode.c.c; path = us_gpos.c; sourceTree = "<group>"; };
		82DFD8B51398B62A002DEF64 /* us_int_accent_cart.c */ = {isa = PBXFileReference; fileEncoding = 4; lastKnownFileType = sourcecode.c.c; path = us_int_accent_cart.c; sourceTree = "<group>"; };
		82DFD8B61398B62A002DEF64 /* us_int_accent_cart.h */ = {isa = PBXFileReference; fileEncoding = 4; lastKnownFileType = sourcecode.c.h; path = us_int_accent_cart.h; sourceTree = "<group>"; };
		82DFD8B71398B62A002DEF64 /* us_int_tone_cart.c */ = {isa = PBXFileReference; fileEncoding = 4; lastKnownFileType = sourcecode.c.c; path = us_int_tone_cart.c; sourceTree = "<group>"; };
		82DFD8B81398B62A002DEF64 /* us_int_tone_cart.h */ = {isa = PBXFileReference; fileEncoding = 4; lastKnownFileType = sourcecode.c.h; path = us_int_tone_cart.h; sourceTree = "<group>"; };
		82DFD8B91398B62A002DEF64 /* us_nums_cart.c */ = {isa = PBXFileReference; fileEncoding = 4; lastKnownFileType = sourcecode.c.c; path = us_nums_cart.c; sourceTree = "<group>"; };
		82DFD8BA1398B62A002DEF64 /* us_nums_cart.h */ = {isa = PBXFileReference; fileEncoding = 4; lastKnownFileType = sourcecode.c.h; path = us_nums_cart.h; sourceTree = "<group>"; };
		82DFD8BB1398B62A002DEF64 /* us_phoneset.c */ = {isa = PBXFileReference; fileEncoding = 4; lastKnownFileType = sourcecode.c.c; path = us_phoneset.c; sourceTree = "<group>"; };
		82DFD8BC1398B62A002DEF64 /* us_phrasing_cart.c */ = {isa = PBXFileReference; fileEncoding = 4; lastKnownFileType = sourcecode.c.c; path = us_phrasing_cart.c; sourceTree = "<group>"; };
		82DFD8BD1398B62A002DEF64 /* us_phrasing_cart.h */ = {isa = PBXFileReference; fileEncoding = 4; lastKnownFileType = sourcecode.c.h; path = us_phrasing_cart.h; sourceTree = "<group>"; };
		82DFD8BE1398B62A002DEF64 /* us_pos.tree */ = {isa = PBXFileReference; fileEncoding = 4; lastKnownFileType = text; path = us_pos.tree; sourceTree = "<group>"; };
		82DFD8BF1398B62A002DEF64 /* us_pos_cart.c */ = {isa = PBXFileReference; fileEncoding = 4; lastKnownFileType = sourcecode.c.c; path = us_pos_cart.c; sourceTree = "<group>"; };
		82DFD8C01398B62A002DEF64 /* us_pos_cart.h */ = {isa = PBXFileReference; fileEncoding = 4; lastKnownFileType = sourcecode.c.h; path = us_pos_cart.h; sourceTree = "<group>"; };
		82DFD8C11398B62A002DEF64 /* us_regexes.h */ = {isa = PBXFileReference; fileEncoding = 4; lastKnownFileType = sourcecode.c.h; path = us_regexes.h; sourceTree = "<group>"; };
		82DFD8C21398B62A002DEF64 /* us_text.c */ = {isa = PBXFileReference; fileEncoding = 4; lastKnownFileType = sourcecode.c.c; path = us_text.c; sourceTree = "<group>"; };
		82DFD8C31398B62A002DEF64 /* us_text.h */ = {isa = PBXFileReference; fileEncoding = 4; lastKnownFileType = sourcecode.c.h; path = us_text.h; sourceTree = "<group>"; };
		82DFD8C41398B62A002DEF64 /* usenglish.c */ = {isa = PBXFileReference; fileEncoding = 4; lastKnownFileType = sourcecode.c.c; path = usenglish.c; sourceTree = "<group>"; };
		82DFD8C51398B62A002DEF64 /* usenglish.h */ = {isa = PBXFileReference; fileEncoding = 4; lastKnownFileType = sourcecode.c.h; path = usenglish.h; sourceTree = "<group>"; };
		82DFD9261398B81C002DEF64 /* AVFoundation.framework */ = {isa = PBXFileReference; lastKnownFileType = wrapper.framework; name = AVFoundation.framework; path = System/Library/Frameworks/AVFoundation.framework; sourceTree = SDKROOT; };
/* End PBXFileReference section */

/* Begin PBXFrameworksBuildPhase section */
		82DFD7CB139894DA002DEF64 /* Frameworks */ = {
			isa = PBXFrameworksBuildPhase;
			buildActionMask = 2147483647;
			files = (
				82DFD9271398B81D002DEF64 /* AVFoundation.framework in Frameworks */,
				82DFD7D3139894DA002DEF64 /* UIKit.framework in Frameworks */,
				82DFD7D5139894DA002DEF64 /* Foundation.framework in Frameworks */,
				82DFD7D7139894DA002DEF64 /* CoreGraphics.framework in Frameworks */,
			);
			runOnlyForDeploymentPostprocessing = 0;
		};
/* End PBXFrameworksBuildPhase section */

/* Begin PBXGroup section */
		82DFD7C3139894DA002DEF64 = {
			isa = PBXGroup;
			children = (
				82DFD7D8139894DA002DEF64 /* Classes */,
				82DFD7D9139894DA002DEF64 /* Supporting Files */,
				82DFD8181398B62A002DEF64 /* flite-1.4-iphone */,
				82DFD7D1139894DA002DEF64 /* Frameworks */,
				82DFD7CF139894DA002DEF64 /* Products */,
			);
			sourceTree = "<group>";
		};
		82DFD7CF139894DA002DEF64 /* Products */ = {
			isa = PBXGroup;
			children = (
				82DFD7CE139894DA002DEF64 /* TTSOverview.app */,
			);
			name = Products;
			sourceTree = "<group>";
		};
		82DFD7D1139894DA002DEF64 /* Frameworks */ = {
			isa = PBXGroup;
			children = (
				82DFD9261398B81C002DEF64 /* AVFoundation.framework */,
				82DFD7D2139894DA002DEF64 /* UIKit.framework */,
				82DFD7D4139894DA002DEF64 /* Foundation.framework */,
				82DFD7D6139894DA002DEF64 /* CoreGraphics.framework */,
			);
			name = Frameworks;
			sourceTree = "<group>";
		};
		82DFD7D8139894DA002DEF64 /* Classes */ = {
			isa = PBXGroup;
			children = (
				82DFD8151398B621002DEF64 /* FliteTTS.h */,
				82DFD8161398B621002DEF64 /* FliteTTS.m */,
				82DFD7E1139894DA002DEF64 /* TTSOverviewAppDelegate.h */,
				82DFD7E2139894DA002DEF64 /* TTSOverviewAppDelegate.m */,
				82DFD7E4139894DA002DEF64 /* MainWindow.xib */,
				82DFD7E7139894DA002DEF64 /* TTSOverviewViewController.h */,
				82DFD7E8139894DA002DEF64 /* TTSOverviewViewController.m */,
				82DFD7EA139894DA002DEF64 /* TTSOverviewViewController.xib */,
			);
			name = Classes;
			path = TTSOverview;
			sourceTree = "<group>";
		};
		82DFD7D9139894DA002DEF64 /* Supporting Files */ = {
			isa = PBXGroup;
			children = (
				82DFD7DA139894DA002DEF64 /* TTSOverview-Info.plist */,
				82DFD7DB139894DA002DEF64 /* InfoPlist.strings */,
				82DFD7DE139894DA002DEF64 /* TTSOverview-Prefix.pch */,
				82DFD7DF139894DA002DEF64 /* main.m */,
			);
			name = "Supporting Files";
			path = TTSOverview;
			sourceTree = "<group>";
		};
		82DFD8181398B62A002DEF64 /* flite-1.4-iphone */ = {
			isa = PBXGroup;
			children = (
				82DFD8191398B62A002DEF64 /* include */,
				82DFD8411398B62A002DEF64 /* src */,
				82DFD86C1398B62A002DEF64 /* voices */,
			);
			name = "flite-1.4-iphone";
			path = "../eyesfree_dev/HelloWorld/flite-1.4-iphone";
			sourceTree = "<group>";
		};
		82DFD8191398B62A002DEF64 /* include */ = {
			isa = PBXGroup;
			children = (
				82DFD81A1398B62A002DEF64 /* cst_alloc.h */,
				82DFD81B1398B62A002DEF64 /* cst_audio.h */,
				82DFD81C1398B62A002DEF64 /* cst_cart.h */,
				82DFD81D1398B62A002DEF64 /* cst_cg.h */,
				82DFD81E1398B62A002DEF64 /* cst_diphone.h */,
				82DFD81F1398B62A002DEF64 /* cst_endian.h */,
				82DFD8201398B62A002DEF64 /* cst_error.h */,
				82DFD8211398B62A002DEF64 /* cst_features.h */,
				82DFD8221398B62A002DEF64 /* cst_ffeatures.h */,
				82DFD8231398B62A002DEF64 /* cst_file.h */,
				82DFD8241398B62A002DEF64 /* cst_hrg.h */,
				82DFD8251398B62A002DEF64 /* cst_item.h */,
				82DFD8261398B62A002DEF64 /* cst_lexicon.h */,
				82DFD8271398B62A002DEF64 /* cst_lts.h */,
				82DFD8281398B62A002DEF64 /* cst_math.h */,
				82DFD8291398B62A002DEF64 /* cst_mlpg.h */,
				82DFD82A1398B62A002DEF64 /* cst_mlsa.h */,
				82DFD82B1398B62A002DEF64 /* cst_phoneset.h */,
				82DFD82C1398B62A002DEF64 /* cst_regex.h */,
				82DFD82D1398B62A002DEF64 /* cst_regex_defs.h */,
				82DFD82E1398B62A002DEF64 /* cst_relation.h */,
				82DFD82F1398B62A002DEF64 /* cst_sigpr.h */,
				82DFD8301398B62A002DEF64 /* cst_string.h */,
				82DFD8311398B62A002DEF64 /* cst_sts.h */,
				82DFD8321398B62A002DEF64 /* cst_synth.h */,
				82DFD8331398B62A002DEF64 /* cst_tokenstream.h */,
				82DFD8341398B62A002DEF64 /* cst_track.h */,
				82DFD8351398B62A002DEF64 /* cst_units.h */,
				82DFD8361398B62A002DEF64 /* cst_utt_utils.h */,
				82DFD8371398B62A002DEF64 /* cst_utterance.h */,
				82DFD8381398B62A002DEF64 /* cst_val.h */,
				82DFD8391398B62A002DEF64 /* cst_val_const.h */,
				82DFD83A1398B62A002DEF64 /* cst_val_defs.h */,
				82DFD83B1398B62A002DEF64 /* cst_vc.h */,
				82DFD83C1398B62A002DEF64 /* cst_viterbi.h */,
				82DFD83D1398B62A002DEF64 /* cst_voice.h */,
				82DFD83E1398B62A002DEF64 /* cst_wave.h */,
				82DFD83F1398B62A002DEF64 /* flite.h */,
				82DFD8401398B62A002DEF64 /* native_audio.h */,
			);
			path = include;
			sourceTree = "<group>";
		};
		82DFD8411398B62A002DEF64 /* src */ = {
			isa = PBXGroup;
			children = (
				82DFD8421398B62A002DEF64 /* au_none.c */,
				82DFD8431398B62A002DEF64 /* au_streaming.c */,
				82DFD8441398B62A002DEF64 /* audio.c */,
				82DFD8451398B62A002DEF64 /* cst_alloc.c */,
				82DFD8461398B62A002DEF64 /* cst_cart.c */,
				82DFD8471398B62A002DEF64 /* cst_cg.c */,
				82DFD8481398B62A002DEF64 /* cst_diphone.c */,
				82DFD8491398B62A002DEF64 /* cst_endian.c */,
				82DFD84A1398B62A002DEF64 /* cst_error.c */,
				82DFD84B1398B62A002DEF64 /* cst_features.c */,
				82DFD84C1398B62A002DEF64 /* cst_ffeature.c */,
				82DFD84D1398B62A002DEF64 /* cst_ffeatures.c */,
				82DFD84E1398B62A002DEF64 /* cst_file_stdio.c */,
				82DFD84F1398B62A002DEF64 /* cst_item.c */,
				82DFD8501398B62A002DEF64 /* cst_lexicon.c */,
				82DFD8511398B62A002DEF64 /* cst_lpcres.c */,
				82DFD8521398B62A002DEF64 /* cst_lts.c */,
				82DFD8531398B62A002DEF64 /* cst_mlpg.c */,
				82DFD8541398B62A002DEF64 /* cst_mlsa.c */,
				82DFD8551398B62A002DEF64 /* cst_phoneset.c */,
				82DFD8561398B62A002DEF64 /* cst_regex.c */,
				82DFD8571398B62A002DEF64 /* cst_relation.c */,
				82DFD8581398B62A002DEF64 /* cst_sigpr.c */,
				82DFD8591398B62A002DEF64 /* cst_string.c */,
				82DFD85A1398B62A002DEF64 /* cst_sts.c */,
				82DFD85B1398B62A002DEF64 /* cst_synth.c */,
				82DFD85C1398B62A002DEF64 /* cst_tokenstream.c */,
				82DFD85D1398B62A002DEF64 /* cst_track.c */,
				82DFD85E1398B62A002DEF64 /* cst_units.c */,
				82DFD85F1398B62A002DEF64 /* cst_utt_utils.c */,
				82DFD8601398B62A002DEF64 /* cst_utterance.c */,
				82DFD8611398B62A002DEF64 /* cst_val.c */,
				82DFD8621398B62A002DEF64 /* cst_val_const.c */,
				82DFD8631398B62A002DEF64 /* cst_val_user.c */,
				82DFD8641398B62A002DEF64 /* cst_vc.c */,
				82DFD8651398B62A002DEF64 /* cst_voice.c */,
				82DFD8661398B62A002DEF64 /* cst_wave.c */,
				82DFD8671398B62A002DEF64 /* cst_wave_io.c */,
				82DFD8681398B62A002DEF64 /* cst_wave_utils.c */,
				82DFD8691398B62A002DEF64 /* flite.c */,
				82DFD86A1398B62A002DEF64 /* rateconv.c */,
				82DFD86B1398B62A002DEF64 /* regexp.c */,
			);
			path = src;
			sourceTree = "<group>";
		};
		82DFD86C1398B62A002DEF64 /* voices */ = {
			isa = PBXGroup;
			children = (
				82DFD86D1398B62A002DEF64 /* cmu_us_awb */,
				82DFD8791398B62A002DEF64 /* cmu_us_kal */,
				82DFD8801398B62A002DEF64 /* cmu_us_kal16 */,
				82DFD8871398B62A002DEF64 /* cmu_us_rms */,
				82DFD8941398B62A002DEF64 /* cmu_us_slt */,
				82DFD8A01398B62A002DEF64 /* cmulex */,
				82DFD8A91398B62A002DEF64 /* usenglish */,
			);
			path = voices;
			sourceTree = "<group>";
		};
		82DFD86D1398B62A002DEF64 /* cmu_us_awb */ = {
			isa = PBXGroup;
			children = (
				82DFD86E1398B62A002DEF64 /* cmu_us_awb.c */,
				82DFD86F1398B62A002DEF64 /* cmu_us_awb_cg.c */,
				82DFD8701398B62A002DEF64 /* cmu_us_awb_cg_durmodel.c */,
				82DFD8711398B62A002DEF64 /* cmu_us_awb_cg_durmodel.h */,
				82DFD8721398B62A002DEF64 /* cmu_us_awb_cg_f0_trees.c */,
				82DFD8731398B62A002DEF64 /* cmu_us_awb_cg_f0_trees.h */,
				82DFD8741398B62A002DEF64 /* cmu_us_awb_cg_phonestate.c */,
				82DFD8751398B62A002DEF64 /* cmu_us_awb_cg_single_mcep_trees.c */,
				82DFD8761398B62A002DEF64 /* cmu_us_awb_cg_single_mcep_trees.h */,
				82DFD8771398B62A002DEF64 /* cmu_us_awb_cg_single_params.c */,
				82DFD8781398B62A002DEF64 /* voxdefs.h */,
			);
			path = cmu_us_awb;
			sourceTree = "<group>";
		};
		82DFD8791398B62A002DEF64 /* cmu_us_kal */ = {
			isa = PBXGroup;
			children = (
				82DFD87A1398B62A002DEF64 /* cmu_us_kal.c */,
				82DFD87B1398B62A002DEF64 /* cmu_us_kal_diphone.c */,
				82DFD87C1398B62A002DEF64 /* cmu_us_kal_lpc.c */,
				82DFD87D1398B62A002DEF64 /* cmu_us_kal_res.c */,
				82DFD87E1398B62A002DEF64 /* cmu_us_kal_residx.c */,
				82DFD87F1398B62A002DEF64 /* voxdefs.h */,
			);
			path = cmu_us_kal;
			sourceTree = "<group>";
		};
		82DFD8801398B62A002DEF64 /* cmu_us_kal16 */ = {
			isa = PBXGroup;
			children = (
				82DFD8811398B62A002DEF64 /* cmu_us_kal16.c */,
				82DFD8821398B62A002DEF64 /* cmu_us_kal16_diphone.c */,
				82DFD8831398B62A002DEF64 /* cmu_us_kal16_lpc.c */,
				82DFD8841398B62A002DEF64 /* cmu_us_kal16_res.c */,
				82DFD8851398B62A002DEF64 /* cmu_us_kal16_residx.c */,
				82DFD8861398B62A002DEF64 /* voxdefs.h */,
			);
			path = cmu_us_kal16;
			sourceTree = "<group>";
		};
		82DFD8871398B62A002DEF64 /* cmu_us_rms */ = {
			isa = PBXGroup;
			children = (
				82DFD8881398B62A002DEF64 /* cmu_us_rms.c */,
				82DFD8891398B62A002DEF64 /* cmu_us_rms_cg.c */,
				82DFD88A1398B62A002DEF64 /* cmu_us_rms_cg_durmodel.c */,
				82DFD88B1398B62A002DEF64 /* cmu_us_rms_cg_durmodel.h */,
				82DFD88C1398B62A002DEF64 /* cmu_us_rms_cg_f0_trees.c */,
				82DFD88D1398B62A002DEF64 /* cmu_us_rms_cg_f0_trees.h */,
				82DFD88E1398B62A002DEF64 /* cmu_us_rms_cg_phonestate.c */,
				82DFD88F1398B62A002DEF64 /* cmu_us_rms_cg_single_mcep_trees.c */,
				82DFD8901398B62A002DEF64 /* cmu_us_rms_cg_single_mcep_trees.h */,
				82DFD8911398B62A002DEF64 /* cmu_us_rms_cg_single_params.c */,
				82DFD8921398B62A002DEF64 /* stdafx.h */,
				82DFD8931398B62A002DEF64 /* voxdefs.h */,
			);
			path = cmu_us_rms;
			sourceTree = "<group>";
		};
		82DFD8941398B62A002DEF64 /* cmu_us_slt */ = {
			isa = PBXGroup;
			children = (
				82DFD8951398B62A002DEF64 /* cmu_us_slt.c */,
				82DFD8961398B62A002DEF64 /* cmu_us_slt_cg.c */,
				82DFD8971398B62A002DEF64 /* cmu_us_slt_cg_durmodel.c */,
				82DFD8981398B62A002DEF64 /* cmu_us_slt_cg_durmodel.h */,
				82DFD8991398B62A002DEF64 /* cmu_us_slt_cg_f0_trees.c */,
				82DFD89A1398B62A002DEF64 /* cmu_us_slt_cg_f0_trees.h */,
				82DFD89B1398B62A002DEF64 /* cmu_us_slt_cg_phonestate.c */,
				82DFD89C1398B62A002DEF64 /* cmu_us_slt_cg_single_mcep_trees.c */,
				82DFD89D1398B62A002DEF64 /* cmu_us_slt_cg_single_mcep_trees.h */,
				82DFD89E1398B62A002DEF64 /* cmu_us_slt_cg_single_params.c */,
				82DFD89F1398B62A002DEF64 /* voxdefs.h */,
			);
			path = cmu_us_slt;
			sourceTree = "<group>";
		};
		82DFD8A01398B62A002DEF64 /* cmulex */ = {
			isa = PBXGroup;
			children = (
				82DFD8A11398B62A002DEF64 /* cmu_lex.c */,
				82DFD8A21398B62A002DEF64 /* cmu_lex.h */,
				82DFD8A31398B62A002DEF64 /* cmu_lex_data.c */,
				82DFD8A41398B62A002DEF64 /* cmu_lex_entries.c */,
				82DFD8A51398B62A002DEF64 /* cmu_lts_model.c */,
				82DFD8A61398B62A002DEF64 /* cmu_lts_model.h */,
				82DFD8A71398B62A002DEF64 /* cmu_lts_rules.c */,
				82DFD8A81398B62A002DEF64 /* cmu_postlex.c */,
			);
			path = cmulex;
			sourceTree = "<group>";
		};
		82DFD8A91398B62A002DEF64 /* usenglish */ = {
			isa = PBXGroup;
			children = (
				82DFD8AA1398B62A002DEF64 /* us_aswd.c */,
				82DFD8AB1398B62A002DEF64 /* us_dur_stats.c */,
				82DFD8AC1398B62A002DEF64 /* us_durz_cart.c */,
				82DFD8AD1398B62A002DEF64 /* us_durz_cart.h */,
				82DFD8AE1398B62A002DEF64 /* us_expand.c */,
				82DFD8AF1398B62A002DEF64 /* us_f0.h */,
				82DFD8B01398B62A002DEF64 /* us_f0_model.c */,
				82DFD8B11398B62A002DEF64 /* us_f0lr.c */,
				82DFD8B21398B62A002DEF64 /* us_ffeatures.c */,
				82DFD8B31398B62A002DEF64 /* us_ffeatures.h */,
				82DFD8B41398B62A002DEF64 /* us_gpos.c */,
				82DFD8B51398B62A002DEF64 /* us_int_accent_cart.c */,
				82DFD8B61398B62A002DEF64 /* us_int_accent_cart.h */,
				82DFD8B71398B62A002DEF64 /* us_int_tone_cart.c */,
				82DFD8B81398B62A002DEF64 /* us_int_tone_cart.h */,
				82DFD8B91398B62A002DEF64 /* us_nums_cart.c */,
				82DFD8BA1398B62A002DEF64 /* us_nums_cart.h */,
				82DFD8BB1398B62A002DEF64 /* us_phoneset.c */,
				82DFD8BC1398B62A002DEF64 /* us_phrasing_cart.c */,
				82DFD8BD1398B62A002DEF64 /* us_phrasing_cart.h */,
				82DFD8BE1398B62A002DEF64 /* us_pos.tree */,
				82DFD8BF1398B62A002DEF64 /* us_pos_cart.c */,
				82DFD8C01398B62A002DEF64 /* us_pos_cart.h */,
				82DFD8C11398B62A002DEF64 /* us_regexes.h */,
				82DFD8C21398B62A002DEF64 /* us_text.c */,
				82DFD8C31398B62A002DEF64 /* us_text.h */,
				82DFD8C41398B62A002DEF64 /* usenglish.c */,
				82DFD8C51398B62A002DEF64 /* usenglish.h */,
			);
			path = usenglish;
			sourceTree = "<group>";
		};
/* End PBXGroup section */

/* Begin PBXNativeTarget section */
		82DFD7CD139894DA002DEF64 /* TTSOverview */ = {
			isa = PBXNativeTarget;
			buildConfigurationList = 82DFD7EF139894DA002DEF64 /* Build configuration list for PBXNativeTarget "TTSOverview" */;
			buildPhases = (
				82DFD7CA139894DA002DEF64 /* Sources */,
				82DFD7CB139894DA002DEF64 /* Frameworks */,
				82DFD7CC139894DA002DEF64 /* Resources */,
			);
			buildRules = (
			);
			dependencies = (
			);
			name = TTSOverview;
			productName = TTSOverview;
			productReference = 82DFD7CE139894DA002DEF64 /* TTSOverview.app */;
			productType = "com.apple.product-type.application";
		};
/* End PBXNativeTarget section */

/* Begin PBXProject section */
		82DFD7C5139894DA002DEF64 /* Project object */ = {
			isa = PBXProject;
			buildConfigurationList = 82DFD7C8139894DA002DEF64 /* Build configuration list for PBXProject "TTSOverview" */;
			compatibilityVersion = "Xcode 3.2";
			developmentRegion = English;
			hasScannedForEncodings = 0;
			knownRegions = (
				en,
			);
			mainGroup = 82DFD7C3139894DA002DEF64;
			productRefGroup = 82DFD7CF139894DA002DEF64 /* Products */;
			projectDirPath = "";
			projectRoot = "";
			targets = (
				82DFD7CD139894DA002DEF64 /* TTSOverview */,
			);
		};
/* End PBXProject section */

/* Begin PBXResourcesBuildPhase section */
		82DFD7CC139894DA002DEF64 /* Resources */ = {
			isa = PBXResourcesBuildPhase;
			buildActionMask = 2147483647;
			files = (
				82DFD7DD139894DA002DEF64 /* InfoPlist.strings in Resources */,
				82DFD7E6139894DA002DEF64 /* MainWindow.xib in Resources */,
				82DFD7EC139894DA002DEF64 /* TTSOverviewViewController.xib in Resources */,
				82DFD9221398B62B002DEF64 /* us_pos.tree in Resources */,
			);
			runOnlyForDeploymentPostprocessing = 0;
		};
/* End PBXResourcesBuildPhase section */

/* Begin PBXSourcesBuildPhase section */
		82DFD7CA139894DA002DEF64 /* Sources */ = {
			isa = PBXSourcesBuildPhase;
			buildActionMask = 2147483647;
			files = (
				82DFD7E0139894DA002DEF64 /* main.m in Sources */,
				82DFD7E3139894DA002DEF64 /* TTSOverviewAppDelegate.m in Sources */,
				82DFD7E9139894DA002DEF64 /* TTSOverviewViewController.m in Sources */,
				82DFD8171398B621002DEF64 /* FliteTTS.m in Sources */,
				82DFD8C61398B62A002DEF64 /* au_none.c in Sources */,
				82DFD8C71398B62A002DEF64 /* au_streaming.c in Sources */,
				82DFD8C81398B62A002DEF64 /* audio.c in Sources */,
				82DFD8C91398B62A002DEF64 /* cst_alloc.c in Sources */,
				82DFD8CA1398B62A002DEF64 /* cst_cart.c in Sources */,
				82DFD8CB1398B62A002DEF64 /* cst_cg.c in Sources */,
				82DFD8CC1398B62A002DEF64 /* cst_diphone.c in Sources */,
				82DFD8CD1398B62A002DEF64 /* cst_endian.c in Sources */,
				82DFD8CE1398B62A002DEF64 /* cst_error.c in Sources */,
				82DFD8CF1398B62A002DEF64 /* cst_features.c in Sources */,
				82DFD8D01398B62A002DEF64 /* cst_ffeature.c in Sources */,
				82DFD8D11398B62A002DEF64 /* cst_ffeatures.c in Sources */,
				82DFD8D21398B62A002DEF64 /* cst_file_stdio.c in Sources */,
				82DFD8D31398B62A002DEF64 /* cst_item.c in Sources */,
				82DFD8D41398B62A002DEF64 /* cst_lexicon.c in Sources */,
				82DFD8D51398B62A002DEF64 /* cst_lpcres.c in Sources */,
				82DFD8D61398B62A002DEF64 /* cst_lts.c in Sources */,
				82DFD8D71398B62A002DEF64 /* cst_mlpg.c in Sources */,
				82DFD8D81398B62A002DEF64 /* cst_mlsa.c in Sources */,
				82DFD8D91398B62A002DEF64 /* cst_phoneset.c in Sources */,
				82DFD8DA1398B62A002DEF64 /* cst_regex.c in Sources */,
				82DFD8DB1398B62A002DEF64 /* cst_relation.c in Sources */,
				82DFD8DC1398B62A002DEF64 /* cst_sigpr.c in Sources */,
				82DFD8DD1398B62A002DEF64 /* cst_string.c in Sources */,
				82DFD8DE1398B62A002DEF64 /* cst_sts.c in Sources */,
				82DFD8DF1398B62A002DEF64 /* cst_synth.c in Sources */,
				82DFD8E01398B62A002DEF64 /* cst_tokenstream.c in Sources */,
				82DFD8E11398B62A002DEF64 /* cst_track.c in Sources */,
				82DFD8E21398B62A002DEF64 /* cst_units.c in Sources */,
				82DFD8E31398B62A002DEF64 /* cst_utt_utils.c in Sources */,
				82DFD8E41398B62A002DEF64 /* cst_utterance.c in Sources */,
				82DFD8E51398B62A002DEF64 /* cst_val.c in Sources */,
				82DFD8E61398B62A002DEF64 /* cst_val_const.c in Sources */,
				82DFD8E71398B62A002DEF64 /* cst_val_user.c in Sources */,
				82DFD8E81398B62A002DEF64 /* cst_vc.c in Sources */,
				82DFD8E91398B62A002DEF64 /* cst_voice.c in Sources */,
				82DFD8EA1398B62A002DEF64 /* cst_wave.c in Sources */,
				82DFD8EB1398B62A002DEF64 /* cst_wave_io.c in Sources */,
				82DFD8EC1398B62A002DEF64 /* cst_wave_utils.c in Sources */,
				82DFD8ED1398B62A002DEF64 /* flite.c in Sources */,
				82DFD8EE1398B62A002DEF64 /* rateconv.c in Sources */,
				82DFD8EF1398B62A002DEF64 /* regexp.c in Sources */,
				82DFD8F01398B62A002DEF64 /* cmu_us_awb.c in Sources */,
				82DFD8F11398B62A002DEF64 /* cmu_us_awb_cg.c in Sources */,
				82DFD8F21398B62A002DEF64 /* cmu_us_awb_cg_durmodel.c in Sources */,
				82DFD8F31398B62B002DEF64 /* cmu_us_awb_cg_f0_trees.c in Sources */,
				82DFD8F41398B62B002DEF64 /* cmu_us_awb_cg_phonestate.c in Sources */,
				82DFD8F51398B62B002DEF64 /* cmu_us_awb_cg_single_mcep_trees.c in Sources */,
				82DFD8F61398B62B002DEF64 /* cmu_us_awb_cg_single_params.c in Sources */,
				82DFD8F71398B62B002DEF64 /* cmu_us_kal.c in Sources */,
				82DFD8F81398B62B002DEF64 /* cmu_us_kal_diphone.c in Sources */,
				82DFD8F91398B62B002DEF64 /* cmu_us_kal_lpc.c in Sources */,
				82DFD8FA1398B62B002DEF64 /* cmu_us_kal_res.c in Sources */,
				82DFD8FB1398B62B002DEF64 /* cmu_us_kal_residx.c in Sources */,
				82DFD8FC1398B62B002DEF64 /* cmu_us_kal16.c in Sources */,
				82DFD8FD1398B62B002DEF64 /* cmu_us_kal16_diphone.c in Sources */,
				82DFD8FE1398B62B002DEF64 /* cmu_us_kal16_lpc.c in Sources */,
				82DFD8FF1398B62B002DEF64 /* cmu_us_kal16_res.c in Sources */,
				82DFD9001398B62B002DEF64 /* cmu_us_kal16_residx.c in Sources */,
				82DFD9011398B62B002DEF64 /* cmu_us_rms.c in Sources */,
				82DFD9021398B62B002DEF64 /* cmu_us_rms_cg.c in Sources */,
				82DFD9031398B62B002DEF64 /* cmu_us_rms_cg_durmodel.c in Sources */,
				82DFD9041398B62B002DEF64 /* cmu_us_rms_cg_f0_trees.c in Sources */,
				82DFD9051398B62B002DEF64 /* cmu_us_rms_cg_phonestate.c in Sources */,
				82DFD9061398B62B002DEF64 /* cmu_us_rms_cg_single_mcep_trees.c in Sources */,
				82DFD9071398B62B002DEF64 /* cmu_us_rms_cg_single_params.c in Sources */,
				82DFD9081398B62B002DEF64 /* cmu_us_slt.c in Sources */,
				82DFD9091398B62B002DEF64 /* cmu_us_slt_cg.c in Sources */,
				82DFD90A1398B62B002DEF64 /* cmu_us_slt_cg_durmodel.c in Sources */,
				82DFD90B1398B62B002DEF64 /* cmu_us_slt_cg_f0_trees.c in Sources */,
				82DFD90C1398B62B002DEF64 /* cmu_us_slt_cg_phonestate.c in Sources */,
				82DFD90D1398B62B002DEF64 /* cmu_us_slt_cg_single_mcep_trees.c in Sources */,
				82DFD90E1398B62B002DEF64 /* cmu_us_slt_cg_single_params.c in Sources */,
				82DFD90F1398B62B002DEF64 /* cmu_lex.c in Sources */,
				82DFD9101398B62B002DEF64 /* cmu_lex_data.c in Sources */,
				82DFD9111398B62B002DEF64 /* cmu_lex_entries.c in Sources */,
				82DFD9121398B62B002DEF64 /* cmu_lts_model.c in Sources */,
				82DFD9131398B62B002DEF64 /* cmu_lts_rules.c in Sources */,
				82DFD9141398B62B002DEF64 /* cmu_postlex.c in Sources */,
				82DFD9151398B62B002DEF64 /* us_aswd.c in Sources */,
				82DFD9161398B62B002DEF64 /* us_dur_stats.c in Sources */,
				82DFD9171398B62B002DEF64 /* us_durz_cart.c in Sources */,
				82DFD9181398B62B002DEF64 /* us_expand.c in Sources */,
				82DFD9191398B62B002DEF64 /* us_f0_model.c in Sources */,
				82DFD91A1398B62B002DEF64 /* us_f0lr.c in Sources */,
				82DFD91B1398B62B002DEF64 /* us_ffeatures.c in Sources */,
				82DFD91C1398B62B002DEF64 /* us_gpos.c in Sources */,
				82DFD91D1398B62B002DEF64 /* us_int_accent_cart.c in Sources */,
				82DFD91E1398B62B002DEF64 /* us_int_tone_cart.c in Sources */,
				82DFD91F1398B62B002DEF64 /* us_nums_cart.c in Sources */,
				82DFD9201398B62B002DEF64 /* us_phoneset.c in Sources */,
				82DFD9211398B62B002DEF64 /* us_phrasing_cart.c in Sources */,
				82DFD9231398B62B002DEF64 /* us_pos_cart.c in Sources */,
				82DFD9241398B62B002DEF64 /* us_text.c in Sources */,
				82DFD9251398B62B002DEF64 /* usenglish.c in Sources */,
			);
			runOnlyForDeploymentPostprocessing = 0;
		};
/* End PBXSourcesBuildPhase section */

/* Begin PBXVariantGroup section */
		82DFD7DB139894DA002DEF64 /* InfoPlist.strings */ = {
			isa = PBXVariantGroup;
			children = (
				82DFD7DC139894DA002DEF64 /* en */,
			);
			name = InfoPlist.strings;
			sourceTree = "<group>";
		};
		82DFD7E4139894DA002DEF64 /* MainWindow.xib */ = {
			isa = PBXVariantGroup;
			children = (
				82DFD7E5139894DA002DEF64 /* en */,
			);
			name = MainWindow.xib;
			sourceTree = "<group>";
		};
		82DFD7EA139894DA002DEF64 /* TTSOverviewViewController.xib */ = {
			isa = PBXVariantGroup;
			children = (
				82DFD7EB139894DA002DEF64 /* en */,
			);
			name = TTSOverviewViewController.xib;
			sourceTree = "<group>";
		};
/* End PBXVariantGroup section */

/* Begin XCBuildConfiguration section */
		82DFD7ED139894DA002DEF64 /* Debug */ = {
			isa = XCBuildConfiguration;
			buildSettings = {
				ARCHS = "$(ARCHS_STANDARD_32_BIT)";
				"CODE_SIGN_IDENTITY[sdk=iphoneos*]" = "iPhone Developer";
				GCC_C_LANGUAGE_STANDARD = gnu99;
				GCC_OPTIMIZATION_LEVEL = 0;
				GCC_PREPROCESSOR_DEFINITIONS = DEBUG;
				GCC_SYMBOLS_PRIVATE_EXTERN = NO;
				GCC_VERSION = com.apple.compilers.llvmgcc42;
				GCC_WARN_ABOUT_RETURN_TYPE = YES;
				GCC_WARN_UNUSED_VARIABLE = YES;
				IPHONEOS_DEPLOYMENT_TARGET = 4.3;
				SDKROOT = iphoneos;
			};
			name = Debug;
		};
		82DFD7EE139894DA002DEF64 /* Release */ = {
			isa = XCBuildConfiguration;
			buildSettings = {
				ARCHS = "$(ARCHS_STANDARD_32_BIT)";
				"CODE_SIGN_IDENTITY[sdk=iphoneos*]" = "iPhone Developer";
				GCC_C_LANGUAGE_STANDARD = gnu99;
				GCC_VERSION = com.apple.compilers.llvmgcc42;
				GCC_WARN_ABOUT_RETURN_TYPE = YES;
				GCC_WARN_UNUSED_VARIABLE = YES;
				IPHONEOS_DEPLOYMENT_TARGET = 4.3;
				OTHER_CFLAGS = "-DNS_BLOCK_ASSERTIONS=1";
				SDKROOT = iphoneos;
			};
			name = Release;
		};
		82DFD7F0139894DA002DEF64 /* Debug */ = {
			isa = XCBuildConfiguration;
			buildSettings = {
				ALWAYS_SEARCH_USER_PATHS = NO;
				COPY_PHASE_STRIP = NO;
				GCC_DYNAMIC_NO_PIC = NO;
				GCC_PRECOMPILE_PREFIX_HEADER = YES;
				GCC_PREFIX_HEADER = "TTSOverview/TTSOverview-Prefix.pch";
				INFOPLIST_FILE = "TTSOverview/TTSOverview-Info.plist";
				PRODUCT_NAME = "$(TARGET_NAME)";
				WRAPPER_EXTENSION = app;
			};
			name = Debug;
		};
		82DFD7F1139894DA002DEF64 /* Release */ = {
			isa = XCBuildConfiguration;
			buildSettings = {
				ALWAYS_SEARCH_USER_PATHS = NO;
				COPY_PHASE_STRIP = YES;
				GCC_PRECOMPILE_PREFIX_HEADER = YES;
				GCC_PREFIX_HEADER = "TTSOverview/TTSOverview-Prefix.pch";
				INFOPLIST_FILE = "TTSOverview/TTSOverview-Info.plist";
				PRODUCT_NAME = "$(TARGET_NAME)";
				VALIDATE_PRODUCT = YES;
				WRAPPER_EXTENSION = app;
			};
			name = Release;
		};
/* End XCBuildConfiguration section */

/* Begin XCConfigurationList section */
		82DFD7C8139894DA002DEF64 /* Build configuration list for PBXProject "TTSOverview" */ = {
			isa = XCConfigurationList;
			buildConfigurations = (
				82DFD7ED139894DA002DEF64 /* Debug */,
				82DFD7EE139894DA002DEF64 /* Release */,
			);
			defaultConfigurationIsVisible = 0;
			defaultConfigurationName = Release;
		};
		82DFD7EF139894DA002DEF64 /* Build configuration list for PBXNativeTarget "TTSOverview" */ = {
			isa = XCConfigurationList;
			buildConfigurations = (
				82DFD7F0139894DA002DEF64 /* Debug */,
				82DFD7F1139894DA002DEF64 /* Release */,
			);
			defaultConfigurationIsVisible = 0;
		};
/* End XCConfigurationList section */
	};
	rootObject = 82DFD7C5139894DA002DEF64 /* Project object */;
}
