// !$*UTF8*$!
{
	archiveVersion = 1;
	classes = {
	};
	objectVersion = 46;
	objects = {

/* Begin PBXBuildFile section */
		821FCC161398CDAB0054A9D8 /* FliteTTS.m in Sources */ = {isa = PBXBuildFile; fileRef = 821FCC151398CDAB0054A9D8 /* FliteTTS.m */; };
		821FCCC61398CDBD0054A9D8 /* au_none.c in Sources */ = {isa = PBXBuildFile; fileRef = 821FCC421398CDBC0054A9D8 /* au_none.c */; };
		821FCCC71398CDBD0054A9D8 /* au_streaming.c in Sources */ = {isa = PBXBuildFile; fileRef = 821FCC431398CDBC0054A9D8 /* au_streaming.c */; };
		821FCCC81398CDBD0054A9D8 /* audio.c in Sources */ = {isa = PBXBuildFile; fileRef = 821FCC441398CDBC0054A9D8 /* audio.c */; };
		821FCCC91398CDBD0054A9D8 /* cst_alloc.c in Sources */ = {isa = PBXBuildFile; fileRef = 821FCC451398CDBC0054A9D8 /* cst_alloc.c */; };
		821FCCCA1398CDBD0054A9D8 /* cst_cart.c in Sources */ = {isa = PBXBuildFile; fileRef = 821FCC461398CDBC0054A9D8 /* cst_cart.c */; };
		821FCCCB1398CDBD0054A9D8 /* cst_cg.c in Sources */ = {isa = PBXBuildFile; fileRef = 821FCC471398CDBC0054A9D8 /* cst_cg.c */; };
		821FCCCC1398CDBD0054A9D8 /* cst_diphone.c in Sources */ = {isa = PBXBuildFile; fileRef = 821FCC481398CDBC0054A9D8 /* cst_diphone.c */; };
		821FCCCD1398CDBD0054A9D8 /* cst_endian.c in Sources */ = {isa = PBXBuildFile; fileRef = 821FCC491398CDBC0054A9D8 /* cst_endian.c */; };
		821FCCCE1398CDBD0054A9D8 /* cst_error.c in Sources */ = {isa = PBXBuildFile; fileRef = 821FCC4A1398CDBC0054A9D8 /* cst_error.c */; };
		821FCCCF1398CDBD0054A9D8 /* cst_features.c in Sources */ = {isa = PBXBuildFile; fileRef = 821FCC4B1398CDBC0054A9D8 /* cst_features.c */; };
		821FCCD01398CDBD0054A9D8 /* cst_ffeature.c in Sources */ = {isa = PBXBuildFile; fileRef = 821FCC4C1398CDBC0054A9D8 /* cst_ffeature.c */; };
		821FCCD11398CDBD0054A9D8 /* cst_ffeatures.c in Sources */ = {isa = PBXBuildFile; fileRef = 821FCC4D1398CDBC0054A9D8 /* cst_ffeatures.c */; };
		821FCCD21398CDBD0054A9D8 /* cst_file_stdio.c in Sources */ = {isa = PBXBuildFile; fileRef = 821FCC4E1398CDBC0054A9D8 /* cst_file_stdio.c */; };
		821FCCD31398CDBD0054A9D8 /* cst_item.c in Sources */ = {isa = PBXBuildFile; fileRef = 821FCC4F1398CDBC0054A9D8 /* cst_item.c */; };
		821FCCD41398CDBD0054A9D8 /* cst_lexicon.c in Sources */ = {isa = PBXBuildFile; fileRef = 821FCC501398CDBC0054A9D8 /* cst_lexicon.c */; };
		821FCCD51398CDBD0054A9D8 /* cst_lpcres.c in Sources */ = {isa = PBXBuildFile; fileRef = 821FCC511398CDBC0054A9D8 /* cst_lpcres.c */; };
		821FCCD61398CDBD0054A9D8 /* cst_lts.c in Sources */ = {isa = PBXBuildFile; fileRef = 821FCC521398CDBC0054A9D8 /* cst_lts.c */; };
		821FCCD71398CDBD0054A9D8 /* cst_mlpg.c in Sources */ = {isa = PBXBuildFile; fileRef = 821FCC531398CDBC0054A9D8 /* cst_mlpg.c */; };
		821FCCD81398CDBD0054A9D8 /* cst_mlsa.c in Sources */ = {isa = PBXBuildFile; fileRef = 821FCC541398CDBC0054A9D8 /* cst_mlsa.c */; };
		821FCCD91398CDBD0054A9D8 /* cst_phoneset.c in Sources */ = {isa = PBXBuildFile; fileRef = 821FCC551398CDBC0054A9D8 /* cst_phoneset.c */; };
		821FCCDA1398CDBD0054A9D8 /* cst_regex.c in Sources */ = {isa = PBXBuildFile; fileRef = 821FCC561398CDBC0054A9D8 /* cst_regex.c */; };
		821FCCDB1398CDBD0054A9D8 /* cst_relation.c in Sources */ = {isa = PBXBuildFile; fileRef = 821FCC571398CDBC0054A9D8 /* cst_relation.c */; };
		821FCCDC1398CDBD0054A9D8 /* cst_sigpr.c in Sources */ = {isa = PBXBuildFile; fileRef = 821FCC581398CDBC0054A9D8 /* cst_sigpr.c */; };
		821FCCDD1398CDBD0054A9D8 /* cst_string.c in Sources */ = {isa = PBXBuildFile; fileRef = 821FCC591398CDBC0054A9D8 /* cst_string.c */; };
		821FCCDE1398CDBD0054A9D8 /* cst_sts.c in Sources */ = {isa = PBXBuildFile; fileRef = 821FCC5A1398CDBC0054A9D8 /* cst_sts.c */; };
		821FCCDF1398CDBD0054A9D8 /* cst_synth.c in Sources */ = {isa = PBXBuildFile; fileRef = 821FCC5B1398CDBC0054A9D8 /* cst_synth.c */; };
		821FCCE01398CDBD0054A9D8 /* cst_tokenstream.c in Sources */ = {isa = PBXBuildFile; fileRef = 821FCC5C1398CDBC0054A9D8 /* cst_tokenstream.c */; };
		821FCCE11398CDBD0054A9D8 /* cst_track.c in Sources */ = {isa = PBXBuildFile; fileRef = 821FCC5D1398CDBC0054A9D8 /* cst_track.c */; };
		821FCCE21398CDBD0054A9D8 /* cst_units.c in Sources */ = {isa = PBXBuildFile; fileRef = 821FCC5E1398CDBC0054A9D8 /* cst_units.c */; };
		821FCCE31398CDBD0054A9D8 /* cst_utt_utils.c in Sources */ = {isa = PBXBuildFile; fileRef = 821FCC5F1398CDBC0054A9D8 /* cst_utt_utils.c */; };
		821FCCE41398CDBD0054A9D8 /* cst_utterance.c in Sources */ = {isa = PBXBuildFile; fileRef = 821FCC601398CDBC0054A9D8 /* cst_utterance.c */; };
		821FCCE51398CDBD0054A9D8 /* cst_val.c in Sources */ = {isa = PBXBuildFile; fileRef = 821FCC611398CDBC0054A9D8 /* cst_val.c */; };
		821FCCE61398CDBD0054A9D8 /* cst_val_const.c in Sources */ = {isa = PBXBuildFile; fileRef = 821FCC621398CDBC0054A9D8 /* cst_val_const.c */; };
		821FCCE71398CDBD0054A9D8 /* cst_val_user.c in Sources */ = {isa = PBXBuildFile; fileRef = 821FCC631398CDBC0054A9D8 /* cst_val_user.c */; };
		821FCCE81398CDBD0054A9D8 /* cst_vc.c in Sources */ = {isa = PBXBuildFile; fileRef = 821FCC641398CDBC0054A9D8 /* cst_vc.c */; };
		821FCCE91398CDBD0054A9D8 /* cst_voice.c in Sources */ = {isa = PBXBuildFile; fileRef = 821FCC651398CDBC0054A9D8 /* cst_voice.c */; };
		821FCCEA1398CDBD0054A9D8 /* cst_wave.c in Sources */ = {isa = PBXBuildFile; fileRef = 821FCC661398CDBC0054A9D8 /* cst_wave.c */; };
		821FCCEB1398CDBD0054A9D8 /* cst_wave_io.c in Sources */ = {isa = PBXBuildFile; fileRef = 821FCC671398CDBC0054A9D8 /* cst_wave_io.c */; };
		821FCCEC1398CDBD0054A9D8 /* cst_wave_utils.c in Sources */ = {isa = PBXBuildFile; fileRef = 821FCC681398CDBC0054A9D8 /* cst_wave_utils.c */; };
		821FCCED1398CDBD0054A9D8 /* flite.c in Sources */ = {isa = PBXBuildFile; fileRef = 821FCC691398CDBC0054A9D8 /* flite.c */; };
		821FCCEE1398CDBD0054A9D8 /* rateconv.c in Sources */ = {isa = PBXBuildFile; fileRef = 821FCC6A1398CDBC0054A9D8 /* rateconv.c */; };
		821FCCEF1398CDBD0054A9D8 /* regexp.c in Sources */ = {isa = PBXBuildFile; fileRef = 821FCC6B1398CDBC0054A9D8 /* regexp.c */; };
		821FCCF01398CDBD0054A9D8 /* cmu_us_awb.c in Sources */ = {isa = PBXBuildFile; fileRef = 821FCC6E1398CDBC0054A9D8 /* cmu_us_awb.c */; };
		821FCCF11398CDBD0054A9D8 /* cmu_us_awb_cg.c in Sources */ = {isa = PBXBuildFile; fileRef = 821FCC6F1398CDBC0054A9D8 /* cmu_us_awb_cg.c */; };
		821FCCF21398CDBD0054A9D8 /* cmu_us_awb_cg_durmodel.c in Sources */ = {isa = PBXBuildFile; fileRef = 821FCC701398CDBC0054A9D8 /* cmu_us_awb_cg_durmodel.c */; };
		821FCCF31398CDBD0054A9D8 /* cmu_us_awb_cg_f0_trees.c in Sources */ = {isa = PBXBuildFile; fileRef = 821FCC721398CDBC0054A9D8 /* cmu_us_awb_cg_f0_trees.c */; };
		821FCCF41398CDBD0054A9D8 /* cmu_us_awb_cg_phonestate.c in Sources */ = {isa = PBXBuildFile; fileRef = 821FCC741398CDBC0054A9D8 /* cmu_us_awb_cg_phonestate.c */; };
		821FCCF51398CDBD0054A9D8 /* cmu_us_awb_cg_single_mcep_trees.c in Sources */ = {isa = PBXBuildFile; fileRef = 821FCC751398CDBC0054A9D8 /* cmu_us_awb_cg_single_mcep_trees.c */; };
		821FCCF61398CDBD0054A9D8 /* cmu_us_awb_cg_single_params.c in Sources */ = {isa = PBXBuildFile; fileRef = 821FCC771398CDBC0054A9D8 /* cmu_us_awb_cg_single_params.c */; };
		821FCCF71398CDBD0054A9D8 /* cmu_us_kal.c in Sources */ = {isa = PBXBuildFile; fileRef = 821FCC7A1398CDBC0054A9D8 /* cmu_us_kal.c */; };
		821FCCF81398CDBD0054A9D8 /* cmu_us_kal_diphone.c in Sources */ = {isa = PBXBuildFile; fileRef = 821FCC7B1398CDBC0054A9D8 /* cmu_us_kal_diphone.c */; };
		821FCCF91398CDBD0054A9D8 /* cmu_us_kal_lpc.c in Sources */ = {isa = PBXBuildFile; fileRef = 821FCC7C1398CDBC0054A9D8 /* cmu_us_kal_lpc.c */; };
		821FCCFA1398CDBD0054A9D8 /* cmu_us_kal_res.c in Sources */ = {isa = PBXBuildFile; fileRef = 821FCC7D1398CDBC0054A9D8 /* cmu_us_kal_res.c */; };
		821FCCFB1398CDBD0054A9D8 /* cmu_us_kal_residx.c in Sources */ = {isa = PBXBuildFile; fileRef = 821FCC7E1398CDBC0054A9D8 /* cmu_us_kal_residx.c */; };
		821FCCFC1398CDBD0054A9D8 /* cmu_us_kal16.c in Sources */ = {isa = PBXBuildFile; fileRef = 821FCC811398CDBC0054A9D8 /* cmu_us_kal16.c */; };
		821FCCFD1398CDBD0054A9D8 /* cmu_us_kal16_diphone.c in Sources */ = {isa = PBXBuildFile; fileRef = 821FCC821398CDBC0054A9D8 /* cmu_us_kal16_diphone.c */; };
		821FCCFE1398CDBD0054A9D8 /* cmu_us_kal16_lpc.c in Sources */ = {isa = PBXBuildFile; fileRef = 821FCC831398CDBC0054A9D8 /* cmu_us_kal16_lpc.c */; };
		821FCCFF1398CDBD0054A9D8 /* cmu_us_kal16_res.c in Sources */ = {isa = PBXBuildFile; fileRef = 821FCC841398CDBC0054A9D8 /* cmu_us_kal16_res.c */; };
		821FCD001398CDBD0054A9D8 /* cmu_us_kal16_residx.c in Sources */ = {isa = PBXBuildFile; fileRef = 821FCC851398CDBC0054A9D8 /* cmu_us_kal16_residx.c */; };
		821FCD011398CDBD0054A9D8 /* cmu_us_rms.c in Sources */ = {isa = PBXBuildFile; fileRef = 821FCC881398CDBC0054A9D8 /* cmu_us_rms.c */; };
		821FCD021398CDBD0054A9D8 /* cmu_us_rms_cg.c in Sources */ = {isa = PBXBuildFile; fileRef = 821FCC891398CDBC0054A9D8 /* cmu_us_rms_cg.c */; };
		821FCD031398CDBD0054A9D8 /* cmu_us_rms_cg_durmodel.c in Sources */ = {isa = PBXBuildFile; fileRef = 821FCC8A1398CDBC0054A9D8 /* cmu_us_rms_cg_durmodel.c */; };
		821FCD041398CDBD0054A9D8 /* cmu_us_rms_cg_f0_trees.c in Sources */ = {isa = PBXBuildFile; fileRef = 821FCC8C1398CDBC0054A9D8 /* cmu_us_rms_cg_f0_trees.c */; };
		821FCD051398CDBD0054A9D8 /* cmu_us_rms_cg_phonestate.c in Sources */ = {isa = PBXBuildFile; fileRef = 821FCC8E1398CDBC0054A9D8 /* cmu_us_rms_cg_phonestate.c */; };
		821FCD061398CDBD0054A9D8 /* cmu_us_rms_cg_single_mcep_trees.c in Sources */ = {isa = PBXBuildFile; fileRef = 821FCC8F1398CDBC0054A9D8 /* cmu_us_rms_cg_single_mcep_trees.c */; };
		821FCD071398CDBD0054A9D8 /* cmu_us_rms_cg_single_params.c in Sources */ = {isa = PBXBuildFile; fileRef = 821FCC911398CDBC0054A9D8 /* cmu_us_rms_cg_single_params.c */; };
		821FCD081398CDBD0054A9D8 /* cmu_us_slt.c in Sources */ = {isa = PBXBuildFile; fileRef = 821FCC951398CDBC0054A9D8 /* cmu_us_slt.c */; };
		821FCD091398CDBD0054A9D8 /* cmu_us_slt_cg.c in Sources */ = {isa = PBXBuildFile; fileRef = 821FCC961398CDBC0054A9D8 /* cmu_us_slt_cg.c */; };
		821FCD0A1398CDBD0054A9D8 /* cmu_us_slt_cg_durmodel.c in Sources */ = {isa = PBXBuildFile; fileRef = 821FCC971398CDBC0054A9D8 /* cmu_us_slt_cg_durmodel.c */; };
		821FCD0B1398CDBD0054A9D8 /* cmu_us_slt_cg_f0_trees.c in Sources */ = {isa = PBXBuildFile; fileRef = 821FCC991398CDBC0054A9D8 /* cmu_us_slt_cg_f0_trees.c */; };
		821FCD0C1398CDBD0054A9D8 /* cmu_us_slt_cg_phonestate.c in Sources */ = {isa = PBXBuildFile; fileRef = 821FCC9B1398CDBC0054A9D8 /* cmu_us_slt_cg_phonestate.c */; };
		821FCD0D1398CDBD0054A9D8 /* cmu_us_slt_cg_single_mcep_trees.c in Sources */ = {isa = PBXBuildFile; fileRef = 821FCC9C1398CDBC0054A9D8 /* cmu_us_slt_cg_single_mcep_trees.c */; };
		821FCD0E1398CDBD0054A9D8 /* cmu_us_slt_cg_single_params.c in Sources */ = {isa = PBXBuildFile; fileRef = 821FCC9E1398CDBC0054A9D8 /* cmu_us_slt_cg_single_params.c */; };
		821FCD0F1398CDBD0054A9D8 /* cmu_lex.c in Sources */ = {isa = PBXBuildFile; fileRef = 821FCCA11398CDBC0054A9D8 /* cmu_lex.c */; };
		821FCD101398CDBD0054A9D8 /* cmu_lex_data.c in Sources */ = {isa = PBXBuildFile; fileRef = 821FCCA31398CDBC0054A9D8 /* cmu_lex_data.c */; };
		821FCD111398CDBD0054A9D8 /* cmu_lex_entries.c in Sources */ = {isa = PBXBuildFile; fileRef = 821FCCA41398CDBC0054A9D8 /* cmu_lex_entries.c */; };
		821FCD121398CDBD0054A9D8 /* cmu_lts_model.c in Sources */ = {isa = PBXBuildFile; fileRef = 821FCCA51398CDBC0054A9D8 /* cmu_lts_model.c */; };
		821FCD131398CDBD0054A9D8 /* cmu_lts_rules.c in Sources */ = {isa = PBXBuildFile; fileRef = 821FCCA71398CDBC0054A9D8 /* cmu_lts_rules.c */; };
		821FCD141398CDBD0054A9D8 /* cmu_postlex.c in Sources */ = {isa = PBXBuildFile; fileRef = 821FCCA81398CDBC0054A9D8 /* cmu_postlex.c */; };
		821FCD151398CDBD0054A9D8 /* us_aswd.c in Sources */ = {isa = PBXBuildFile; fileRef = 821FCCAA1398CDBC0054A9D8 /* us_aswd.c */; };
		821FCD161398CDBD0054A9D8 /* us_dur_stats.c in Sources */ = {isa = PBXBuildFile; fileRef = 821FCCAB1398CDBC0054A9D8 /* us_dur_stats.c */; };
		821FCD171398CDBD0054A9D8 /* us_durz_cart.c in Sources */ = {isa = PBXBuildFile; fileRef = 821FCCAC1398CDBC0054A9D8 /* us_durz_cart.c */; };
		821FCD181398CDBE0054A9D8 /* us_expand.c in Sources */ = {isa = PBXBuildFile; fileRef = 821FCCAE1398CDBC0054A9D8 /* us_expand.c */; };
		821FCD191398CDBE0054A9D8 /* us_f0_model.c in Sources */ = {isa = PBXBuildFile; fileRef = 821FCCB01398CDBC0054A9D8 /* us_f0_model.c */; };
		821FCD1A1398CDBE0054A9D8 /* us_f0lr.c in Sources */ = {isa = PBXBuildFile; fileRef = 821FCCB11398CDBC0054A9D8 /* us_f0lr.c */; };
		821FCD1B1398CDBE0054A9D8 /* us_ffeatures.c in Sources */ = {isa = PBXBuildFile; fileRef = 821FCCB21398CDBC0054A9D8 /* us_ffeatures.c */; };
		821FCD1C1398CDBE0054A9D8 /* us_gpos.c in Sources */ = {isa = PBXBuildFile; fileRef = 821FCCB41398CDBC0054A9D8 /* us_gpos.c */; };
		821FCD1D1398CDBE0054A9D8 /* us_int_accent_cart.c in Sources */ = {isa = PBXBuildFile; fileRef = 821FCCB51398CDBC0054A9D8 /* us_int_accent_cart.c */; };
		821FCD1E1398CDBE0054A9D8 /* us_int_tone_cart.c in Sources */ = {isa = PBXBuildFile; fileRef = 821FCCB71398CDBC0054A9D8 /* us_int_tone_cart.c */; };
		821FCD1F1398CDBE0054A9D8 /* us_nums_cart.c in Sources */ = {isa = PBXBuildFile; fileRef = 821FCCB91398CDBC0054A9D8 /* us_nums_cart.c */; };
		821FCD201398CDBE0054A9D8 /* us_phoneset.c in Sources */ = {isa = PBXBuildFile; fileRef = 821FCCBB1398CDBC0054A9D8 /* us_phoneset.c */; };
		821FCD211398CDBE0054A9D8 /* us_phrasing_cart.c in Sources */ = {isa = PBXBuildFile; fileRef = 821FCCBC1398CDBC0054A9D8 /* us_phrasing_cart.c */; };
		821FCD221398CDBE0054A9D8 /* us_pos.tree in Resources */ = {isa = PBXBuildFile; fileRef = 821FCCBE1398CDBD0054A9D8 /* us_pos.tree */; };
		821FCD231398CDBE0054A9D8 /* us_pos_cart.c in Sources */ = {isa = PBXBuildFile; fileRef = 821FCCBF1398CDBD0054A9D8 /* us_pos_cart.c */; };
		821FCD241398CDBE0054A9D8 /* us_text.c in Sources */ = {isa = PBXBuildFile; fileRef = 821FCCC21398CDBD0054A9D8 /* us_text.c */; };
		821FCD251398CDBE0054A9D8 /* usenglish.c in Sources */ = {isa = PBXBuildFile; fileRef = 821FCCC41398CDBD0054A9D8 /* usenglish.c */; };
		82DFD7D3139894DA002DEF64 /* UIKit.framework in Frameworks */ = {isa = PBXBuildFile; fileRef = 82DFD7D2139894DA002DEF64 /* UIKit.framework */; };
		82DFD7D5139894DA002DEF64 /* Foundation.framework in Frameworks */ = {isa = PBXBuildFile; fileRef = 82DFD7D4139894DA002DEF64 /* Foundation.framework */; };
		82DFD7D7139894DA002DEF64 /* CoreGraphics.framework in Frameworks */ = {isa = PBXBuildFile; fileRef = 82DFD7D6139894DA002DEF64 /* CoreGraphics.framework */; };
		82DFD7DD139894DA002DEF64 /* InfoPlist.strings in Resources */ = {isa = PBXBuildFile; fileRef = 82DFD7DB139894DA002DEF64 /* InfoPlist.strings */; };
		82DFD7E0139894DA002DEF64 /* main.m in Sources */ = {isa = PBXBuildFile; fileRef = 82DFD7DF139894DA002DEF64 /* main.m */; };
		82DFD7E3139894DA002DEF64 /* TTSOverviewAppDelegate.m in Sources */ = {isa = PBXBuildFile; fileRef = 82DFD7E2139894DA002DEF64 /* TTSOverviewAppDelegate.m */; };
		82DFD7E6139894DA002DEF64 /* MainWindow.xib in Resources */ = {isa = PBXBuildFile; fileRef = 82DFD7E4139894DA002DEF64 /* MainWindow.xib */; };
		82DFD7E9139894DA002DEF64 /* TTSOverviewViewController.m in Sources */ = {isa = PBXBuildFile; fileRef = 82DFD7E8139894DA002DEF64 /* TTSOverviewViewController.m */; };
		82DFD7EC139894DA002DEF64 /* TTSOverviewViewController.xib in Resources */ = {isa = PBXBuildFile; fileRef = 82DFD7EA139894DA002DEF64 /* TTSOverviewViewController.xib */; };
		82DFD9271398B81D002DEF64 /* AVFoundation.framework in Frameworks */ = {isa = PBXBuildFile; fileRef = 82DFD9261398B81C002DEF64 /* AVFoundation.framework */; };
/* End PBXBuildFile section */

/* Begin PBXFileReference section */
		821FCC141398CDAB0054A9D8 /* FliteTTS.h */ = {isa = PBXFileReference; fileEncoding = 4; lastKnownFileType = sourcecode.c.h; path = FliteTTS.h; sourceTree = "<group>"; };
		821FCC151398CDAB0054A9D8 /* FliteTTS.m */ = {isa = PBXFileReference; fileEncoding = 4; lastKnownFileType = sourcecode.c.objc; path = FliteTTS.m; sourceTree = "<group>"; };
		821FCC1A1398CDBC0054A9D8 /* cst_alloc.h */ = {isa = PBXFileReference; fileEncoding = 4; lastKnownFileType = sourcecode.c.h; path = cst_alloc.h; sourceTree = "<group>"; };
		821FCC1B1398CDBC0054A9D8 /* cst_audio.h */ = {isa = PBXFileReference; fileEncoding = 4; lastKnownFileType = sourcecode.c.h; path = cst_audio.h; sourceTree = "<group>"; };
		821FCC1C1398CDBC0054A9D8 /* cst_cart.h */ = {isa = PBXFileReference; fileEncoding = 4; lastKnownFileType = sourcecode.c.h; path = cst_cart.h; sourceTree = "<group>"; };
		821FCC1D1398CDBC0054A9D8 /* cst_cg.h */ = {isa = PBXFileReference; fileEncoding = 4; lastKnownFileType = sourcecode.c.h; path = cst_cg.h; sourceTree = "<group>"; };
		821FCC1E1398CDBC0054A9D8 /* cst_diphone.h */ = {isa = PBXFileReference; fileEncoding = 4; lastKnownFileType = sourcecode.c.h; path = cst_diphone.h; sourceTree = "<group>"; };
		821FCC1F1398CDBC0054A9D8 /* cst_endian.h */ = {isa = PBXFileReference; fileEncoding = 4; lastKnownFileType = sourcecode.c.h; path = cst_endian.h; sourceTree = "<group>"; };
		821FCC201398CDBC0054A9D8 /* cst_error.h */ = {isa = PBXFileReference; fileEncoding = 4; lastKnownFileType = sourcecode.c.h; path = cst_error.h; sourceTree = "<group>"; };
		821FCC211398CDBC0054A9D8 /* cst_features.h */ = {isa = PBXFileReference; fileEncoding = 4; lastKnownFileType = sourcecode.c.h; path = cst_features.h; sourceTree = "<group>"; };
		821FCC221398CDBC0054A9D8 /* cst_ffeatures.h */ = {isa = PBXFileReference; fileEncoding = 4; lastKnownFileType = sourcecode.c.h; path = cst_ffeatures.h; sourceTree = "<group>"; };
		821FCC231398CDBC0054A9D8 /* cst_file.h */ = {isa = PBXFileReference; fileEncoding = 4; lastKnownFileType = sourcecode.c.h; path = cst_file.h; sourceTree = "<group>"; };
		821FCC241398CDBC0054A9D8 /* cst_hrg.h */ = {isa = PBXFileReference; fileEncoding = 4; lastKnownFileType = sourcecode.c.h; path = cst_hrg.h; sourceTree = "<group>"; };
		821FCC251398CDBC0054A9D8 /* cst_item.h */ = {isa = PBXFileReference; fileEncoding = 4; lastKnownFileType = sourcecode.c.h; path = cst_item.h; sourceTree = "<group>"; };
		821FCC261398CDBC0054A9D8 /* cst_lexicon.h */ = {isa = PBXFileReference; fileEncoding = 4; lastKnownFileType = sourcecode.c.h; path = cst_lexicon.h; sourceTree = "<group>"; };
		821FCC271398CDBC0054A9D8 /* cst_lts.h */ = {isa = PBXFileReference; fileEncoding = 4; lastKnownFileType = sourcecode.c.h; path = cst_lts.h; sourceTree = "<group>"; };
		821FCC281398CDBC0054A9D8 /* cst_math.h */ = {isa = PBXFileReference; fileEncoding = 4; lastKnownFileType = sourcecode.c.h; path = cst_math.h; sourceTree = "<group>"; };
		821FCC291398CDBC0054A9D8 /* cst_mlpg.h */ = {isa = PBXFileReference; fileEncoding = 4; lastKnownFileType = sourcecode.c.h; path = cst_mlpg.h; sourceTree = "<group>"; };
		821FCC2A1398CDBC0054A9D8 /* cst_mlsa.h */ = {isa = PBXFileReference; fileEncoding = 4; lastKnownFileType = sourcecode.c.h; path = cst_mlsa.h; sourceTree = "<group>"; };
		821FCC2B1398CDBC0054A9D8 /* cst_phoneset.h */ = {isa = PBXFileReference; fileEncoding = 4; lastKnownFileType = sourcecode.c.h; path = cst_phoneset.h; sourceTree = "<group>"; };
		821FCC2C1398CDBC0054A9D8 /* cst_regex.h */ = {isa = PBXFileReference; fileEncoding = 4; lastKnownFileType = sourcecode.c.h; path = cst_regex.h; sourceTree = "<group>"; };
		821FCC2D1398CDBC0054A9D8 /* cst_regex_defs.h */ = {isa = PBXFileReference; fileEncoding = 4; lastKnownFileType = sourcecode.c.h; path = cst_regex_defs.h; sourceTree = "<group>"; };
		821FCC2E1398CDBC0054A9D8 /* cst_relation.h */ = {isa = PBXFileReference; fileEncoding = 4; lastKnownFileType = sourcecode.c.h; path = cst_relation.h; sourceTree = "<group>"; };
		821FCC2F1398CDBC0054A9D8 /* cst_sigpr.h */ = {isa = PBXFileReference; fileEncoding = 4; lastKnownFileType = sourcecode.c.h; path = cst_sigpr.h; sourceTree = "<group>"; };
		821FCC301398CDBC0054A9D8 /* cst_string.h */ = {isa = PBXFileReference; fileEncoding = 4; lastKnownFileType = sourcecode.c.h; path = cst_string.h; sourceTree = "<group>"; };
		821FCC311398CDBC0054A9D8 /* cst_sts.h */ = {isa = PBXFileReference; fileEncoding = 4; lastKnownFileType = sourcecode.c.h; path = cst_sts.h; sourceTree = "<group>"; };
		821FCC321398CDBC0054A9D8 /* cst_synth.h */ = {isa = PBXFileReference; fileEncoding = 4; lastKnownFileType = sourcecode.c.h; path = cst_synth.h; sourceTree = "<group>"; };
		821FCC331398CDBC0054A9D8 /* cst_tokenstream.h */ = {isa = PBXFileReference; fileEncoding = 4; lastKnownFileType = sourcecode.c.h; path = cst_tokenstream.h; sourceTree = "<group>"; };
		821FCC341398CDBC0054A9D8 /* cst_track.h */ = {isa = PBXFileReference; fileEncoding = 4; lastKnownFileType = sourcecode.c.h; path = cst_track.h; sourceTree = "<group>"; };
		821FCC351398CDBC0054A9D8 /* cst_units.h */ = {isa = PBXFileReference; fileEncoding = 4; lastKnownFileType = sourcecode.c.h; path = cst_units.h; sourceTree = "<group>"; };
		821FCC361398CDBC0054A9D8 /* cst_utt_utils.h */ = {isa = PBXFileReference; fileEncoding = 4; lastKnownFileType = sourcecode.c.h; path = cst_utt_utils.h; sourceTree = "<group>"; };
		821FCC371398CDBC0054A9D8 /* cst_utterance.h */ = {isa = PBXFileReference; fileEncoding = 4; lastKnownFileType = sourcecode.c.h; path = cst_utterance.h; sourceTree = "<group>"; };
		821FCC381398CDBC0054A9D8 /* cst_val.h */ = {isa = PBXFileReference; fileEncoding = 4; lastKnownFileType = sourcecode.c.h; path = cst_val.h; sourceTree = "<group>"; };
		821FCC391398CDBC0054A9D8 /* cst_val_const.h */ = {isa = PBXFileReference; fileEncoding = 4; lastKnownFileType = sourcecode.c.h; path = cst_val_const.h; sourceTree = "<group>"; };
		821FCC3A1398CDBC0054A9D8 /* cst_val_defs.h */ = {isa = PBXFileReference; fileEncoding = 4; lastKnownFileType = sourcecode.c.h; path = cst_val_defs.h; sourceTree = "<group>"; };
		821FCC3B1398CDBC0054A9D8 /* cst_vc.h */ = {isa = PBXFileReference; fileEncoding = 4; lastKnownFileType = sourcecode.c.h; path = cst_vc.h; sourceTree = "<group>"; };
		821FCC3C1398CDBC0054A9D8 /* cst_viterbi.h */ = {isa = PBXFileReference; fileEncoding = 4; lastKnownFileType = sourcecode.c.h; path = cst_viterbi.h; sourceTree = "<group>"; };
		821FCC3D1398CDBC0054A9D8 /* cst_voice.h */ = {isa = PBXFileReference; fileEncoding = 4; lastKnownFileType = sourcecode.c.h; path = cst_voice.h; sourceTree = "<group>"; };
		821FCC3E1398CDBC0054A9D8 /* cst_wave.h */ = {isa = PBXFileReference; fileEncoding = 4; lastKnownFileType = sourcecode.c.h; path = cst_wave.h; sourceTree = "<group>"; };
		821FCC3F1398CDBC0054A9D8 /* flite.h */ = {isa = PBXFileReference; fileEncoding = 4; lastKnownFileType = sourcecode.c.h; path = flite.h; sourceTree = "<group>"; };
		821FCC401398CDBC0054A9D8 /* native_audio.h */ = {isa = PBXFileReference; fileEncoding = 4; lastKnownFileType = sourcecode.c.h; path = native_audio.h; sourceTree = "<group>"; };
		821FCC421398CDBC0054A9D8 /* au_none.c */ = {isa = PBXFileReference; fileEncoding = 4; lastKnownFileType = sourcecode.c.c; path = au_none.c; sourceTree = "<group>"; };
		821FCC431398CDBC0054A9D8 /* au_streaming.c */ = {isa = PBXFileReference; fileEncoding = 4; lastKnownFileType = sourcecode.c.c; path = au_streaming.c; sourceTree = "<group>"; };
		821FCC441398CDBC0054A9D8 /* audio.c */ = {isa = PBXFileReference; fileEncoding = 4; lastKnownFileType = sourcecode.c.c; path = audio.c; sourceTree = "<group>"; };
		821FCC451398CDBC0054A9D8 /* cst_alloc.c */ = {isa = PBXFileReference; fileEncoding = 4; lastKnownFileType = sourcecode.c.c; path = cst_alloc.c; sourceTree = "<group>"; };
		821FCC461398CDBC0054A9D8 /* cst_cart.c */ = {isa = PBXFileReference; fileEncoding = 4; lastKnownFileType = sourcecode.c.c; path = cst_cart.c; sourceTree = "<group>"; };
		821FCC471398CDBC0054A9D8 /* cst_cg.c */ = {isa = PBXFileReference; fileEncoding = 4; lastKnownFileType = sourcecode.c.c; path = cst_cg.c; sourceTree = "<group>"; };
		821FCC481398CDBC0054A9D8 /* cst_diphone.c */ = {isa = PBXFileReference; fileEncoding = 4; lastKnownFileType = sourcecode.c.c; path = cst_diphone.c; sourceTree = "<group>"; };
		821FCC491398CDBC0054A9D8 /* cst_endian.c */ = {isa = PBXFileReference; fileEncoding = 4; lastKnownFileType = sourcecode.c.c; path = cst_endian.c; sourceTree = "<group>"; };
		821FCC4A1398CDBC0054A9D8 /* cst_error.c */ = {isa = PBXFileReference; fileEncoding = 4; lastKnownFileType = sourcecode.c.c; path = cst_error.c; sourceTree = "<group>"; };
		821FCC4B1398CDBC0054A9D8 /* cst_features.c */ = {isa = PBXFileReference; fileEncoding = 4; lastKnownFileType = sourcecode.c.c; path = cst_features.c; sourceTree = "<group>"; };
		821FCC4C1398CDBC0054A9D8 /* cst_ffeature.c */ = {isa = PBXFileReference; fileEncoding = 4; lastKnownFileType = sourcecode.c.c; path = cst_ffeature.c; sourceTree = "<group>"; };
		821FCC4D1398CDBC0054A9D8 /* cst_ffeatures.c */ = {isa = PBXFileReference; fileEncoding = 4; lastKnownFileType = sourcecode.c.c; path = cst_ffeatures.c; sourceTree = "<group>"; };
		821FCC4E1398CDBC0054A9D8 /* cst_file_stdio.c */ = {isa = PBXFileReference; fileEncoding = 4; lastKnownFileType = sourcecode.c.c; path = cst_file_stdio.c; sourceTree = "<group>"; };
		821FCC4F1398CDBC0054A9D8 /* cst_item.c */ = {isa = PBXFileReference; fileEncoding = 4; lastKnownFileType = sourcecode.c.c; path = cst_item.c; sourceTree = "<group>"; };
		821FCC501398CDBC0054A9D8 /* cst_lexicon.c */ = {isa = PBXFileReference; fileEncoding = 4; lastKnownFileType = sourcecode.c.c; path = cst_lexicon.c; sourceTree = "<group>"; };
		821FCC511398CDBC0054A9D8 /* cst_lpcres.c */ = {isa = PBXFileReference; fileEncoding = 4; lastKnownFileType = sourcecode.c.c; path = cst_lpcres.c; sourceTree = "<group>"; };
		821FCC521398CDBC0054A9D8 /* cst_lts.c */ = {isa = PBXFileReference; fileEncoding = 4; lastKnownFileType = sourcecode.c.c; path = cst_lts.c; sourceTree = "<group>"; };
		821FCC531398CDBC0054A9D8 /* cst_mlpg.c */ = {isa = PBXFileReference; fileEncoding = 4; lastKnownFileType = sourcecode.c.c; path = cst_mlpg.c; sourceTree = "<group>"; };
		821FCC541398CDBC0054A9D8 /* cst_mlsa.c */ = {isa = PBXFileReference; fileEncoding = 4; lastKnownFileType = sourcecode.c.c; path = cst_mlsa.c; sourceTree = "<group>"; };
		821FCC551398CDBC0054A9D8 /* cst_phoneset.c */ = {isa = PBXFileReference; fileEncoding = 4; lastKnownFileType = sourcecode.c.c; path = cst_phoneset.c; sourceTree = "<group>"; };
		821FCC561398CDBC0054A9D8 /* cst_regex.c */ = {isa = PBXFileReference; fileEncoding = 4; lastKnownFileType = sourcecode.c.c; path = cst_regex.c; sourceTree = "<group>"; };
		821FCC571398CDBC0054A9D8 /* cst_relation.c */ = {isa = PBXFileReference; fileEncoding = 4; lastKnownFileType = sourcecode.c.c; path = cst_relation.c; sourceTree = "<group>"; };
		821FCC581398CDBC0054A9D8 /* cst_sigpr.c */ = {isa = PBXFileReference; fileEncoding = 4; lastKnownFileType = sourcecode.c.c; path = cst_sigpr.c; sourceTree = "<group>"; };
		821FCC591398CDBC0054A9D8 /* cst_string.c */ = {isa = PBXFileReference; fileEncoding = 4; lastKnownFileType = sourcecode.c.c; path = cst_string.c; sourceTree = "<group>"; };
		821FCC5A1398CDBC0054A9D8 /* cst_sts.c */ = {isa = PBXFileReference; fileEncoding = 4; lastKnownFileType = sourcecode.c.c; path = cst_sts.c; sourceTree = "<group>"; };
		821FCC5B1398CDBC0054A9D8 /* cst_synth.c */ = {isa = PBXFileReference; fileEncoding = 4; lastKnownFileType = sourcecode.c.c; path = cst_synth.c; sourceTree = "<group>"; };
		821FCC5C1398CDBC0054A9D8 /* cst_tokenstream.c */ = {isa = PBXFileReference; fileEncoding = 4; lastKnownFileType = sourcecode.c.c; path = cst_tokenstream.c; sourceTree = "<group>"; };
		821FCC5D1398CDBC0054A9D8 /* cst_track.c */ = {isa = PBXFileReference; fileEncoding = 4; lastKnownFileType = sourcecode.c.c; path = cst_track.c; sourceTree = "<group>"; };
		821FCC5E1398CDBC0054A9D8 /* cst_units.c */ = {isa = PBXFileReference; fileEncoding = 4; lastKnownFileType = sourcecode.c.c; path = cst_units.c; sourceTree = "<group>"; };
		821FCC5F1398CDBC0054A9D8 /* cst_utt_utils.c */ = {isa = PBXFileReference; fileEncoding = 4; lastKnownFileType = sourcecode.c.c; path = cst_utt_utils.c; sourceTree = "<group>"; };
		821FCC601398CDBC0054A9D8 /* cst_utterance.c */ = {isa = PBXFileReference; fileEncoding = 4; lastKnownFileType = sourcecode.c.c; path = cst_utterance.c; sourceTree = "<group>"; };
		821FCC611398CDBC0054A9D8 /* cst_val.c */ = {isa = PBXFileReference; fileEncoding = 4; lastKnownFileType = sourcecode.c.c; path = cst_val.c; sourceTree = "<group>"; };
		821FCC621398CDBC0054A9D8 /* cst_val_const.c */ = {isa = PBXFileReference; fileEncoding = 4; lastKnownFileType = sourcecode.c.c; path = cst_val_const.c; sourceTree = "<group>"; };
		821FCC631398CDBC0054A9D8 /* cst_val_user.c */ = {isa = PBXFileReference; fileEncoding = 4; lastKnownFileType = sourcecode.c.c; path = cst_val_user.c; sourceTree = "<group>"; };
		821FCC641398CDBC0054A9D8 /* cst_vc.c */ = {isa = PBXFileReference; fileEncoding = 4; lastKnownFileType = sourcecode.c.c; path = cst_vc.c; sourceTree = "<group>"; };
		821FCC651398CDBC0054A9D8 /* cst_voice.c */ = {isa = PBXFileReference; fileEncoding = 4; lastKnownFileType = sourcecode.c.c; path = cst_voice.c; sourceTree = "<group>"; };
		821FCC661398CDBC0054A9D8 /* cst_wave.c */ = {isa = PBXFileReference; fileEncoding = 4; lastKnownFileType = sourcecode.c.c; path = cst_wave.c; sourceTree = "<group>"; };
		821FCC671398CDBC0054A9D8 /* cst_wave_io.c */ = {isa = PBXFileReference; fileEncoding = 4; lastKnownFileType = sourcecode.c.c; path = cst_wave_io.c; sourceTree = "<group>"; };
		821FCC681398CDBC0054A9D8 /* cst_wave_utils.c */ = {isa = PBXFileReference; fileEncoding = 4; lastKnownFileType = sourcecode.c.c; path = cst_wave_utils.c; sourceTree = "<group>"; };
		821FCC691398CDBC0054A9D8 /* flite.c */ = {isa = PBXFileReference; fileEncoding = 4; lastKnownFileType = sourcecode.c.c; path = flite.c; sourceTree = "<group>"; };
		821FCC6A1398CDBC0054A9D8 /* rateconv.c */ = {isa = PBXFileReference; fileEncoding = 4; lastKnownFileType = sourcecode.c.c; path = rateconv.c; sourceTree = "<group>"; };
		821FCC6B1398CDBC0054A9D8 /* regexp.c */ = {isa = PBXFileReference; fileEncoding = 4; lastKnownFileType = sourcecode.c.c; path = regexp.c; sourceTree = "<group>"; };
		821FCC6E1398CDBC0054A9D8 /* cmu_us_awb.c */ = {isa = PBXFileReference; fileEncoding = 4; lastKnownFileType = sourcecode.c.c; path = cmu_us_awb.c; sourceTree = "<group>"; };
		821FCC6F1398CDBC0054A9D8 /* cmu_us_awb_cg.c */ = {isa = PBXFileReference; fileEncoding = 4; lastKnownFileType = sourcecode.c.c; path = cmu_us_awb_cg.c; sourceTree = "<group>"; };
		821FCC701398CDBC0054A9D8 /* cmu_us_awb_cg_durmodel.c */ = {isa = PBXFileReference; fileEncoding = 4; lastKnownFileType = sourcecode.c.c; path = cmu_us_awb_cg_durmodel.c; sourceTree = "<group>"; };
		821FCC711398CDBC0054A9D8 /* cmu_us_awb_cg_durmodel.h */ = {isa = PBXFileReference; fileEncoding = 4; lastKnownFileType = sourcecode.c.h; path = cmu_us_awb_cg_durmodel.h; sourceTree = "<group>"; };
		821FCC721398CDBC0054A9D8 /* cmu_us_awb_cg_f0_trees.c */ = {isa = PBXFileReference; fileEncoding = 4; lastKnownFileType = sourcecode.c.c; path = cmu_us_awb_cg_f0_trees.c; sourceTree = "<group>"; };
		821FCC731398CDBC0054A9D8 /* cmu_us_awb_cg_f0_trees.h */ = {isa = PBXFileReference; fileEncoding = 4; lastKnownFileType = sourcecode.c.h; path = cmu_us_awb_cg_f0_trees.h; sourceTree = "<group>"; };
		821FCC741398CDBC0054A9D8 /* cmu_us_awb_cg_phonestate.c */ = {isa = PBXFileReference; fileEncoding = 4; lastKnownFileType = sourcecode.c.c; path = cmu_us_awb_cg_phonestate.c; sourceTree = "<group>"; };
		821FCC751398CDBC0054A9D8 /* cmu_us_awb_cg_single_mcep_trees.c */ = {isa = PBXFileReference; fileEncoding = 4; lastKnownFileType = sourcecode.c.c; path = cmu_us_awb_cg_single_mcep_trees.c; sourceTree = "<group>"; };
		821FCC761398CDBC0054A9D8 /* cmu_us_awb_cg_single_mcep_trees.h */ = {isa = PBXFileReference; fileEncoding = 4; lastKnownFileType = sourcecode.c.h; path = cmu_us_awb_cg_single_mcep_trees.h; sourceTree = "<group>"; };
		821FCC771398CDBC0054A9D8 /* cmu_us_awb_cg_single_params.c */ = {isa = PBXFileReference; fileEncoding = 4; lastKnownFileType = sourcecode.c.c; path = cmu_us_awb_cg_single_params.c; sourceTree = "<group>"; };
		821FCC781398CDBC0054A9D8 /* voxdefs.h */ = {isa = PBXFileReference; fileEncoding = 4; lastKnownFileType = sourcecode.c.h; path = voxdefs.h; sourceTree = "<group>"; };
		821FCC7A1398CDBC0054A9D8 /* cmu_us_kal.c */ = {isa = PBXFileReference; fileEncoding = 4; lastKnownFileType = sourcecode.c.c; path = cmu_us_kal.c; sourceTree = "<group>"; };
		821FCC7B1398CDBC0054A9D8 /* cmu_us_kal_diphone.c */ = {isa = PBXFileReference; fileEncoding = 4; lastKnownFileType = sourcecode.c.c; path = cmu_us_kal_diphone.c; sourceTree = "<group>"; };
		821FCC7C1398CDBC0054A9D8 /* cmu_us_kal_lpc.c */ = {isa = PBXFileReference; fileEncoding = 4; lastKnownFileType = sourcecode.c.c; path = cmu_us_kal_lpc.c; sourceTree = "<group>"; };
		821FCC7D1398CDBC0054A9D8 /* cmu_us_kal_res.c */ = {isa = PBXFileReference; fileEncoding = 4; lastKnownFileType = sourcecode.c.c; path = cmu_us_kal_res.c; sourceTree = "<group>"; };
		821FCC7E1398CDBC0054A9D8 /* cmu_us_kal_residx.c */ = {isa = PBXFileReference; fileEncoding = 4; lastKnownFileType = sourcecode.c.c; path = cmu_us_kal_residx.c; sourceTree = "<group>"; };
		821FCC7F1398CDBC0054A9D8 /* voxdefs.h */ = {isa = PBXFileReference; fileEncoding = 4; lastKnownFileType = sourcecode.c.h; path = voxdefs.h; sourceTree = "<group>"; };
		821FCC811398CDBC0054A9D8 /* cmu_us_kal16.c */ = {isa = PBXFileReference; fileEncoding = 4; lastKnownFileType = sourcecode.c.c; path = cmu_us_kal16.c; sourceTree = "<group>"; };
		821FCC821398CDBC0054A9D8 /* cmu_us_kal16_diphone.c */ = {isa = PBXFileReference; fileEncoding = 4; lastKnownFileType = sourcecode.c.c; path = cmu_us_kal16_diphone.c; sourceTree = "<group>"; };
		821FCC831398CDBC0054A9D8 /* cmu_us_kal16_lpc.c */ = {isa = PBXFileReference; fileEncoding = 4; lastKnownFileType = sourcecode.c.c; path = cmu_us_kal16_lpc.c; sourceTree = "<group>"; };
		821FCC841398CDBC0054A9D8 /* cmu_us_kal16_res.c */ = {isa = PBXFileReference; fileEncoding = 4; lastKnownFileType = sourcecode.c.c; path = cmu_us_kal16_res.c; sourceTree = "<group>"; };
		821FCC851398CDBC0054A9D8 /* cmu_us_kal16_residx.c */ = {isa = PBXFileReference; fileEncoding = 4; lastKnownFileType = sourcecode.c.c; path = cmu_us_kal16_residx.c; sourceTree = "<group>"; };
		821FCC861398CDBC0054A9D8 /* voxdefs.h */ = {isa = PBXFileReference; fileEncoding = 4; lastKnownFileType = sourcecode.c.h; path = voxdefs.h; sourceTree = "<group>"; };
		821FCC881398CDBC0054A9D8 /* cmu_us_rms.c */ = {isa = PBXFileReference; fileEncoding = 4; lastKnownFileType = sourcecode.c.c; path = cmu_us_rms.c; sourceTree = "<group>"; };
		821FCC891398CDBC0054A9D8 /* cmu_us_rms_cg.c */ = {isa = PBXFileReference; fileEncoding = 4; lastKnownFileType = sourcecode.c.c; path = cmu_us_rms_cg.c; sourceTree = "<group>"; };
		821FCC8A1398CDBC0054A9D8 /* cmu_us_rms_cg_durmodel.c */ = {isa = PBXFileReference; fileEncoding = 4; lastKnownFileType = sourcecode.c.c; path = cmu_us_rms_cg_durmodel.c; sourceTree = "<group>"; };
		821FCC8B1398CDBC0054A9D8 /* cmu_us_rms_cg_durmodel.h */ = {isa = PBXFileReference; fileEncoding = 4; lastKnownFileType = sourcecode.c.h; path = cmu_us_rms_cg_durmodel.h; sourceTree = "<group>"; };
		821FCC8C1398CDBC0054A9D8 /* cmu_us_rms_cg_f0_trees.c */ = {isa = PBXFileReference; fileEncoding = 4; lastKnownFileType = sourcecode.c.c; path = cmu_us_rms_cg_f0_trees.c; sourceTree = "<group>"; };
		821FCC8D1398CDBC0054A9D8 /* cmu_us_rms_cg_f0_trees.h */ = {isa = PBXFileReference; fileEncoding = 4; lastKnownFileType = sourcecode.c.h; path = cmu_us_rms_cg_f0_trees.h; sourceTree = "<group>"; };
		821FCC8E1398CDBC0054A9D8 /* cmu_us_rms_cg_phonestate.c */ = {isa = PBXFileReference; fileEncoding = 4; lastKnownFileType = sourcecode.c.c; path = cmu_us_rms_cg_phonestate.c; sourceTree = "<group>"; };
		821FCC8F1398CDBC0054A9D8 /* cmu_us_rms_cg_single_mcep_trees.c */ = {isa = PBXFileReference; fileEncoding = 4; lastKnownFileType = sourcecode.c.c; path = cmu_us_rms_cg_single_mcep_trees.c; sourceTree = "<group>"; };
		821FCC901398CDBC0054A9D8 /* cmu_us_rms_cg_single_mcep_trees.h */ = {isa = PBXFileReference; fileEncoding = 4; lastKnownFileType = sourcecode.c.h; path = cmu_us_rms_cg_single_mcep_trees.h; sourceTree = "<group>"; };
		821FCC911398CDBC0054A9D8 /* cmu_us_rms_cg_single_params.c */ = {isa = PBXFileReference; fileEncoding = 4; lastKnownFileType = sourcecode.c.c; path = cmu_us_rms_cg_single_params.c; sourceTree = "<group>"; };
		821FCC921398CDBC0054A9D8 /* stdafx.h */ = {isa = PBXFileReference; fileEncoding = 4; lastKnownFileType = sourcecode.c.h; path = stdafx.h; sourceTree = "<group>"; };
		821FCC931398CDBC0054A9D8 /* voxdefs.h */ = {isa = PBXFileReference; fileEncoding = 4; lastKnownFileType = sourcecode.c.h; path = voxdefs.h; sourceTree = "<group>"; };
		821FCC951398CDBC0054A9D8 /* cmu_us_slt.c */ = {isa = PBXFileReference; fileEncoding = 4; lastKnownFileType = sourcecode.c.c; path = cmu_us_slt.c; sourceTree = "<group>"; };
		821FCC961398CDBC0054A9D8 /* cmu_us_slt_cg.c */ = {isa = PBXFileReference; fileEncoding = 4; lastKnownFileType = sourcecode.c.c; path = cmu_us_slt_cg.c; sourceTree = "<group>"; };
		821FCC971398CDBC0054A9D8 /* cmu_us_slt_cg_durmodel.c */ = {isa = PBXFileReference; fileEncoding = 4; lastKnownFileType = sourcecode.c.c; path = cmu_us_slt_cg_durmodel.c; sourceTree = "<group>"; };
		821FCC981398CDBC0054A9D8 /* cmu_us_slt_cg_durmodel.h */ = {isa = PBXFileReference; fileEncoding = 4; lastKnownFileType = sourcecode.c.h; path = cmu_us_slt_cg_durmodel.h; sourceTree = "<group>"; };
		821FCC991398CDBC0054A9D8 /* cmu_us_slt_cg_f0_trees.c */ = {isa = PBXFileReference; fileEncoding = 4; lastKnownFileType = sourcecode.c.c; path = cmu_us_slt_cg_f0_trees.c; sourceTree = "<group>"; };
		821FCC9A1398CDBC0054A9D8 /* cmu_us_slt_cg_f0_trees.h */ = {isa = PBXFileReference; fileEncoding = 4; lastKnownFileType = sourcecode.c.h; path = cmu_us_slt_cg_f0_trees.h; sourceTree = "<group>"; };
		821FCC9B1398CDBC0054A9D8 /* cmu_us_slt_cg_phonestate.c */ = {isa = PBXFileReference; fileEncoding = 4; lastKnownFileType = sourcecode.c.c; path = cmu_us_slt_cg_phonestate.c; sourceTree = "<group>"; };
		821FCC9C1398CDBC0054A9D8 /* cmu_us_slt_cg_single_mcep_trees.c */ = {isa = PBXFileReference; fileEncoding = 4; lastKnownFileType = sourcecode.c.c; path = cmu_us_slt_cg_single_mcep_trees.c; sourceTree = "<group>"; };
		821FCC9D1398CDBC0054A9D8 /* cmu_us_slt_cg_single_mcep_trees.h */ = {isa = PBXFileReference; fileEncoding = 4; lastKnownFileType = sourcecode.c.h; path = cmu_us_slt_cg_single_mcep_trees.h; sourceTree = "<group>"; };
		821FCC9E1398CDBC0054A9D8 /* cmu_us_slt_cg_single_params.c */ = {isa = PBXFileReference; fileEncoding = 4; lastKnownFileType = sourcecode.c.c; path = cmu_us_slt_cg_single_params.c; sourceTree = "<group>"; };
		821FCC9F1398CDBC0054A9D8 /* voxdefs.h */ = {isa = PBXFileReference; fileEncoding = 4; lastKnownFileType = sourcecode.c.h; path = voxdefs.h; sourceTree = "<group>"; };
		821FCCA11398CDBC0054A9D8 /* cmu_lex.c */ = {isa = PBXFileReference; fileEncoding = 4; lastKnownFileType = sourcecode.c.c; path = cmu_lex.c; sourceTree = "<group>"; };
		821FCCA21398CDBC0054A9D8 /* cmu_lex.h */ = {isa = PBXFileReference; fileEncoding = 4; lastKnownFileType = sourcecode.c.h; path = cmu_lex.h; sourceTree = "<group>"; };
		821FCCA31398CDBC0054A9D8 /* cmu_lex_data.c */ = {isa = PBXFileReference; fileEncoding = 4; lastKnownFileType = sourcecode.c.c; path = cmu_lex_data.c; sourceTree = "<group>"; };
		821FCCA41398CDBC0054A9D8 /* cmu_lex_entries.c */ = {isa = PBXFileReference; fileEncoding = 4; lastKnownFileType = sourcecode.c.c; path = cmu_lex_entries.c; sourceTree = "<group>"; };
		821FCCA51398CDBC0054A9D8 /* cmu_lts_model.c */ = {isa = PBXFileReference; fileEncoding = 4; lastKnownFileType = sourcecode.c.c; path = cmu_lts_model.c; sourceTree = "<group>"; };
		821FCCA61398CDBC0054A9D8 /* cmu_lts_model.h */ = {isa = PBXFileReference; fileEncoding = 4; lastKnownFileType = sourcecode.c.h; path = cmu_lts_model.h; sourceTree = "<group>"; };
		821FCCA71398CDBC0054A9D8 /* cmu_lts_rules.c */ = {isa = PBXFileReference; fileEncoding = 4; lastKnownFileType = sourcecode.c.c; path = cmu_lts_rules.c; sourceTree = "<group>"; };
		821FCCA81398CDBC0054A9D8 /* cmu_postlex.c */ = {isa = PBXFileReference; fileEncoding = 4; lastKnownFileType = sourcecode.c.c; path = cmu_postlex.c; sourceTree = "<group>"; };
		821FCCAA1398CDBC0054A9D8 /* us_aswd.c */ = {isa = PBXFileReference; fileEncoding = 4; lastKnownFileType = sourcecode.c.c; path = us_aswd.c; sourceTree = "<group>"; };
		821FCCAB1398CDBC0054A9D8 /* us_dur_stats.c */ = {isa = PBXFileReference; fileEncoding = 4; lastKnownFileType = sourcecode.c.c; path = us_dur_stats.c; sourceTree = "<group>"; };
		821FCCAC1398CDBC0054A9D8 /* us_durz_cart.c */ = {isa = PBXFileReference; fileEncoding = 4; lastKnownFileType = sourcecode.c.c; path = us_durz_cart.c; sourceTree = "<group>"; };
		821FCCAD1398CDBC0054A9D8 /* us_durz_cart.h */ = {isa = PBXFileReference; fileEncoding = 4; lastKnownFileType = sourcecode.c.h; path = us_durz_cart.h; sourceTree = "<group>"; };
		821FCCAE1398CDBC0054A9D8 /* us_expand.c */ = {isa = PBXFileReference; fileEncoding = 4; lastKnownFileType = sourcecode.c.c; path = us_expand.c; sourceTree = "<group>"; };
		821FCCAF1398CDBC0054A9D8 /* us_f0.h */ = {isa = PBXFileReference; fileEncoding = 4; lastKnownFileType = sourcecode.c.h; path = us_f0.h; sourceTree = "<group>"; };
		821FCCB01398CDBC0054A9D8 /* us_f0_model.c */ = {isa = PBXFileReference; fileEncoding = 4; lastKnownFileType = sourcecode.c.c; path = us_f0_model.c; sourceTree = "<group>"; };
		821FCCB11398CDBC0054A9D8 /* us_f0lr.c */ = {isa = PBXFileReference; fileEncoding = 4; lastKnownFileType = sourcecode.c.c; path = us_f0lr.c; sourceTree = "<group>"; };
		821FCCB21398CDBC0054A9D8 /* us_ffeatures.c */ = {isa = PBXFileReference; fileEncoding = 4; lastKnownFileType = sourcecode.c.c; path = us_ffeatures.c; sourceTree = "<group>"; };
		821FCCB31398CDBC0054A9D8 /* us_ffeatures.h */ = {isa = PBXFileReference; fileEncoding = 4; lastKnownFileType = sourcecode.c.h; path = us_ffeatures.h; sourceTree = "<group>"; };
		821FCCB41398CDBC0054A9D8 /* us_gpos.c */ = {isa = PBXFileReference; fileEncoding = 4; lastKnownFileType = sourcecode.c.c; path = us_gpos.c; sourceTree = "<group>"; };
		821FCCB51398CDBC0054A9D8 /* us_int_accent_cart.c */ = {isa = PBXFileReference; fileEncoding = 4; lastKnownFileType = sourcecode.c.c; path = us_int_accent_cart.c; sourceTree = "<group>"; };
		821FCCB61398CDBC0054A9D8 /* us_int_accent_cart.h */ = {isa = PBXFileReference; fileEncoding = 4; lastKnownFileType = sourcecode.c.h; path = us_int_accent_cart.h; sourceTree = "<group>"; };
		821FCCB71398CDBC0054A9D8 /* us_int_tone_cart.c */ = {isa = PBXFileReference; fileEncoding = 4; lastKnownFileType = sourcecode.c.c; path = us_int_tone_cart.c; sourceTree = "<group>"; };
		821FCCB81398CDBC0054A9D8 /* us_int_tone_cart.h */ = {isa = PBXFileReference; fileEncoding = 4; lastKnownFileType = sourcecode.c.h; path = us_int_tone_cart.h; sourceTree = "<group>"; };
		821FCCB91398CDBC0054A9D8 /* us_nums_cart.c */ = {isa = PBXFileReference; fileEncoding = 4; lastKnownFileType = sourcecode.c.c; path = us_nums_cart.c; sourceTree = "<group>"; };
		821FCCBA1398CDBC0054A9D8 /* us_nums_cart.h */ = {isa = PBXFileReference; fileEncoding = 4; lastKnownFileType = sourcecode.c.h; path = us_nums_cart.h; sourceTree = "<group>"; };
		821FCCBB1398CDBC0054A9D8 /* us_phoneset.c */ = {isa = PBXFileReference; fileEncoding = 4; lastKnownFileType = sourcecode.c.c; path = us_phoneset.c; sourceTree = "<group>"; };
		821FCCBC1398CDBC0054A9D8 /* us_phrasing_cart.c */ = {isa = PBXFileReference; fileEncoding = 4; lastKnownFileType = sourcecode.c.c; path = us_phrasing_cart.c; sourceTree = "<group>"; };
		821FCCBD1398CDBC0054A9D8 /* us_phrasing_cart.h */ = {isa = PBXFileReference; fileEncoding = 4; lastKnownFileType = sourcecode.c.h; path = us_phrasing_cart.h; sourceTree = "<group>"; };
		821FCCBE1398CDBD0054A9D8 /* us_pos.tree */ = {isa = PBXFileReference; fileEncoding = 4; lastKnownFileType = text; path = us_pos.tree; sourceTree = "<group>"; };
		821FCCBF1398CDBD0054A9D8 /* us_pos_cart.c */ = {isa = PBXFileReference; fileEncoding = 4; lastKnownFileType = sourcecode.c.c; path = us_pos_cart.c; sourceTree = "<group>"; };
		821FCCC01398CDBD0054A9D8 /* us_pos_cart.h */ = {isa = PBXFileReference; fileEncoding = 4; lastKnownFileType = sourcecode.c.h; path = us_pos_cart.h; sourceTree = "<group>"; };
		821FCCC11398CDBD0054A9D8 /* us_regexes.h */ = {isa = PBXFileReference; fileEncoding = 4; lastKnownFileType = sourcecode.c.h; path = us_regexes.h; sourceTree = "<group>"; };
		821FCCC21398CDBD0054A9D8 /* us_text.c */ = {isa = PBXFileReference; fileEncoding = 4; lastKnownFileType = sourcecode.c.c; path = us_text.c; sourceTree = "<group>"; };
		821FCCC31398CDBD0054A9D8 /* us_text.h */ = {isa = PBXFileReference; fileEncoding = 4; lastKnownFileType = sourcecode.c.h; path = us_text.h; sourceTree = "<group>"; };
		821FCCC41398CDBD0054A9D8 /* usenglish.c */ = {isa = PBXFileReference; fileEncoding = 4; lastKnownFileType = sourcecode.c.c; path = usenglish.c; sourceTree = "<group>"; };
		821FCCC51398CDBD0054A9D8 /* usenglish.h */ = {isa = PBXFileReference; fileEncoding = 4; lastKnownFileType = sourcecode.c.h; path = usenglish.h; sourceTree = "<group>"; };
		82DFD7CE139894DA002DEF64 /* TTSOverview.app */ = {isa = PBXFileReference; explicitFileType = wrapper.application; includeInIndex = 0; path = TTSOverview.app; sourceTree = BUILT_PRODUCTS_DIR; };
		82DFD7D2139894DA002DEF64 /* UIKit.framework */ = {isa = PBXFileReference; lastKnownFileType = wrapper.framework; name = UIKit.framework; path = System/Library/Frameworks/UIKit.framework; sourceTree = SDKROOT; };
		82DFD7D4139894DA002DEF64 /* Foundation.framework */ = {isa = PBXFileReference; lastKnownFileType = wrapper.framework; name = Foundation.framework; path = System/Library/Frameworks/Foundation.framework; sourceTree = SDKROOT; };
		82DFD7D6139894DA002DEF64 /* CoreGraphics.framework */ = {isa = PBXFileReference; lastKnownFileType = wrapper.framework; name = CoreGraphics.framework; path = System/Library/Frameworks/CoreGraphics.framework; sourceTree = SDKROOT; };
		82DFD7DA139894DA002DEF64 /* TTSOverview-Info.plist */ = {isa = PBXFileReference; lastKnownFileType = text.plist.xml; path = "TTSOverview-Info.plist"; sourceTree = "<group>"; };
		82DFD7DC139894DA002DEF64 /* en */ = {isa = PBXFileReference; lastKnownFileType = text.plist.strings; name = en; path = en.lproj/InfoPlist.strings; sourceTree = "<group>"; };
		82DFD7DE139894DA002DEF64 /* TTSOverview-Prefix.pch */ = {isa = PBXFileReference; lastKnownFileType = sourcecode.c.h; path = "TTSOverview-Prefix.pch"; sourceTree = "<group>"; };
		82DFD7DF139894DA002DEF64 /* main.m */ = {isa = PBXFileReference; lastKnownFileType = sourcecode.c.objc; path = main.m; sourceTree = "<group>"; };
		82DFD7E1139894DA002DEF64 /* TTSOverviewAppDelegate.h */ = {isa = PBXFileReference; lastKnownFileType = sourcecode.c.h; path = TTSOverviewAppDelegate.h; sourceTree = "<group>"; };
		82DFD7E2139894DA002DEF64 /* TTSOverviewAppDelegate.m */ = {isa = PBXFileReference; lastKnownFileType = sourcecode.c.objc; path = TTSOverviewAppDelegate.m; sourceTree = "<group>"; };
		82DFD7E5139894DA002DEF64 /* en */ = {isa = PBXFileReference; lastKnownFileType = file.xib; name = en; path = en.lproj/MainWindow.xib; sourceTree = "<group>"; };
		82DFD7E7139894DA002DEF64 /* TTSOverviewViewController.h */ = {isa = PBXFileReference; lastKnownFileType = sourcecode.c.h; path = TTSOverviewViewController.h; sourceTree = "<group>"; };
		82DFD7E8139894DA002DEF64 /* TTSOverviewViewController.m */ = {isa = PBXFileReference; lastKnownFileType = sourcecode.c.objc; path = TTSOverviewViewController.m; sourceTree = "<group>"; };
		82DFD7EB139894DA002DEF64 /* en */ = {isa = PBXFileReference; lastKnownFileType = file.xib; name = en; path = en.lproj/TTSOverviewViewController.xib; sourceTree = "<group>"; };
		82DFD9261398B81C002DEF64 /* AVFoundation.framework */ = {isa = PBXFileReference; lastKnownFileType = wrapper.framework; name = AVFoundation.framework; path = System/Library/Frameworks/AVFoundation.framework; sourceTree = SDKROOT; };
/* End PBXFileReference section */

/* Begin PBXFrameworksBuildPhase section */
		82DFD7CB139894DA002DEF64 /* Frameworks */ = {
			isa = PBXFrameworksBuildPhase;
			buildActionMask = 2147483647;
			files = (
				82DFD9271398B81D002DEF64 /* AVFoundation.framework in Frameworks */,
				82DFD7D3139894DA002DEF64 /* UIKit.framework in Frameworks */,
				82DFD7D5139894DA002DEF64 /* Foundation.framework in Frameworks */,
				82DFD7D7139894DA002DEF64 /* CoreGraphics.framework in Frameworks */,
			);
			runOnlyForDeploymentPostprocessing = 0;
		};
/* End PBXFrameworksBuildPhase section */

/* Begin PBXGroup section */
		821FCC181398CDBC0054A9D8 /* flite-1.4-iphone */ = {
			isa = PBXGroup;
			children = (
				821FCC191398CDBC0054A9D8 /* include */,
				821FCC411398CDBC0054A9D8 /* src */,
				821FCC6C1398CDBC0054A9D8 /* voices */,
			);
			path = "flite-1.4-iphone";
			sourceTree = "<group>";
		};
		821FCC191398CDBC0054A9D8 /* include */ = {
			isa = PBXGroup;
			children = (
				821FCC1A1398CDBC0054A9D8 /* cst_alloc.h */,
				821FCC1B1398CDBC0054A9D8 /* cst_audio.h */,
				821FCC1C1398CDBC0054A9D8 /* cst_cart.h */,
				821FCC1D1398CDBC0054A9D8 /* cst_cg.h */,
				821FCC1E1398CDBC0054A9D8 /* cst_diphone.h */,
				821FCC1F1398CDBC0054A9D8 /* cst_endian.h */,
				821FCC201398CDBC0054A9D8 /* cst_error.h */,
				821FCC211398CDBC0054A9D8 /* cst_features.h */,
				821FCC221398CDBC0054A9D8 /* cst_ffeatures.h */,
				821FCC231398CDBC0054A9D8 /* cst_file.h */,
				821FCC241398CDBC0054A9D8 /* cst_hrg.h */,
				821FCC251398CDBC0054A9D8 /* cst_item.h */,
				821FCC261398CDBC0054A9D8 /* cst_lexicon.h */,
				821FCC271398CDBC0054A9D8 /* cst_lts.h */,
				821FCC281398CDBC0054A9D8 /* cst_math.h */,
				821FCC291398CDBC0054A9D8 /* cst_mlpg.h */,
				821FCC2A1398CDBC0054A9D8 /* cst_mlsa.h */,
				821FCC2B1398CDBC0054A9D8 /* cst_phoneset.h */,
				821FCC2C1398CDBC0054A9D8 /* cst_regex.h */,
				821FCC2D1398CDBC0054A9D8 /* cst_regex_defs.h */,
				821FCC2E1398CDBC0054A9D8 /* cst_relation.h */,
				821FCC2F1398CDBC0054A9D8 /* cst_sigpr.h */,
				821FCC301398CDBC0054A9D8 /* cst_string.h */,
				821FCC311398CDBC0054A9D8 /* cst_sts.h */,
				821FCC321398CDBC0054A9D8 /* cst_synth.h */,
				821FCC331398CDBC0054A9D8 /* cst_tokenstream.h */,
				821FCC341398CDBC0054A9D8 /* cst_track.h */,
				821FCC351398CDBC0054A9D8 /* cst_units.h */,
				821FCC361398CDBC0054A9D8 /* cst_utt_utils.h */,
				821FCC371398CDBC0054A9D8 /* cst_utterance.h */,
				821FCC381398CDBC0054A9D8 /* cst_val.h */,
				821FCC391398CDBC0054A9D8 /* cst_val_const.h */,
				821FCC3A1398CDBC0054A9D8 /* cst_val_defs.h */,
				821FCC3B1398CDBC0054A9D8 /* cst_vc.h */,
				821FCC3C1398CDBC0054A9D8 /* cst_viterbi.h */,
				821FCC3D1398CDBC0054A9D8 /* cst_voice.h */,
				821FCC3E1398CDBC0054A9D8 /* cst_wave.h */,
				821FCC3F1398CDBC0054A9D8 /* flite.h */,
				821FCC401398CDBC0054A9D8 /* native_audio.h */,
			);
			path = include;
			sourceTree = "<group>";
		};
		821FCC411398CDBC0054A9D8 /* src */ = {
			isa = PBXGroup;
			children = (
				821FCC421398CDBC0054A9D8 /* au_none.c */,
				821FCC431398CDBC0054A9D8 /* au_streaming.c */,
				821FCC441398CDBC0054A9D8 /* audio.c */,
				821FCC451398CDBC0054A9D8 /* cst_alloc.c */,
				821FCC461398CDBC0054A9D8 /* cst_cart.c */,
				821FCC471398CDBC0054A9D8 /* cst_cg.c */,
				821FCC481398CDBC0054A9D8 /* cst_diphone.c */,
				821FCC491398CDBC0054A9D8 /* cst_endian.c */,
				821FCC4A1398CDBC0054A9D8 /* cst_error.c */,
				821FCC4B1398CDBC0054A9D8 /* cst_features.c */,
				821FCC4C1398CDBC0054A9D8 /* cst_ffeature.c */,
				821FCC4D1398CDBC0054A9D8 /* cst_ffeatures.c */,
				821FCC4E1398CDBC0054A9D8 /* cst_file_stdio.c */,
				821FCC4F1398CDBC0054A9D8 /* cst_item.c */,
				821FCC501398CDBC0054A9D8 /* cst_lexicon.c */,
				821FCC511398CDBC0054A9D8 /* cst_lpcres.c */,
				821FCC521398CDBC0054A9D8 /* cst_lts.c */,
				821FCC531398CDBC0054A9D8 /* cst_mlpg.c */,
				821FCC541398CDBC0054A9D8 /* cst_mlsa.c */,
				821FCC551398CDBC0054A9D8 /* cst_phoneset.c */,
				821FCC561398CDBC0054A9D8 /* cst_regex.c */,
				821FCC571398CDBC0054A9D8 /* cst_relation.c */,
				821FCC581398CDBC0054A9D8 /* cst_sigpr.c */,
				821FCC591398CDBC0054A9D8 /* cst_string.c */,
				821FCC5A1398CDBC0054A9D8 /* cst_sts.c */,
				821FCC5B1398CDBC0054A9D8 /* cst_synth.c */,
				821FCC5C1398CDBC0054A9D8 /* cst_tokenstream.c */,
				821FCC5D1398CDBC0054A9D8 /* cst_track.c */,
				821FCC5E1398CDBC0054A9D8 /* cst_units.c */,
				821FCC5F1398CDBC0054A9D8 /* cst_utt_utils.c */,
				821FCC601398CDBC0054A9D8 /* cst_utterance.c */,
				821FCC611398CDBC0054A9D8 /* cst_val.c */,
				821FCC621398CDBC0054A9D8 /* cst_val_const.c */,
				821FCC631398CDBC0054A9D8 /* cst_val_user.c */,
				821FCC641398CDBC0054A9D8 /* cst_vc.c */,
				821FCC651398CDBC0054A9D8 /* cst_voice.c */,
				821FCC661398CDBC0054A9D8 /* cst_wave.c */,
				821FCC671398CDBC0054A9D8 /* cst_wave_io.c */,
				821FCC681398CDBC0054A9D8 /* cst_wave_utils.c */,
				821FCC691398CDBC0054A9D8 /* flite.c */,
				821FCC6A1398CDBC0054A9D8 /* rateconv.c */,
				821FCC6B1398CDBC0054A9D8 /* regexp.c */,
			);
			path = src;
			sourceTree = "<group>";
		};
		821FCC6C1398CDBC0054A9D8 /* voices */ = {
			isa = PBXGroup;
			children = (
				821FCC6D1398CDBC0054A9D8 /* cmu_us_awb */,
				821FCC791398CDBC0054A9D8 /* cmu_us_kal */,
				821FCC801398CDBC0054A9D8 /* cmu_us_kal16 */,
				821FCC871398CDBC0054A9D8 /* cmu_us_rms */,
				821FCC941398CDBC0054A9D8 /* cmu_us_slt */,
				821FCCA01398CDBC0054A9D8 /* cmulex */,
				821FCCA91398CDBC0054A9D8 /* usenglish */,
			);
			path = voices;
			sourceTree = "<group>";
		};
		821FCC6D1398CDBC0054A9D8 /* cmu_us_awb */ = {
			isa = PBXGroup;
			children = (
				821FCC6E1398CDBC0054A9D8 /* cmu_us_awb.c */,
				821FCC6F1398CDBC0054A9D8 /* cmu_us_awb_cg.c */,
				821FCC701398CDBC0054A9D8 /* cmu_us_awb_cg_durmodel.c */,
				821FCC711398CDBC0054A9D8 /* cmu_us_awb_cg_durmodel.h */,
				821FCC721398CDBC0054A9D8 /* cmu_us_awb_cg_f0_trees.c */,
				821FCC731398CDBC0054A9D8 /* cmu_us_awb_cg_f0_trees.h */,
				821FCC741398CDBC0054A9D8 /* cmu_us_awb_cg_phonestate.c */,
				821FCC751398CDBC0054A9D8 /* cmu_us_awb_cg_single_mcep_trees.c */,
				821FCC761398CDBC0054A9D8 /* cmu_us_awb_cg_single_mcep_trees.h */,
				821FCC771398CDBC0054A9D8 /* cmu_us_awb_cg_single_params.c */,
				821FCC781398CDBC0054A9D8 /* voxdefs.h */,
			);
			path = cmu_us_awb;
			sourceTree = "<group>";
		};
		821FCC791398CDBC0054A9D8 /* cmu_us_kal */ = {
			isa = PBXGroup;
			children = (
				821FCC7A1398CDBC0054A9D8 /* cmu_us_kal.c */,
				821FCC7B1398CDBC0054A9D8 /* cmu_us_kal_diphone.c */,
				821FCC7C1398CDBC0054A9D8 /* cmu_us_kal_lpc.c */,
				821FCC7D1398CDBC0054A9D8 /* cmu_us_kal_res.c */,
				821FCC7E1398CDBC0054A9D8 /* cmu_us_kal_residx.c */,
				821FCC7F1398CDBC0054A9D8 /* voxdefs.h */,
			);
			path = cmu_us_kal;
			sourceTree = "<group>";
		};
		821FCC801398CDBC0054A9D8 /* cmu_us_kal16 */ = {
			isa = PBXGroup;
			children = (
				821FCC811398CDBC0054A9D8 /* cmu_us_kal16.c */,
				821FCC821398CDBC0054A9D8 /* cmu_us_kal16_diphone.c */,
				821FCC831398CDBC0054A9D8 /* cmu_us_kal16_lpc.c */,
				821FCC841398CDBC0054A9D8 /* cmu_us_kal16_res.c */,
				821FCC851398CDBC0054A9D8 /* cmu_us_kal16_residx.c */,
				821FCC861398CDBC0054A9D8 /* voxdefs.h */,
			);
			path = cmu_us_kal16;
			sourceTree = "<group>";
		};
		821FCC871398CDBC0054A9D8 /* cmu_us_rms */ = {
			isa = PBXGroup;
			children = (
				821FCC881398CDBC0054A9D8 /* cmu_us_rms.c */,
				821FCC891398CDBC0054A9D8 /* cmu_us_rms_cg.c */,
				821FCC8A1398CDBC0054A9D8 /* cmu_us_rms_cg_durmodel.c */,
				821FCC8B1398CDBC0054A9D8 /* cmu_us_rms_cg_durmodel.h */,
				821FCC8C1398CDBC0054A9D8 /* cmu_us_rms_cg_f0_trees.c */,
				821FCC8D1398CDBC0054A9D8 /* cmu_us_rms_cg_f0_trees.h */,
				821FCC8E1398CDBC0054A9D8 /* cmu_us_rms_cg_phonestate.c */,
				821FCC8F1398CDBC0054A9D8 /* cmu_us_rms_cg_single_mcep_trees.c */,
				821FCC901398CDBC0054A9D8 /* cmu_us_rms_cg_single_mcep_trees.h */,
				821FCC911398CDBC0054A9D8 /* cmu_us_rms_cg_single_params.c */,
				821FCC921398CDBC0054A9D8 /* stdafx.h */,
				821FCC931398CDBC0054A9D8 /* voxdefs.h */,
			);
			path = cmu_us_rms;
			sourceTree = "<group>";
		};
		821FCC941398CDBC0054A9D8 /* cmu_us_slt */ = {
			isa = PBXGroup;
			children = (
				821FCC951398CDBC0054A9D8 /* cmu_us_slt.c */,
				821FCC961398CDBC0054A9D8 /* cmu_us_slt_cg.c */,
				821FCC971398CDBC0054A9D8 /* cmu_us_slt_cg_durmodel.c */,
				821FCC981398CDBC0054A9D8 /* cmu_us_slt_cg_durmodel.h */,
				821FCC991398CDBC0054A9D8 /* cmu_us_slt_cg_f0_trees.c */,
				821FCC9A1398CDBC0054A9D8 /* cmu_us_slt_cg_f0_trees.h */,
				821FCC9B1398CDBC0054A9D8 /* cmu_us_slt_cg_phonestate.c */,
				821FCC9C1398CDBC0054A9D8 /* cmu_us_slt_cg_single_mcep_trees.c */,
				821FCC9D1398CDBC0054A9D8 /* cmu_us_slt_cg_single_mcep_trees.h */,
				821FCC9E1398CDBC0054A9D8 /* cmu_us_slt_cg_single_params.c */,
				821FCC9F1398CDBC0054A9D8 /* voxdefs.h */,
			);
			path = cmu_us_slt;
			sourceTree = "<group>";
		};
		821FCCA01398CDBC0054A9D8 /* cmulex */ = {
			isa = PBXGroup;
			children = (
				821FCCA11398CDBC0054A9D8 /* cmu_lex.c */,
				821FCCA21398CDBC0054A9D8 /* cmu_lex.h */,
				821FCCA31398CDBC0054A9D8 /* cmu_lex_data.c */,
				821FCCA41398CDBC0054A9D8 /* cmu_lex_entries.c */,
				821FCCA51398CDBC0054A9D8 /* cmu_lts_model.c */,
				821FCCA61398CDBC0054A9D8 /* cmu_lts_model.h */,
				821FCCA71398CDBC0054A9D8 /* cmu_lts_rules.c */,
				821FCCA81398CDBC0054A9D8 /* cmu_postlex.c */,
			);
			path = cmulex;
			sourceTree = "<group>";
		};
		821FCCA91398CDBC0054A9D8 /* usenglish */ = {
			isa = PBXGroup;
			children = (
				821FCCAA1398CDBC0054A9D8 /* us_aswd.c */,
				821FCCAB1398CDBC0054A9D8 /* us_dur_stats.c */,
				821FCCAC1398CDBC0054A9D8 /* us_durz_cart.c */,
				821FCCAD1398CDBC0054A9D8 /* us_durz_cart.h */,
				821FCCAE1398CDBC0054A9D8 /* us_expand.c */,
				821FCCAF1398CDBC0054A9D8 /* us_f0.h */,
				821FCCB01398CDBC0054A9D8 /* us_f0_model.c */,
				821FCCB11398CDBC0054A9D8 /* us_f0lr.c */,
				821FCCB21398CDBC0054A9D8 /* us_ffeatures.c */,
				821FCCB31398CDBC0054A9D8 /* us_ffeatures.h */,
				821FCCB41398CDBC0054A9D8 /* us_gpos.c */,
				821FCCB51398CDBC0054A9D8 /* us_int_accent_cart.c */,
				821FCCB61398CDBC0054A9D8 /* us_int_accent_cart.h */,
				821FCCB71398CDBC0054A9D8 /* us_int_tone_cart.c */,
				821FCCB81398CDBC0054A9D8 /* us_int_tone_cart.h */,
				821FCCB91398CDBC0054A9D8 /* us_nums_cart.c */,
				821FCCBA1398CDBC0054A9D8 /* us_nums_cart.h */,
				821FCCBB1398CDBC0054A9D8 /* us_phoneset.c */,
				821FCCBC1398CDBC0054A9D8 /* us_phrasing_cart.c */,
				821FCCBD1398CDBC0054A9D8 /* us_phrasing_cart.h */,
				821FCCBE1398CDBD0054A9D8 /* us_pos.tree */,
				821FCCBF1398CDBD0054A9D8 /* us_pos_cart.c */,
				821FCCC01398CDBD0054A9D8 /* us_pos_cart.h */,
				821FCCC11398CDBD0054A9D8 /* us_regexes.h */,
				821FCCC21398CDBD0054A9D8 /* us_text.c */,
				821FCCC31398CDBD0054A9D8 /* us_text.h */,
				821FCCC41398CDBD0054A9D8 /* usenglish.c */,
				821FCCC51398CDBD0054A9D8 /* usenglish.h */,
			);
			path = usenglish;
			sourceTree = "<group>";
		};
		82DFD7C3139894DA002DEF64 = {
			isa = PBXGroup;
			children = (
				821FCC181398CDBC0054A9D8 /* flite-1.4-iphone */,
				82DFD7D8139894DA002DEF64 /* Classes */,
				82DFD7D9139894DA002DEF64 /* Supporting Files */,
				82DFD7D1139894DA002DEF64 /* Frameworks */,
				82DFD7CF139894DA002DEF64 /* Products */,
			);
			sourceTree = "<group>";
		};
		82DFD7CF139894DA002DEF64 /* Products */ = {
			isa = PBXGroup;
			children = (
				82DFD7CE139894DA002DEF64 /* TTSOverview.app */,
			);
			name = Products;
			sourceTree = "<group>";
		};
		82DFD7D1139894DA002DEF64 /* Frameworks */ = {
			isa = PBXGroup;
			children = (
				82DFD9261398B81C002DEF64 /* AVFoundation.framework */,
				82DFD7D2139894DA002DEF64 /* UIKit.framework */,
				82DFD7D4139894DA002DEF64 /* Foundation.framework */,
				82DFD7D6139894DA002DEF64 /* CoreGraphics.framework */,
			);
			name = Frameworks;
			sourceTree = "<group>";
		};
		82DFD7D8139894DA002DEF64 /* Classes */ = {
			isa = PBXGroup;
			children = (
				821FCC141398CDAB0054A9D8 /* FliteTTS.h */,
				821FCC151398CDAB0054A9D8 /* FliteTTS.m */,
				82DFD7E1139894DA002DEF64 /* TTSOverviewAppDelegate.h */,
				82DFD7E2139894DA002DEF64 /* TTSOverviewAppDelegate.m */,
				82DFD7E4139894DA002DEF64 /* MainWindow.xib */,
				82DFD7E7139894DA002DEF64 /* TTSOverviewViewController.h */,
				82DFD7E8139894DA002DEF64 /* TTSOverviewViewController.m */,
				82DFD7EA139894DA002DEF64 /* TTSOverviewViewController.xib */,
			);
			name = Classes;
			path = TTSOverview;
			sourceTree = "<group>";
		};
		82DFD7D9139894DA002DEF64 /* Supporting Files */ = {
			isa = PBXGroup;
			children = (
				82DFD7DA139894DA002DEF64 /* TTSOverview-Info.plist */,
				82DFD7DB139894DA002DEF64 /* InfoPlist.strings */,
				82DFD7DE139894DA002DEF64 /* TTSOverview-Prefix.pch */,
				82DFD7DF139894DA002DEF64 /* main.m */,
			);
			name = "Supporting Files";
			path = TTSOverview;
			sourceTree = "<group>";
		};
/* End PBXGroup section */

/* Begin PBXNativeTarget section */
		82DFD7CD139894DA002DEF64 /* TTSOverview */ = {
			isa = PBXNativeTarget;
			buildConfigurationList = 82DFD7EF139894DA002DEF64 /* Build configuration list for PBXNativeTarget "TTSOverview" */;
			buildPhases = (
				82DFD7CA139894DA002DEF64 /* Sources */,
				82DFD7CB139894DA002DEF64 /* Frameworks */,
				82DFD7CC139894DA002DEF64 /* Resources */,
			);
			buildRules = (
			);
			dependencies = (
			);
			name = TTSOverview;
			productName = TTSOverview;
			productReference = 82DFD7CE139894DA002DEF64 /* TTSOverview.app */;
			productType = "com.apple.product-type.application";
		};
/* End PBXNativeTarget section */

/* Begin PBXProject section */
		82DFD7C5139894DA002DEF64 /* Project object */ = {
			isa = PBXProject;
			buildConfigurationList = 82DFD7C8139894DA002DEF64 /* Build configuration list for PBXProject "TTSOverview" */;
			compatibilityVersion = "Xcode 3.2";
			developmentRegion = English;
			hasScannedForEncodings = 0;
			knownRegions = (
				en,
			);
			mainGroup = 82DFD7C3139894DA002DEF64;
			productRefGroup = 82DFD7CF139894DA002DEF64 /* Products */;
			projectDirPath = "";
			projectRoot = "";
			targets = (
				82DFD7CD139894DA002DEF64 /* TTSOverview */,
			);
		};
/* End PBXProject section */

/* Begin PBXResourcesBuildPhase section */
		82DFD7CC139894DA002DEF64 /* Resources */ = {
			isa = PBXResourcesBuildPhase;
			buildActionMask = 2147483647;
			files = (
				82DFD7DD139894DA002DEF64 /* InfoPlist.strings in Resources */,
				82DFD7E6139894DA002DEF64 /* MainWindow.xib in Resources */,
				82DFD7EC139894DA002DEF64 /* TTSOverviewViewController.xib in Resources */,
				821FCD221398CDBE0054A9D8 /* us_pos.tree in Resources */,
			);
			runOnlyForDeploymentPostprocessing = 0;
		};
/* End PBXResourcesBuildPhase section */

/* Begin PBXSourcesBuildPhase section */
		82DFD7CA139894DA002DEF64 /* Sources */ = {
			isa = PBXSourcesBuildPhase;
			buildActionMask = 2147483647;
			files = (
				82DFD7E0139894DA002DEF64 /* main.m in Sources */,
				82DFD7E3139894DA002DEF64 /* TTSOverviewAppDelegate.m in Sources */,
				82DFD7E9139894DA002DEF64 /* TTSOverviewViewController.m in Sources */,
				821FCC161398CDAB0054A9D8 /* FliteTTS.m in Sources */,
				821FCCC61398CDBD0054A9D8 /* au_none.c in Sources */,
				821FCCC71398CDBD0054A9D8 /* au_streaming.c in Sources */,
				821FCCC81398CDBD0054A9D8 /* audio.c in Sources */,
				821FCCC91398CDBD0054A9D8 /* cst_alloc.c in Sources */,
				821FCCCA1398CDBD0054A9D8 /* cst_cart.c in Sources */,
				821FCCCB1398CDBD0054A9D8 /* cst_cg.c in Sources */,
				821FCCCC1398CDBD0054A9D8 /* cst_diphone.c in Sources */,
				821FCCCD1398CDBD0054A9D8 /* cst_endian.c in Sources */,
				821FCCCE1398CDBD0054A9D8 /* cst_error.c in Sources */,
				821FCCCF1398CDBD0054A9D8 /* cst_features.c in Sources */,
				821FCCD01398CDBD0054A9D8 /* cst_ffeature.c in Sources */,
				821FCCD11398CDBD0054A9D8 /* cst_ffeatures.c in Sources */,
				821FCCD21398CDBD0054A9D8 /* cst_file_stdio.c in Sources */,
				821FCCD31398CDBD0054A9D8 /* cst_item.c in Sources */,
				821FCCD41398CDBD0054A9D8 /* cst_lexicon.c in Sources */,
				821FCCD51398CDBD0054A9D8 /* cst_lpcres.c in Sources */,
				821FCCD61398CDBD0054A9D8 /* cst_lts.c in Sources */,
				821FCCD71398CDBD0054A9D8 /* cst_mlpg.c in Sources */,
				821FCCD81398CDBD0054A9D8 /* cst_mlsa.c in Sources */,
				821FCCD91398CDBD0054A9D8 /* cst_phoneset.c in Sources */,
				821FCCDA1398CDBD0054A9D8 /* cst_regex.c in Sources */,
				821FCCDB1398CDBD0054A9D8 /* cst_relation.c in Sources */,
				821FCCDC1398CDBD0054A9D8 /* cst_sigpr.c in Sources */,
				821FCCDD1398CDBD0054A9D8 /* cst_string.c in Sources */,
				821FCCDE1398CDBD0054A9D8 /* cst_sts.c in Sources */,
				821FCCDF1398CDBD0054A9D8 /* cst_synth.c in Sources */,
				821FCCE01398CDBD0054A9D8 /* cst_tokenstream.c in Sources */,
				821FCCE11398CDBD0054A9D8 /* cst_track.c in Sources */,
				821FCCE21398CDBD0054A9D8 /* cst_units.c in Sources */,
				821FCCE31398CDBD0054A9D8 /* cst_utt_utils.c in Sources */,
				821FCCE41398CDBD0054A9D8 /* cst_utterance.c in Sources */,
				821FCCE51398CDBD0054A9D8 /* cst_val.c in Sources */,
				821FCCE61398CDBD0054A9D8 /* cst_val_const.c in Sources */,
				821FCCE71398CDBD0054A9D8 /* cst_val_user.c in Sources */,
				821FCCE81398CDBD0054A9D8 /* cst_vc.c in Sources */,
				821FCCE91398CDBD0054A9D8 /* cst_voice.c in Sources */,
				821FCCEA1398CDBD0054A9D8 /* cst_wave.c in Sources */,
				821FCCEB1398CDBD0054A9D8 /* cst_wave_io.c in Sources */,
				821FCCEC1398CDBD0054A9D8 /* cst_wave_utils.c in Sources */,
				821FCCED1398CDBD0054A9D8 /* flite.c in Sources */,
				821FCCEE1398CDBD0054A9D8 /* rateconv.c in Sources */,
				821FCCEF1398CDBD0054A9D8 /* regexp.c in Sources */,
				821FCCF01398CDBD0054A9D8 /* cmu_us_awb.c in Sources */,
				821FCCF11398CDBD0054A9D8 /* cmu_us_awb_cg.c in Sources */,
				821FCCF21398CDBD0054A9D8 /* cmu_us_awb_cg_durmodel.c in Sources */,
				821FCCF31398CDBD0054A9D8 /* cmu_us_awb_cg_f0_trees.c in Sources */,
				821FCCF41398CDBD0054A9D8 /* cmu_us_awb_cg_phonestate.c in Sources */,
				821FCCF51398CDBD0054A9D8 /* cmu_us_awb_cg_single_mcep_trees.c in Sources */,
				821FCCF61398CDBD0054A9D8 /* cmu_us_awb_cg_single_params.c in Sources */,
				821FCCF71398CDBD0054A9D8 /* cmu_us_kal.c in Sources */,
				821FCCF81398CDBD0054A9D8 /* cmu_us_kal_diphone.c in Sources */,
				821FCCF91398CDBD0054A9D8 /* cmu_us_kal_lpc.c in Sources */,
				821FCCFA1398CDBD0054A9D8 /* cmu_us_kal_res.c in Sources */,
				821FCCFB1398CDBD0054A9D8 /* cmu_us_kal_residx.c in Sources */,
				821FCCFC1398CDBD0054A9D8 /* cmu_us_kal16.c in Sources */,
				821FCCFD1398CDBD0054A9D8 /* cmu_us_kal16_diphone.c in Sources */,
				821FCCFE1398CDBD0054A9D8 /* cmu_us_kal16_lpc.c in Sources */,
				821FCCFF1398CDBD0054A9D8 /* cmu_us_kal16_res.c in Sources */,
				821FCD001398CDBD0054A9D8 /* cmu_us_kal16_residx.c in Sources */,
				821FCD011398CDBD0054A9D8 /* cmu_us_rms.c in Sources */,
				821FCD021398CDBD0054A9D8 /* cmu_us_rms_cg.c in Sources */,
				821FCD031398CDBD0054A9D8 /* cmu_us_rms_cg_durmodel.c in Sources */,
				821FCD041398CDBD0054A9D8 /* cmu_us_rms_cg_f0_trees.c in Sources */,
				821FCD051398CDBD0054A9D8 /* cmu_us_rms_cg_phonestate.c in Sources */,
				821FCD061398CDBD0054A9D8 /* cmu_us_rms_cg_single_mcep_trees.c in Sources */,
				821FCD071398CDBD0054A9D8 /* cmu_us_rms_cg_single_params.c in Sources */,
				821FCD081398CDBD0054A9D8 /* cmu_us_slt.c in Sources */,
				821FCD091398CDBD0054A9D8 /* cmu_us_slt_cg.c in Sources */,
				821FCD0A1398CDBD0054A9D8 /* cmu_us_slt_cg_durmodel.c in Sources */,
				821FCD0B1398CDBD0054A9D8 /* cmu_us_slt_cg_f0_trees.c in Sources */,
				821FCD0C1398CDBD0054A9D8 /* cmu_us_slt_cg_phonestate.c in Sources */,
				821FCD0D1398CDBD0054A9D8 /* cmu_us_slt_cg_single_mcep_trees.c in Sources */,
				821FCD0E1398CDBD0054A9D8 /* cmu_us_slt_cg_single_params.c in Sources */,
				821FCD0F1398CDBD0054A9D8 /* cmu_lex.c in Sources */,
				821FCD101398CDBD0054A9D8 /* cmu_lex_data.c in Sources */,
				821FCD111398CDBD0054A9D8 /* cmu_lex_entries.c in Sources */,
				821FCD121398CDBD0054A9D8 /* cmu_lts_model.c in Sources */,
				821FCD131398CDBD0054A9D8 /* cmu_lts_rules.c in Sources */,
				821FCD141398CDBD0054A9D8 /* cmu_postlex.c in Sources */,
				821FCD151398CDBD0054A9D8 /* us_aswd.c in Sources */,
				821FCD161398CDBD0054A9D8 /* us_dur_stats.c in Sources */,
				821FCD171398CDBD0054A9D8 /* us_durz_cart.c in Sources */,
				821FCD181398CDBE0054A9D8 /* us_expand.c in Sources */,
				821FCD191398CDBE0054A9D8 /* us_f0_model.c in Sources */,
				821FCD1A1398CDBE0054A9D8 /* us_f0lr.c in Sources */,
				821FCD1B1398CDBE0054A9D8 /* us_ffeatures.c in Sources */,
				821FCD1C1398CDBE0054A9D8 /* us_gpos.c in Sources */,
				821FCD1D1398CDBE0054A9D8 /* us_int_accent_cart.c in Sources */,
				821FCD1E1398CDBE0054A9D8 /* us_int_tone_cart.c in Sources */,
				821FCD1F1398CDBE0054A9D8 /* us_nums_cart.c in Sources */,
				821FCD201398CDBE0054A9D8 /* us_phoneset.c in Sources */,
				821FCD211398CDBE0054A9D8 /* us_phrasing_cart.c in Sources */,
				821FCD231398CDBE0054A9D8 /* us_pos_cart.c in Sources */,
				821FCD241398CDBE0054A9D8 /* us_text.c in Sources */,
				821FCD251398CDBE0054A9D8 /* usenglish.c in Sources */,
			);
			runOnlyForDeploymentPostprocessing = 0;
		};
/* End PBXSourcesBuildPhase section */

/* Begin PBXVariantGroup section */
		82DFD7DB139894DA002DEF64 /* InfoPlist.strings */ = {
			isa = PBXVariantGroup;
			children = (
				82DFD7DC139894DA002DEF64 /* en */,
			);
			name = InfoPlist.strings;
			sourceTree = "<group>";
		};
		82DFD7E4139894DA002DEF64 /* MainWindow.xib */ = {
			isa = PBXVariantGroup;
			children = (
				82DFD7E5139894DA002DEF64 /* en */,
			);
			name = MainWindow.xib;
			sourceTree = "<group>";
		};
		82DFD7EA139894DA002DEF64 /* TTSOverviewViewController.xib */ = {
			isa = PBXVariantGroup;
			children = (
				82DFD7EB139894DA002DEF64 /* en */,
			);
			name = TTSOverviewViewController.xib;
			sourceTree = "<group>";
		};
/* End PBXVariantGroup section */

/* Begin XCBuildConfiguration section */
		82DFD7ED139894DA002DEF64 /* Debug */ = {
			isa = XCBuildConfiguration;
			buildSettings = {
				ARCHS = "$(ARCHS_STANDARD_32_BIT)";
				"CODE_SIGN_IDENTITY[sdk=iphoneos*]" = "iPhone Developer";
				GCC_C_LANGUAGE_STANDARD = gnu99;
				GCC_OPTIMIZATION_LEVEL = 0;
				GCC_PREPROCESSOR_DEFINITIONS = DEBUG;
				GCC_SYMBOLS_PRIVATE_EXTERN = NO;
				GCC_VERSION = com.apple.compilers.llvmgcc42;
				GCC_WARN_ABOUT_RETURN_TYPE = YES;
				GCC_WARN_UNUSED_VARIABLE = YES;
				IPHONEOS_DEPLOYMENT_TARGET = 4.3;
				SDKROOT = iphoneos;
			};
			name = Debug;
		};
		82DFD7EE139894DA002DEF64 /* Release */ = {
			isa = XCBuildConfiguration;
			buildSettings = {
				ARCHS = "$(ARCHS_STANDARD_32_BIT)";
				"CODE_SIGN_IDENTITY[sdk=iphoneos*]" = "iPhone Developer";
				GCC_C_LANGUAGE_STANDARD = gnu99;
				GCC_VERSION = com.apple.compilers.llvmgcc42;
				GCC_WARN_ABOUT_RETURN_TYPE = YES;
				GCC_WARN_UNUSED_VARIABLE = YES;
				IPHONEOS_DEPLOYMENT_TARGET = 4.3;
				OTHER_CFLAGS = "-DNS_BLOCK_ASSERTIONS=1";
				SDKROOT = iphoneos;
			};
			name = Release;
		};
		82DFD7F0139894DA002DEF64 /* Debug */ = {
			isa = XCBuildConfiguration;
			buildSettings = {
				ALWAYS_SEARCH_USER_PATHS = NO;
				COPY_PHASE_STRIP = NO;
				GCC_DYNAMIC_NO_PIC = NO;
				GCC_PRECOMPILE_PREFIX_HEADER = YES;
				GCC_PREFIX_HEADER = "TTSOverview/TTSOverview-Prefix.pch";
				INFOPLIST_FILE = "TTSOverview/TTSOverview-Info.plist";
				PRODUCT_NAME = "$(TARGET_NAME)";
				WRAPPER_EXTENSION = app;
			};
			name = Debug;
		};
		82DFD7F1139894DA002DEF64 /* Release */ = {
			isa = XCBuildConfiguration;
			buildSettings = {
				ALWAYS_SEARCH_USER_PATHS = NO;
				COPY_PHASE_STRIP = YES;
				GCC_PRECOMPILE_PREFIX_HEADER = YES;
				GCC_PREFIX_HEADER = "TTSOverview/TTSOverview-Prefix.pch";
				INFOPLIST_FILE = "TTSOverview/TTSOverview-Info.plist";
				PRODUCT_NAME = "$(TARGET_NAME)";
				VALIDATE_PRODUCT = YES;
				WRAPPER_EXTENSION = app;
			};
			name = Release;
		};
/* End XCBuildConfiguration section */

/* Begin XCConfigurationList section */
		82DFD7C8139894DA002DEF64 /* Build configuration list for PBXProject "TTSOverview" */ = {
			isa = XCConfigurationList;
			buildConfigurations = (
				82DFD7ED139894DA002DEF64 /* Debug */,
				82DFD7EE139894DA002DEF64 /* Release */,
			);
			defaultConfigurationIsVisible = 0;
			defaultConfigurationName = Release;
		};
		82DFD7EF139894DA002DEF64 /* Build configuration list for PBXNativeTarget "TTSOverview" */ = {
			isa = XCConfigurationList;
			buildConfigurations = (
				82DFD7F0139894DA002DEF64 /* Debug */,
				82DFD7F1139894DA002DEF64 /* Release */,
			);
			defaultConfigurationIsVisible = 0;
			defaultConfigurationName = Release;
		};
/* End XCConfigurationList section */
	};
	rootObject = 82DFD7C5139894DA002DEF64 /* Project object */;
}
